// !$*UTF8*$!
{
	archiveVersion = 1;
	classes = {
	};
	objectVersion = 46;
	objects = {

/* Begin PBXBuildFile section */
		5870F48C1C7E52DF0010FBDC /* StatsViewController.swift in Sources */ = {isa = PBXBuildFile; fileRef = 5870F48B1C7E52DF0010FBDC /* StatsViewController.swift */; };
		5870F48E1C7E54BB0010FBDC /* StatsCell.swift in Sources */ = {isa = PBXBuildFile; fileRef = 5870F48D1C7E54BB0010FBDC /* StatsCell.swift */; };
		587DB8781C7D02E300CD5354 /* Smoke+CoreDataProperties.swift in Sources */ = {isa = PBXBuildFile; fileRef = 587DB8771C7D02E300CD5354 /* Smoke+CoreDataProperties.swift */; };
		587DB87C1C7D084400CD5354 /* ExportOperation.swift in Sources */ = {isa = PBXBuildFile; fileRef = 587DB87B1C7D084400CD5354 /* ExportOperation.swift */; };
		587DB87E1C7D0FF800CD5354 /* PKHUD.framework in Frameworks */ = {isa = PBXBuildFile; fileRef = 587DB87D1C7D0FF800CD5354 /* PKHUD.framework */; };
		587DB87F1C7D0FF800CD5354 /* PKHUD.framework in Embed Frameworks */ = {isa = PBXBuildFile; fileRef = 587DB87D1C7D0FF800CD5354 /* PKHUD.framework */; settings = {ATTRIBUTES = (CodeSignOnCopy, RemoveHeadersOnCopy, ); }; };
		587DB8811C7D100C00CD5354 /* PKHUD.framework.dSYM in CopyFiles */ = {isa = PBXBuildFile; fileRef = 587DB8801C7D100C00CD5354 /* PKHUD.framework.dSYM */; };
		5888DC731C7A90EC00E01A32 /* Localizable.strings in Resources */ = {isa = PBXBuildFile; fileRef = 5888DC751C7A90EC00E01A32 /* Localizable.strings */; };
		5888DC7E1C7B218F00E01A32 /* Fabric.framework in Frameworks */ = {isa = PBXBuildFile; fileRef = 5888DC7C1C7B218F00E01A32 /* Fabric.framework */; };
		5888DC7F1C7B219000E01A32 /* Crashlytics.framework in Frameworks */ = {isa = PBXBuildFile; fileRef = 5888DC7D1C7B218F00E01A32 /* Crashlytics.framework */; };
		589065D41C7A3F2F00F7F6DC /* AppDelegate.swift in Sources */ = {isa = PBXBuildFile; fileRef = 589065D31C7A3F2F00F7F6DC /* AppDelegate.swift */; };
		589065D91C7A3F2F00F7F6DC /* Main.storyboard in Resources */ = {isa = PBXBuildFile; fileRef = 589065D71C7A3F2F00F7F6DC /* Main.storyboard */; };
		589065DC1C7A3F2F00F7F6DC /* SmokeReporter.xcdatamodeld in Sources */ = {isa = PBXBuildFile; fileRef = 589065DA1C7A3F2F00F7F6DC /* SmokeReporter.xcdatamodeld */; };
		589065DE1C7A3F2F00F7F6DC /* Assets.xcassets in Resources */ = {isa = PBXBuildFile; fileRef = 589065DD1C7A3F2F00F7F6DC /* Assets.xcassets */; };
		589065E11C7A3F2F00F7F6DC /* LaunchScreen.storyboard in Resources */ = {isa = PBXBuildFile; fileRef = 589065DF1C7A3F2F00F7F6DC /* LaunchScreen.storyboard */; };
		589065EC1C7A3F2F00F7F6DC /* SmokeReporterTests.swift in Sources */ = {isa = PBXBuildFile; fileRef = 589065EB1C7A3F2F00F7F6DC /* SmokeReporterTests.swift */; };
		589065F71C7A3F2F00F7F6DC /* SmokeReporterUITests.swift in Sources */ = {isa = PBXBuildFile; fileRef = 589065F61C7A3F2F00F7F6DC /* SmokeReporterUITests.swift */; };
		589066061C7A489700F7F6DC /* CocoaLumberjackSwift.framework in Frameworks */ = {isa = PBXBuildFile; fileRef = 589066041C7A489700F7F6DC /* CocoaLumberjackSwift.framework */; };
		589066071C7A489800F7F6DC /* CocoaLumberjackSwift.framework in Embed Frameworks */ = {isa = PBXBuildFile; fileRef = 589066041C7A489700F7F6DC /* CocoaLumberjackSwift.framework */; settings = {ATTRIBUTES = (CodeSignOnCopy, RemoveHeadersOnCopy, ); }; };
		589066081C7A489800F7F6DC /* SnapKit.framework in Frameworks */ = {isa = PBXBuildFile; fileRef = 589066051C7A489700F7F6DC /* SnapKit.framework */; };
		589066091C7A489800F7F6DC /* SnapKit.framework in Embed Frameworks */ = {isa = PBXBuildFile; fileRef = 589066051C7A489700F7F6DC /* SnapKit.framework */; settings = {ATTRIBUTES = (CodeSignOnCopy, RemoveHeadersOnCopy, ); }; };
		5890660C1C7A48A000F7F6DC /* CocoaLumberjack.framework in Frameworks */ = {isa = PBXBuildFile; fileRef = 5890660B1C7A48A000F7F6DC /* CocoaLumberjack.framework */; };
		5890660D1C7A48A000F7F6DC /* CocoaLumberjack.framework in Embed Frameworks */ = {isa = PBXBuildFile; fileRef = 5890660B1C7A48A000F7F6DC /* CocoaLumberjack.framework */; settings = {ATTRIBUTES = (CodeSignOnCopy, RemoveHeadersOnCopy, ); }; };
		589066161C7A499700F7F6DC /* BrightFutures.framework in Frameworks */ = {isa = PBXBuildFile; fileRef = 589066151C7A499700F7F6DC /* BrightFutures.framework */; };
		589066171C7A499700F7F6DC /* BrightFutures.framework in Embed Frameworks */ = {isa = PBXBuildFile; fileRef = 589066151C7A499700F7F6DC /* BrightFutures.framework */; settings = {ATTRIBUTES = (CodeSignOnCopy, RemoveHeadersOnCopy, ); }; };
		5890661C1C7A4AD300F7F6DC /* Result.framework in Frameworks */ = {isa = PBXBuildFile; fileRef = 5890661B1C7A4AD300F7F6DC /* Result.framework */; };
		5890661D1C7A4AD300F7F6DC /* Result.framework in Embed Frameworks */ = {isa = PBXBuildFile; fileRef = 5890661B1C7A4AD300F7F6DC /* Result.framework */; settings = {ATTRIBUTES = (CodeSignOnCopy, RemoveHeadersOnCopy, ); }; };
		589066231C7A4AE900F7F6DC /* BrightFutures.framework.dSYM in CopyFiles */ = {isa = PBXBuildFile; fileRef = 5890661E1C7A4AE900F7F6DC /* BrightFutures.framework.dSYM */; };
		589066241C7A4AE900F7F6DC /* CocoaLumberjack.framework.dSYM in CopyFiles */ = {isa = PBXBuildFile; fileRef = 5890661F1C7A4AE900F7F6DC /* CocoaLumberjack.framework.dSYM */; };
		589066251C7A4AE900F7F6DC /* CocoaLumberjackSwift.framework.dSYM in CopyFiles */ = {isa = PBXBuildFile; fileRef = 589066201C7A4AE900F7F6DC /* CocoaLumberjackSwift.framework.dSYM */; };
		589066261C7A4AE900F7F6DC /* Result.framework.dSYM in CopyFiles */ = {isa = PBXBuildFile; fileRef = 589066211C7A4AE900F7F6DC /* Result.framework.dSYM */; };
		589066271C7A4AE900F7F6DC /* SnapKit.framework.dSYM in CopyFiles */ = {isa = PBXBuildFile; fileRef = 589066221C7A4AE900F7F6DC /* SnapKit.framework.dSYM */; };
		58BB86E41C7A4C3400804E90 /* Smoke.swift in Sources */ = {isa = PBXBuildFile; fileRef = 58BB86E21C7A4C3400804E90 /* Smoke.swift */; };
		58BB86E81C7A4E8400804E90 /* CoreDataStack.swift in Sources */ = {isa = PBXBuildFile; fileRef = 58BB86E71C7A4E8400804E90 /* CoreDataStack.swift */; };
		58BB86EE1C7A516000804E90 /* HistoryViewController.swift in Sources */ = {isa = PBXBuildFile; fileRef = 58BB86ED1C7A516000804E90 /* HistoryViewController.swift */; };
		58BB86F01C7A517300804E90 /* HistoryTableViewCell.swift in Sources */ = {isa = PBXBuildFile; fileRef = 58BB86EF1C7A517300804E90 /* HistoryTableViewCell.swift */; };
		58BB86F41C7A5AE000804E90 /* SwiftHelpers.framework in Frameworks */ = {isa = PBXBuildFile; fileRef = 58BB86F31C7A5AE000804E90 /* SwiftHelpers.framework */; };
		58BB86F51C7A5AE000804E90 /* SwiftHelpers.framework in Embed Frameworks */ = {isa = PBXBuildFile; fileRef = 58BB86F31C7A5AE000804E90 /* SwiftHelpers.framework */; settings = {ATTRIBUTES = (CodeSignOnCopy, RemoveHeadersOnCopy, ); }; };
		58BB86F71C7A5AEA00804E90 /* SwiftHelpers.framework.dSYM in CopyFiles */ = {isa = PBXBuildFile; fileRef = 58BB86F61C7A5AEA00804E90 /* SwiftHelpers.framework.dSYM */; };
		58FCFC0C1C7A7916005786C9 /* StyleSheet.swift in Sources */ = {isa = PBXBuildFile; fileRef = 58FCFC0B1C7A7916005786C9 /* StyleSheet.swift */; };
		58FCFC0F1C7A866D005786C9 /* SmokeDetailViewController.swift in Sources */ = {isa = PBXBuildFile; fileRef = 58FCFC0E1C7A866D005786C9 /* SmokeDetailViewController.swift */; };
/* End PBXBuildFile section */

/* Begin PBXContainerItemProxy section */
		589065E81C7A3F2F00F7F6DC /* PBXContainerItemProxy */ = {
			isa = PBXContainerItemProxy;
			containerPortal = 589065C81C7A3F2F00F7F6DC /* Project object */;
			proxyType = 1;
			remoteGlobalIDString = 589065CF1C7A3F2F00F7F6DC;
			remoteInfo = SmokeReporter;
		};
		589065F31C7A3F2F00F7F6DC /* PBXContainerItemProxy */ = {
			isa = PBXContainerItemProxy;
			containerPortal = 589065C81C7A3F2F00F7F6DC /* Project object */;
			proxyType = 1;
			remoteGlobalIDString = 589065CF1C7A3F2F00F7F6DC;
			remoteInfo = SmokeReporter;
		};
/* End PBXContainerItemProxy section */

/* Begin PBXCopyFilesBuildPhase section */
		5890660A1C7A489800F7F6DC /* Embed Frameworks */ = {
			isa = PBXCopyFilesBuildPhase;
			buildActionMask = 2147483647;
			dstPath = "";
			dstSubfolderSpec = 10;
			files = (
				589066071C7A489800F7F6DC /* CocoaLumberjackSwift.framework in Embed Frameworks */,
				589066171C7A499700F7F6DC /* BrightFutures.framework in Embed Frameworks */,
				58BB86F51C7A5AE000804E90 /* SwiftHelpers.framework in Embed Frameworks */,
				5890661D1C7A4AD300F7F6DC /* Result.framework in Embed Frameworks */,
				5890660D1C7A48A000F7F6DC /* CocoaLumberjack.framework in Embed Frameworks */,
				589066091C7A489800F7F6DC /* SnapKit.framework in Embed Frameworks */,
				587DB87F1C7D0FF800CD5354 /* PKHUD.framework in Embed Frameworks */,
			);
			name = "Embed Frameworks";
			runOnlyForDeploymentPostprocessing = 0;
		};
		5890660E1C7A48B700F7F6DC /* CopyFiles */ = {
			isa = PBXCopyFilesBuildPhase;
			buildActionMask = 2147483647;
			dstPath = "";
			dstSubfolderSpec = 16;
			files = (
				589066231C7A4AE900F7F6DC /* BrightFutures.framework.dSYM in CopyFiles */,
				589066241C7A4AE900F7F6DC /* CocoaLumberjack.framework.dSYM in CopyFiles */,
				589066251C7A4AE900F7F6DC /* CocoaLumberjackSwift.framework.dSYM in CopyFiles */,
				589066261C7A4AE900F7F6DC /* Result.framework.dSYM in CopyFiles */,
				589066271C7A4AE900F7F6DC /* SnapKit.framework.dSYM in CopyFiles */,
				58BB86F71C7A5AEA00804E90 /* SwiftHelpers.framework.dSYM in CopyFiles */,
				587DB8811C7D100C00CD5354 /* PKHUD.framework.dSYM in CopyFiles */,
			);
			runOnlyForDeploymentPostprocessing = 0;
		};
/* End PBXCopyFilesBuildPhase section */

/* Begin PBXFileReference section */
		5870F48B1C7E52DF0010FBDC /* StatsViewController.swift */ = {isa = PBXFileReference; fileEncoding = 4; lastKnownFileType = sourcecode.swift; path = StatsViewController.swift; sourceTree = "<group>"; };
		5870F48D1C7E54BB0010FBDC /* StatsCell.swift */ = {isa = PBXFileReference; fileEncoding = 4; lastKnownFileType = sourcecode.swift; path = StatsCell.swift; sourceTree = "<group>"; };
		587DB8771C7D02E300CD5354 /* Smoke+CoreDataProperties.swift */ = {isa = PBXFileReference; fileEncoding = 4; lastKnownFileType = sourcecode.swift; path = "Smoke+CoreDataProperties.swift"; sourceTree = "<group>"; };
		587DB87B1C7D084400CD5354 /* ExportOperation.swift */ = {isa = PBXFileReference; fileEncoding = 4; lastKnownFileType = sourcecode.swift; path = ExportOperation.swift; sourceTree = "<group>"; };
		587DB87D1C7D0FF800CD5354 /* PKHUD.framework */ = {isa = PBXFileReference; lastKnownFileType = wrapper.framework; name = PKHUD.framework; path = Carthage/Build/iOS/PKHUD.framework; sourceTree = "<group>"; };
		587DB8801C7D100C00CD5354 /* PKHUD.framework.dSYM */ = {isa = PBXFileReference; lastKnownFileType = wrapper.dsym; name = PKHUD.framework.dSYM; path = Carthage/Build/iOS/PKHUD.framework.dSYM; sourceTree = "<group>"; };
		5888DC741C7A90EC00E01A32 /* Base */ = {isa = PBXFileReference; lastKnownFileType = text.plist.strings; name = Base; path = Base.lproj/Localizable.strings; sourceTree = "<group>"; };
		5888DC761C7A90F000E01A32 /* en */ = {isa = PBXFileReference; lastKnownFileType = text.plist.strings; name = en; path = en.lproj/Localizable.strings; sourceTree = "<group>"; };
		5888DC771C7A910400E01A32 /* fr */ = {isa = PBXFileReference; lastKnownFileType = text.plist.strings; name = fr; path = fr.lproj/Main.strings; sourceTree = "<group>"; };
		5888DC781C7A910400E01A32 /* fr */ = {isa = PBXFileReference; lastKnownFileType = text.plist.strings; name = fr; path = fr.lproj/LaunchScreen.strings; sourceTree = "<group>"; };
		5888DC791C7A910400E01A32 /* fr */ = {isa = PBXFileReference; lastKnownFileType = text.plist.strings; name = fr; path = fr.lproj/Localizable.strings; sourceTree = "<group>"; };
		5888DC7C1C7B218F00E01A32 /* Fabric.framework */ = {isa = PBXFileReference; lastKnownFileType = wrapper.framework; path = Fabric.framework; sourceTree = "<group>"; };
		5888DC7D1C7B218F00E01A32 /* Crashlytics.framework */ = {isa = PBXFileReference; lastKnownFileType = wrapper.framework; path = Crashlytics.framework; sourceTree = "<group>"; };
		589065D01C7A3F2F00F7F6DC /* SmokeReporter.app */ = {isa = PBXFileReference; explicitFileType = wrapper.application; includeInIndex = 0; path = SmokeReporter.app; sourceTree = BUILT_PRODUCTS_DIR; };
		589065D31C7A3F2F00F7F6DC /* AppDelegate.swift */ = {isa = PBXFileReference; lastKnownFileType = sourcecode.swift; path = AppDelegate.swift; sourceTree = "<group>"; };
		589065D81C7A3F2F00F7F6DC /* Base */ = {isa = PBXFileReference; lastKnownFileType = file.storyboard; name = Base; path = Base.lproj/Main.storyboard; sourceTree = "<group>"; };
		589065DB1C7A3F2F00F7F6DC /* SmokeReporter.xcdatamodel */ = {isa = PBXFileReference; lastKnownFileType = wrapper.xcdatamodel; path = SmokeReporter.xcdatamodel; sourceTree = "<group>"; };
		589065DD1C7A3F2F00F7F6DC /* Assets.xcassets */ = {isa = PBXFileReference; lastKnownFileType = folder.assetcatalog; path = Assets.xcassets; sourceTree = "<group>"; };
		589065E01C7A3F2F00F7F6DC /* Base */ = {isa = PBXFileReference; lastKnownFileType = file.storyboard; name = Base; path = Base.lproj/LaunchScreen.storyboard; sourceTree = "<group>"; };
		589065E21C7A3F2F00F7F6DC /* Info.plist */ = {isa = PBXFileReference; lastKnownFileType = text.plist.xml; path = Info.plist; sourceTree = "<group>"; };
		589065E71C7A3F2F00F7F6DC /* SmokeReporterTests.xctest */ = {isa = PBXFileReference; explicitFileType = wrapper.cfbundle; includeInIndex = 0; path = SmokeReporterTests.xctest; sourceTree = BUILT_PRODUCTS_DIR; };
		589065EB1C7A3F2F00F7F6DC /* SmokeReporterTests.swift */ = {isa = PBXFileReference; lastKnownFileType = sourcecode.swift; path = SmokeReporterTests.swift; sourceTree = "<group>"; };
		589065ED1C7A3F2F00F7F6DC /* Info.plist */ = {isa = PBXFileReference; lastKnownFileType = text.plist.xml; path = Info.plist; sourceTree = "<group>"; };
		589065F21C7A3F2F00F7F6DC /* SmokeReporterUITests.xctest */ = {isa = PBXFileReference; explicitFileType = wrapper.cfbundle; includeInIndex = 0; path = SmokeReporterUITests.xctest; sourceTree = BUILT_PRODUCTS_DIR; };
		589065F61C7A3F2F00F7F6DC /* SmokeReporterUITests.swift */ = {isa = PBXFileReference; lastKnownFileType = sourcecode.swift; path = SmokeReporterUITests.swift; sourceTree = "<group>"; };
		589065F81C7A3F2F00F7F6DC /* Info.plist */ = {isa = PBXFileReference; lastKnownFileType = text.plist.xml; path = Info.plist; sourceTree = "<group>"; };
		589066041C7A489700F7F6DC /* CocoaLumberjackSwift.framework */ = {isa = PBXFileReference; lastKnownFileType = wrapper.framework; name = CocoaLumberjackSwift.framework; path = Carthage/Build/iOS/CocoaLumberjackSwift.framework; sourceTree = "<group>"; };
		589066051C7A489700F7F6DC /* SnapKit.framework */ = {isa = PBXFileReference; lastKnownFileType = wrapper.framework; name = SnapKit.framework; path = Carthage/Build/iOS/SnapKit.framework; sourceTree = "<group>"; };
		5890660B1C7A48A000F7F6DC /* CocoaLumberjack.framework */ = {isa = PBXFileReference; lastKnownFileType = wrapper.framework; name = CocoaLumberjack.framework; path = Carthage/Build/iOS/CocoaLumberjack.framework; sourceTree = "<group>"; };
		589066151C7A499700F7F6DC /* BrightFutures.framework */ = {isa = PBXFileReference; lastKnownFileType = wrapper.framework; name = BrightFutures.framework; path = Carthage/Build/iOS/BrightFutures.framework; sourceTree = "<group>"; };
		5890661B1C7A4AD300F7F6DC /* Result.framework */ = {isa = PBXFileReference; lastKnownFileType = wrapper.framework; name = Result.framework; path = Carthage/Build/iOS/Result.framework; sourceTree = "<group>"; };
		5890661E1C7A4AE900F7F6DC /* BrightFutures.framework.dSYM */ = {isa = PBXFileReference; lastKnownFileType = wrapper.dsym; name = BrightFutures.framework.dSYM; path = Carthage/Build/iOS/BrightFutures.framework.dSYM; sourceTree = "<group>"; };
		5890661F1C7A4AE900F7F6DC /* CocoaLumberjack.framework.dSYM */ = {isa = PBXFileReference; lastKnownFileType = wrapper.dsym; name = CocoaLumberjack.framework.dSYM; path = Carthage/Build/iOS/CocoaLumberjack.framework.dSYM; sourceTree = "<group>"; };
		589066201C7A4AE900F7F6DC /* CocoaLumberjackSwift.framework.dSYM */ = {isa = PBXFileReference; lastKnownFileType = wrapper.dsym; name = CocoaLumberjackSwift.framework.dSYM; path = Carthage/Build/iOS/CocoaLumberjackSwift.framework.dSYM; sourceTree = "<group>"; };
		589066211C7A4AE900F7F6DC /* Result.framework.dSYM */ = {isa = PBXFileReference; lastKnownFileType = wrapper.dsym; name = Result.framework.dSYM; path = Carthage/Build/iOS/Result.framework.dSYM; sourceTree = "<group>"; };
		589066221C7A4AE900F7F6DC /* SnapKit.framework.dSYM */ = {isa = PBXFileReference; lastKnownFileType = wrapper.dsym; name = SnapKit.framework.dSYM; path = Carthage/Build/iOS/SnapKit.framework.dSYM; sourceTree = "<group>"; };
		58BB86E21C7A4C3400804E90 /* Smoke.swift */ = {isa = PBXFileReference; fileEncoding = 4; lastKnownFileType = sourcecode.swift; path = Smoke.swift; sourceTree = "<group>"; };
		58BB86E71C7A4E8400804E90 /* CoreDataStack.swift */ = {isa = PBXFileReference; fileEncoding = 4; lastKnownFileType = sourcecode.swift; path = CoreDataStack.swift; sourceTree = "<group>"; };
		58BB86ED1C7A516000804E90 /* HistoryViewController.swift */ = {isa = PBXFileReference; fileEncoding = 4; lastKnownFileType = sourcecode.swift; path = HistoryViewController.swift; sourceTree = "<group>"; };
		58BB86EF1C7A517300804E90 /* HistoryTableViewCell.swift */ = {isa = PBXFileReference; fileEncoding = 4; lastKnownFileType = sourcecode.swift; path = HistoryTableViewCell.swift; sourceTree = "<group>"; };
		58BB86F31C7A5AE000804E90 /* SwiftHelpers.framework */ = {isa = PBXFileReference; lastKnownFileType = wrapper.framework; name = SwiftHelpers.framework; path = Carthage/Build/iOS/SwiftHelpers.framework; sourceTree = "<group>"; };
		58BB86F61C7A5AEA00804E90 /* SwiftHelpers.framework.dSYM */ = {isa = PBXFileReference; lastKnownFileType = wrapper.dsym; name = SwiftHelpers.framework.dSYM; path = Carthage/Build/iOS/SwiftHelpers.framework.dSYM; sourceTree = "<group>"; };
		58FCFC0B1C7A7916005786C9 /* StyleSheet.swift */ = {isa = PBXFileReference; fileEncoding = 4; lastKnownFileType = sourcecode.swift; path = StyleSheet.swift; sourceTree = "<group>"; };
		58FCFC0E1C7A866D005786C9 /* SmokeDetailViewController.swift */ = {isa = PBXFileReference; fileEncoding = 4; lastKnownFileType = sourcecode.swift; path = SmokeDetailViewController.swift; sourceTree = "<group>"; };
/* End PBXFileReference section */

/* Begin PBXFrameworksBuildPhase section */
		589065CD1C7A3F2F00F7F6DC /* Frameworks */ = {
			isa = PBXFrameworksBuildPhase;
			buildActionMask = 2147483647;
			files = (
				587DB87E1C7D0FF800CD5354 /* PKHUD.framework in Frameworks */,
				5888DC7E1C7B218F00E01A32 /* Fabric.framework in Frameworks */,
				589066061C7A489700F7F6DC /* CocoaLumberjackSwift.framework in Frameworks */,
				5888DC7F1C7B219000E01A32 /* Crashlytics.framework in Frameworks */,
				589066161C7A499700F7F6DC /* BrightFutures.framework in Frameworks */,
				58BB86F41C7A5AE000804E90 /* SwiftHelpers.framework in Frameworks */,
				5890661C1C7A4AD300F7F6DC /* Result.framework in Frameworks */,
				5890660C1C7A48A000F7F6DC /* CocoaLumberjack.framework in Frameworks */,
				589066081C7A489800F7F6DC /* SnapKit.framework in Frameworks */,
			);
			runOnlyForDeploymentPostprocessing = 0;
		};
		589065E41C7A3F2F00F7F6DC /* Frameworks */ = {
			isa = PBXFrameworksBuildPhase;
			buildActionMask = 2147483647;
			files = (
			);
			runOnlyForDeploymentPostprocessing = 0;
		};
		589065EF1C7A3F2F00F7F6DC /* Frameworks */ = {
			isa = PBXFrameworksBuildPhase;
			buildActionMask = 2147483647;
			files = (
			);
			runOnlyForDeploymentPostprocessing = 0;
		};
/* End PBXFrameworksBuildPhase section */

/* Begin PBXGroup section */
		5870F48A1C7E52C90010FBDC /* Stats */ = {
			isa = PBXGroup;
			children = (
				5870F48B1C7E52DF0010FBDC /* StatsViewController.swift */,
				5870F48D1C7E54BB0010FBDC /* StatsCell.swift */,
			);
			path = Stats;
			sourceTree = "<group>";
		};
		587DB87A1C7D082E00CD5354 /* Operations */ = {
			isa = PBXGroup;
			children = (
				587DB87B1C7D084400CD5354 /* ExportOperation.swift */,
			);
			path = Operations;
			sourceTree = "<group>";
		};
		589065C71C7A3F2F00F7F6DC = {
			isa = PBXGroup;
			children = (
				589065D21C7A3F2F00F7F6DC /* SmokeReporter */,
				589065EA1C7A3F2F00F7F6DC /* SmokeReporterTests */,
				589065F51C7A3F2F00F7F6DC /* SmokeReporterUITests */,
				5890661A1C7A4A7D00F7F6DC /* Frameworks */,
				589065D11C7A3F2F00F7F6DC /* Products */,
			);
			sourceTree = "<group>";
		};
		589065D11C7A3F2F00F7F6DC /* Products */ = {
			isa = PBXGroup;
			children = (
				589065D01C7A3F2F00F7F6DC /* SmokeReporter.app */,
				589065E71C7A3F2F00F7F6DC /* SmokeReporterTests.xctest */,
				589065F21C7A3F2F00F7F6DC /* SmokeReporterUITests.xctest */,
			);
			name = Products;
			sourceTree = "<group>";
		};
		589065D21C7A3F2F00F7F6DC /* SmokeReporter */ = {
			isa = PBXGroup;
			children = (
				589065D31C7A3F2F00F7F6DC /* AppDelegate.swift */,
				58FCFC0B1C7A7916005786C9 /* StyleSheet.swift */,
				58BB86DF1C7A4B3600804E90 /* Models */,
				58BB86DD1C7A4B3600804E90 /* Controllers */,
				589065D71C7A3F2F00F7F6DC /* Main.storyboard */,
				589065DD1C7A3F2F00F7F6DC /* Assets.xcassets */,
				589065DF1C7A3F2F00F7F6DC /* LaunchScreen.storyboard */,
				589065E21C7A3F2F00F7F6DC /* Info.plist */,
				589065DA1C7A3F2F00F7F6DC /* SmokeReporter.xcdatamodeld */,
				5888DC751C7A90EC00E01A32 /* Localizable.strings */,
			);
			path = SmokeReporter;
			sourceTree = "<group>";
		};
		589065EA1C7A3F2F00F7F6DC /* SmokeReporterTests */ = {
			isa = PBXGroup;
			children = (
				589065EB1C7A3F2F00F7F6DC /* SmokeReporterTests.swift */,
				589065ED1C7A3F2F00F7F6DC /* Info.plist */,
			);
			path = SmokeReporterTests;
			sourceTree = "<group>";
		};
		589065F51C7A3F2F00F7F6DC /* SmokeReporterUITests */ = {
			isa = PBXGroup;
			children = (
				589065F61C7A3F2F00F7F6DC /* SmokeReporterUITests.swift */,
				589065F81C7A3F2F00F7F6DC /* Info.plist */,
			);
			path = SmokeReporterUITests;
			sourceTree = "<group>";
		};
		5890661A1C7A4A7D00F7F6DC /* Frameworks */ = {
			isa = PBXGroup;
			children = (
				587DB87D1C7D0FF800CD5354 /* PKHUD.framework */,
				5888DC7C1C7B218F00E01A32 /* Fabric.framework */,
				5888DC7D1C7B218F00E01A32 /* Crashlytics.framework */,
				58BB86F31C7A5AE000804E90 /* SwiftHelpers.framework */,
				589066051C7A489700F7F6DC /* SnapKit.framework */,
				589066041C7A489700F7F6DC /* CocoaLumberjackSwift.framework */,
				5890660B1C7A48A000F7F6DC /* CocoaLumberjack.framework */,
				589066151C7A499700F7F6DC /* BrightFutures.framework */,
				5890661B1C7A4AD300F7F6DC /* Result.framework */,
				58BB86DC1C7A4B0200804E90 /* dSYM */,
			);
			name = Frameworks;
			sourceTree = "<group>";
		};
		58BB86DC1C7A4B0200804E90 /* dSYM */ = {
			isa = PBXGroup;
			children = (
				587DB8801C7D100C00CD5354 /* PKHUD.framework.dSYM */,
				5890661E1C7A4AE900F7F6DC /* BrightFutures.framework.dSYM */,
				5890661F1C7A4AE900F7F6DC /* CocoaLumberjack.framework.dSYM */,
				589066201C7A4AE900F7F6DC /* CocoaLumberjackSwift.framework.dSYM */,
				589066211C7A4AE900F7F6DC /* Result.framework.dSYM */,
				589066221C7A4AE900F7F6DC /* SnapKit.framework.dSYM */,
				58BB86F61C7A5AEA00804E90 /* SwiftHelpers.framework.dSYM */,
			);
			name = dSYM;
			sourceTree = "<group>";
		};
		58BB86DD1C7A4B3600804E90 /* Controllers */ = {
			isa = PBXGroup;
			children = (
				58BB86EC1C7A516000804E90 /* History */,
				5870F48A1C7E52C90010FBDC /* Stats */,
				58FCFC0D1C7A866D005786C9 /* Smoke */,
			);
			path = Controllers;
			sourceTree = "<group>";
		};
		58BB86DF1C7A4B3600804E90 /* Models */ = {
			isa = PBXGroup;
			children = (
				58BB86E71C7A4E8400804E90 /* CoreDataStack.swift */,
				58BB86E21C7A4C3400804E90 /* Smoke.swift */,
				587DB8771C7D02E300CD5354 /* Smoke+CoreDataProperties.swift */,
				587DB87A1C7D082E00CD5354 /* Operations */,
			);
			path = Models;
			sourceTree = "<group>";
		};
		58BB86EC1C7A516000804E90 /* History */ = {
			isa = PBXGroup;
			children = (
				58BB86ED1C7A516000804E90 /* HistoryViewController.swift */,
				58BB86EF1C7A517300804E90 /* HistoryTableViewCell.swift */,
			);
			path = History;
			sourceTree = "<group>";
		};
		58FCFC0D1C7A866D005786C9 /* Smoke */ = {
			isa = PBXGroup;
			children = (
				58FCFC0E1C7A866D005786C9 /* SmokeDetailViewController.swift */,
			);
			path = Smoke;
			sourceTree = "<group>";
		};
/* End PBXGroup section */

/* Begin PBXNativeTarget section */
		589065CF1C7A3F2F00F7F6DC /* SmokeReporter */ = {
			isa = PBXNativeTarget;
			buildConfigurationList = 589065FB1C7A3F2F00F7F6DC /* Build configuration list for PBXNativeTarget "SmokeReporter" */;
			buildPhases = (
				589065CC1C7A3F2F00F7F6DC /* Sources */,
				589065CD1C7A3F2F00F7F6DC /* Frameworks */,
				589065CE1C7A3F2F00F7F6DC /* Resources */,
				5890660A1C7A489800F7F6DC /* Embed Frameworks */,
				5890660E1C7A48B700F7F6DC /* CopyFiles */,
				5888DC7B1C7B217600E01A32 /* Fabric */,
			);
			buildRules = (
			);
			dependencies = (
			);
			name = SmokeReporter;
			productName = SmokeReporter;
			productReference = 589065D01C7A3F2F00F7F6DC /* SmokeReporter.app */;
			productType = "com.apple.product-type.application";
		};
		589065E61C7A3F2F00F7F6DC /* SmokeReporterTests */ = {
			isa = PBXNativeTarget;
			buildConfigurationList = 589065FE1C7A3F2F00F7F6DC /* Build configuration list for PBXNativeTarget "SmokeReporterTests" */;
			buildPhases = (
				589065E31C7A3F2F00F7F6DC /* Sources */,
				589065E41C7A3F2F00F7F6DC /* Frameworks */,
				589065E51C7A3F2F00F7F6DC /* Resources */,
			);
			buildRules = (
			);
			dependencies = (
				589065E91C7A3F2F00F7F6DC /* PBXTargetDependency */,
			);
			name = SmokeReporterTests;
			productName = SmokeReporterTests;
			productReference = 589065E71C7A3F2F00F7F6DC /* SmokeReporterTests.xctest */;
			productType = "com.apple.product-type.bundle.unit-test";
		};
		589065F11C7A3F2F00F7F6DC /* SmokeReporterUITests */ = {
			isa = PBXNativeTarget;
			buildConfigurationList = 589066011C7A3F2F00F7F6DC /* Build configuration list for PBXNativeTarget "SmokeReporterUITests" */;
			buildPhases = (
				589065EE1C7A3F2F00F7F6DC /* Sources */,
				589065EF1C7A3F2F00F7F6DC /* Frameworks */,
				589065F01C7A3F2F00F7F6DC /* Resources */,
			);
			buildRules = (
			);
			dependencies = (
				589065F41C7A3F2F00F7F6DC /* PBXTargetDependency */,
			);
			name = SmokeReporterUITests;
			productName = SmokeReporterUITests;
			productReference = 589065F21C7A3F2F00F7F6DC /* SmokeReporterUITests.xctest */;
			productType = "com.apple.product-type.bundle.ui-testing";
		};
/* End PBXNativeTarget section */

/* Begin PBXProject section */
		589065C81C7A3F2F00F7F6DC /* Project object */ = {
			isa = PBXProject;
			attributes = {
				LastSwiftUpdateCheck = 0720;
				LastUpgradeCheck = 0720;
				ORGANIZATIONNAME = "David Miotti";
				TargetAttributes = {
					589065CF1C7A3F2F00F7F6DC = {
						CreatedOnToolsVersion = 7.2.1;
						DevelopmentTeam = 659B2N7HE9;
					};
					589065E61C7A3F2F00F7F6DC = {
						CreatedOnToolsVersion = 7.2.1;
						TestTargetID = 589065CF1C7A3F2F00F7F6DC;
					};
					589065F11C7A3F2F00F7F6DC = {
						CreatedOnToolsVersion = 7.2.1;
						TestTargetID = 589065CF1C7A3F2F00F7F6DC;
					};
				};
			};
			buildConfigurationList = 589065CB1C7A3F2F00F7F6DC /* Build configuration list for PBXProject "SmokeReporter" */;
			compatibilityVersion = "Xcode 3.2";
			developmentRegion = English;
			hasScannedForEncodings = 0;
			knownRegions = (
				en,
				Base,
				fr,
			);
			mainGroup = 589065C71C7A3F2F00F7F6DC;
			productRefGroup = 589065D11C7A3F2F00F7F6DC /* Products */;
			projectDirPath = "";
			projectRoot = "";
			targets = (
				589065CF1C7A3F2F00F7F6DC /* SmokeReporter */,
				589065E61C7A3F2F00F7F6DC /* SmokeReporterTests */,
				589065F11C7A3F2F00F7F6DC /* SmokeReporterUITests */,
			);
		};
/* End PBXProject section */

/* Begin PBXResourcesBuildPhase section */
		589065CE1C7A3F2F00F7F6DC /* Resources */ = {
			isa = PBXResourcesBuildPhase;
			buildActionMask = 2147483647;
			files = (
				589065E11C7A3F2F00F7F6DC /* LaunchScreen.storyboard in Resources */,
				5888DC731C7A90EC00E01A32 /* Localizable.strings in Resources */,
				589065DE1C7A3F2F00F7F6DC /* Assets.xcassets in Resources */,
				589065D91C7A3F2F00F7F6DC /* Main.storyboard in Resources */,
			);
			runOnlyForDeploymentPostprocessing = 0;
		};
		589065E51C7A3F2F00F7F6DC /* Resources */ = {
			isa = PBXResourcesBuildPhase;
			buildActionMask = 2147483647;
			files = (
			);
			runOnlyForDeploymentPostprocessing = 0;
		};
		589065F01C7A3F2F00F7F6DC /* Resources */ = {
			isa = PBXResourcesBuildPhase;
			buildActionMask = 2147483647;
			files = (
			);
			runOnlyForDeploymentPostprocessing = 0;
		};
/* End PBXResourcesBuildPhase section */

/* Begin PBXShellScriptBuildPhase section */
		5888DC7B1C7B217600E01A32 /* Fabric */ = {
			isa = PBXShellScriptBuildPhase;
			buildActionMask = 2147483647;
			files = (
			);
			inputPaths = (
			);
			name = Fabric;
			outputPaths = (
			);
			runOnlyForDeploymentPostprocessing = 0;
			shellPath = /bin/sh;
			shellScript = "./Fabric.framework/run 1eae28d1e74276b776784b2e624fcafbe8be63d5 ba6ddef5d9aedbe90726d134beae9003786035d9528c15c59a784d82adc87e47";
		};
/* End PBXShellScriptBuildPhase section */

/* Begin PBXSourcesBuildPhase section */
		589065CC1C7A3F2F00F7F6DC /* Sources */ = {
			isa = PBXSourcesBuildPhase;
			buildActionMask = 2147483647;
			files = (
				58FCFC0C1C7A7916005786C9 /* StyleSheet.swift in Sources */,
				5870F48C1C7E52DF0010FBDC /* StatsViewController.swift in Sources */,
				58BB86E81C7A4E8400804E90 /* CoreDataStack.swift in Sources */,
				587DB8781C7D02E300CD5354 /* Smoke+CoreDataProperties.swift in Sources */,
				58BB86E41C7A4C3400804E90 /* Smoke.swift in Sources */,
				58BB86F01C7A517300804E90 /* HistoryTableViewCell.swift in Sources */,
				587DB87C1C7D084400CD5354 /* ExportOperation.swift in Sources */,
				589065DC1C7A3F2F00F7F6DC /* SmokeReporter.xcdatamodeld in Sources */,
				58FCFC0F1C7A866D005786C9 /* SmokeDetailViewController.swift in Sources */,
				5870F48E1C7E54BB0010FBDC /* StatsCell.swift in Sources */,
				58BB86EE1C7A516000804E90 /* HistoryViewController.swift in Sources */,
				589065D41C7A3F2F00F7F6DC /* AppDelegate.swift in Sources */,
			);
			runOnlyForDeploymentPostprocessing = 0;
		};
		589065E31C7A3F2F00F7F6DC /* Sources */ = {
			isa = PBXSourcesBuildPhase;
			buildActionMask = 2147483647;
			files = (
				589065EC1C7A3F2F00F7F6DC /* SmokeReporterTests.swift in Sources */,
			);
			runOnlyForDeploymentPostprocessing = 0;
		};
		589065EE1C7A3F2F00F7F6DC /* Sources */ = {
			isa = PBXSourcesBuildPhase;
			buildActionMask = 2147483647;
			files = (
				589065F71C7A3F2F00F7F6DC /* SmokeReporterUITests.swift in Sources */,
			);
			runOnlyForDeploymentPostprocessing = 0;
		};
/* End PBXSourcesBuildPhase section */

/* Begin PBXTargetDependency section */
		589065E91C7A3F2F00F7F6DC /* PBXTargetDependency */ = {
			isa = PBXTargetDependency;
			target = 589065CF1C7A3F2F00F7F6DC /* SmokeReporter */;
			targetProxy = 589065E81C7A3F2F00F7F6DC /* PBXContainerItemProxy */;
		};
		589065F41C7A3F2F00F7F6DC /* PBXTargetDependency */ = {
			isa = PBXTargetDependency;
			target = 589065CF1C7A3F2F00F7F6DC /* SmokeReporter */;
			targetProxy = 589065F31C7A3F2F00F7F6DC /* PBXContainerItemProxy */;
		};
/* End PBXTargetDependency section */

/* Begin PBXVariantGroup section */
		5888DC751C7A90EC00E01A32 /* Localizable.strings */ = {
			isa = PBXVariantGroup;
			children = (
				5888DC741C7A90EC00E01A32 /* Base */,
				5888DC761C7A90F000E01A32 /* en */,
				5888DC791C7A910400E01A32 /* fr */,
			);
			name = Localizable.strings;
			sourceTree = "<group>";
		};
		589065D71C7A3F2F00F7F6DC /* Main.storyboard */ = {
			isa = PBXVariantGroup;
			children = (
				589065D81C7A3F2F00F7F6DC /* Base */,
				5888DC771C7A910400E01A32 /* fr */,
			);
			name = Main.storyboard;
			sourceTree = "<group>";
		};
		589065DF1C7A3F2F00F7F6DC /* LaunchScreen.storyboard */ = {
			isa = PBXVariantGroup;
			children = (
				589065E01C7A3F2F00F7F6DC /* Base */,
				5888DC781C7A910400E01A32 /* fr */,
			);
			name = LaunchScreen.storyboard;
			sourceTree = "<group>";
		};
/* End PBXVariantGroup section */

/* Begin XCBuildConfiguration section */
		589065F91C7A3F2F00F7F6DC /* Debug */ = {
			isa = XCBuildConfiguration;
			buildSettings = {
				ALWAYS_SEARCH_USER_PATHS = NO;
				CLANG_CXX_LANGUAGE_STANDARD = "gnu++0x";
				CLANG_CXX_LIBRARY = "libc++";
				CLANG_ENABLE_MODULES = YES;
				CLANG_ENABLE_OBJC_ARC = YES;
				CLANG_WARN_BOOL_CONVERSION = YES;
				CLANG_WARN_CONSTANT_CONVERSION = YES;
				CLANG_WARN_DIRECT_OBJC_ISA_USAGE = YES_ERROR;
				CLANG_WARN_EMPTY_BODY = YES;
				CLANG_WARN_ENUM_CONVERSION = YES;
				CLANG_WARN_INT_CONVERSION = YES;
				CLANG_WARN_OBJC_ROOT_CLASS = YES_ERROR;
				CLANG_WARN_UNREACHABLE_CODE = YES;
				CLANG_WARN__DUPLICATE_METHOD_MATCH = YES;
				"CODE_SIGN_IDENTITY[sdk=iphoneos*]" = "iPhone Developer";
				COPY_PHASE_STRIP = NO;
				ENABLE_STRICT_OBJC_MSGSEND = YES;
				ENABLE_TESTABILITY = YES;
				GCC_C_LANGUAGE_STANDARD = gnu99;
				GCC_DYNAMIC_NO_PIC = NO;
				GCC_NO_COMMON_BLOCKS = YES;
				GCC_OPTIMIZATION_LEVEL = 0;
				GCC_PREPROCESSOR_DEFINITIONS = (
					"DEBUG=1",
					"$(inherited)",
				);
				GCC_WARN_64_TO_32_BIT_CONVERSION = YES;
				GCC_WARN_ABOUT_RETURN_TYPE = YES_ERROR;
				GCC_WARN_UNDECLARED_SELECTOR = YES;
				GCC_WARN_UNINITIALIZED_AUTOS = YES_AGGRESSIVE;
				GCC_WARN_UNUSED_FUNCTION = YES;
				GCC_WARN_UNUSED_VARIABLE = YES;
				IPHONEOS_DEPLOYMENT_TARGET = 9.2;
				MTL_ENABLE_DEBUG_INFO = YES;
				ONLY_ACTIVE_ARCH = YES;
				SDKROOT = iphoneos;
				SWIFT_OPTIMIZATION_LEVEL = "-Onone";
				TARGETED_DEVICE_FAMILY = "1,2";
			};
			name = Debug;
		};
		589065FA1C7A3F2F00F7F6DC /* Release */ = {
			isa = XCBuildConfiguration;
			buildSettings = {
				ALWAYS_SEARCH_USER_PATHS = NO;
				CLANG_CXX_LANGUAGE_STANDARD = "gnu++0x";
				CLANG_CXX_LIBRARY = "libc++";
				CLANG_ENABLE_MODULES = YES;
				CLANG_ENABLE_OBJC_ARC = YES;
				CLANG_WARN_BOOL_CONVERSION = YES;
				CLANG_WARN_CONSTANT_CONVERSION = YES;
				CLANG_WARN_DIRECT_OBJC_ISA_USAGE = YES_ERROR;
				CLANG_WARN_EMPTY_BODY = YES;
				CLANG_WARN_ENUM_CONVERSION = YES;
				CLANG_WARN_INT_CONVERSION = YES;
				CLANG_WARN_OBJC_ROOT_CLASS = YES_ERROR;
				CLANG_WARN_UNREACHABLE_CODE = YES;
				CLANG_WARN__DUPLICATE_METHOD_MATCH = YES;
				"CODE_SIGN_IDENTITY[sdk=iphoneos*]" = "iPhone Developer";
				COPY_PHASE_STRIP = NO;
				ENABLE_NS_ASSERTIONS = NO;
				ENABLE_STRICT_OBJC_MSGSEND = YES;
				GCC_C_LANGUAGE_STANDARD = gnu99;
				GCC_NO_COMMON_BLOCKS = YES;
				GCC_WARN_64_TO_32_BIT_CONVERSION = YES;
				GCC_WARN_ABOUT_RETURN_TYPE = YES_ERROR;
				GCC_WARN_UNDECLARED_SELECTOR = YES;
				GCC_WARN_UNINITIALIZED_AUTOS = YES_AGGRESSIVE;
				GCC_WARN_UNUSED_FUNCTION = YES;
				GCC_WARN_UNUSED_VARIABLE = YES;
				IPHONEOS_DEPLOYMENT_TARGET = 9.2;
				MTL_ENABLE_DEBUG_INFO = NO;
				SDKROOT = iphoneos;
				SWIFT_OPTIMIZATION_LEVEL = "-Owholemodule";
				TARGETED_DEVICE_FAMILY = "1,2";
				VALIDATE_PRODUCT = YES;
			};
			name = Release;
		};
		589065FC1C7A3F2F00F7F6DC /* Debug */ = {
			isa = XCBuildConfiguration;
			buildSettings = {
				ASSETCATALOG_COMPILER_APPICON_NAME = AppIcon;
				CODE_SIGN_IDENTITY = "iPhone Developer: David Miotti (A999UM69TM)";
				FRAMEWORK_SEARCH_PATHS = (
					"$(inherited)",
					"$(PROJECT_DIR)/Carthage/Build/iOS",
					"$(PROJECT_DIR)",
				);
				INFOPLIST_FILE = SmokeReporter/Info.plist;
				LD_RUNPATH_SEARCH_PATHS = "$(inherited) @executable_path/Frameworks";
				OTHER_LDFLAGS = "-ObjC";
				PRODUCT_BUNDLE_IDENTIFIER = com.davidmiotti.smokereporter;
				PRODUCT_NAME = "$(TARGET_NAME)";
				PROVISIONING_PROFILE = "c64fd3e8-748f-4b09-8408-f05871b7d46a";
			};
			name = Debug;
		};
		589065FD1C7A3F2F00F7F6DC /* Release */ = {
			isa = XCBuildConfiguration;
			buildSettings = {
				ASSETCATALOG_COMPILER_APPICON_NAME = AppIcon;
				CODE_SIGN_IDENTITY = "iPhone Distribution: David Miotti (659B2N7HE9)";
				FRAMEWORK_SEARCH_PATHS = (
					"$(inherited)",
					"$(PROJECT_DIR)/Carthage/Build/iOS",
					"$(PROJECT_DIR)",
				);
				INFOPLIST_FILE = SmokeReporter/Info.plist;
				LD_RUNPATH_SEARCH_PATHS = "$(inherited) @executable_path/Frameworks";
				OTHER_LDFLAGS = "-ObjC";
				PRODUCT_BUNDLE_IDENTIFIER = com.davidmiotti.smokereporter;
				PRODUCT_NAME = "$(TARGET_NAME)";
				PROVISIONING_PROFILE = "c621d5d5-75d3-4441-9820-3eee3cd8d991";
			};
			name = Release;
		};
		589065FF1C7A3F2F00F7F6DC /* Debug */ = {
			isa = XCBuildConfiguration;
			buildSettings = {
				BUNDLE_LOADER = "$(TEST_HOST)";
				INFOPLIST_FILE = SmokeReporterTests/Info.plist;
				LD_RUNPATH_SEARCH_PATHS = "$(inherited) @executable_path/Frameworks @loader_path/Frameworks";
				PRODUCT_BUNDLE_IDENTIFIER = com.wopata.SmokeReporterTests;
				PRODUCT_NAME = "$(TARGET_NAME)";
				TEST_HOST = "$(BUILT_PRODUCTS_DIR)/SmokeReporter.app/SmokeReporter";
			};
			name = Debug;
		};
		589066001C7A3F2F00F7F6DC /* Release */ = {
			isa = XCBuildConfiguration;
			buildSettings = {
				BUNDLE_LOADER = "$(TEST_HOST)";
				INFOPLIST_FILE = SmokeReporterTests/Info.plist;
				LD_RUNPATH_SEARCH_PATHS = "$(inherited) @executable_path/Frameworks @loader_path/Frameworks";
				PRODUCT_BUNDLE_IDENTIFIER = com.wopata.SmokeReporterTests;
				PRODUCT_NAME = "$(TARGET_NAME)";
				TEST_HOST = "$(BUILT_PRODUCTS_DIR)/SmokeReporter.app/SmokeReporter";
			};
			name = Release;
		};
		589066021C7A3F2F00F7F6DC /* Debug */ = {
			isa = XCBuildConfiguration;
			buildSettings = {
				INFOPLIST_FILE = SmokeReporterUITests/Info.plist;
				LD_RUNPATH_SEARCH_PATHS = "$(inherited) @executable_path/Frameworks @loader_path/Frameworks";
				PRODUCT_BUNDLE_IDENTIFIER = com.wopata.SmokeReporterUITests;
				PRODUCT_NAME = "$(TARGET_NAME)";
				TEST_TARGET_NAME = SmokeReporter;
				USES_XCTRUNNER = YES;
			};
			name = Debug;
		};
		589066031C7A3F2F00F7F6DC /* Release */ = {
			isa = XCBuildConfiguration;
			buildSettings = {
				INFOPLIST_FILE = SmokeReporterUITests/Info.plist;
				LD_RUNPATH_SEARCH_PATHS = "$(inherited) @executable_path/Frameworks @loader_path/Frameworks";
				PRODUCT_BUNDLE_IDENTIFIER = com.wopata.SmokeReporterUITests;
				PRODUCT_NAME = "$(TARGET_NAME)";
				TEST_TARGET_NAME = SmokeReporter;
				USES_XCTRUNNER = YES;
			};
			name = Release;
		};
/* End XCBuildConfiguration section */

/* Begin XCConfigurationList section */
		589065CB1C7A3F2F00F7F6DC /* Build configuration list for PBXProject "SmokeReporter" */ = {
			isa = XCConfigurationList;
			buildConfigurations = (
				589065F91C7A3F2F00F7F6DC /* Debug */,
				589065FA1C7A3F2F00F7F6DC /* Release */,
			);
			defaultConfigurationIsVisible = 0;
			defaultConfigurationName = Release;
		};
		589065FB1C7A3F2F00F7F6DC /* Build configuration list for PBXNativeTarget "SmokeReporter" */ = {
			isa = XCConfigurationList;
			buildConfigurations = (
				589065FC1C7A3F2F00F7F6DC /* Debug */,
				589065FD1C7A3F2F00F7F6DC /* Release */,
			);
			defaultConfigurationIsVisible = 0;
			defaultConfigurationName = Release;
		};
		589065FE1C7A3F2F00F7F6DC /* Build configuration list for PBXNativeTarget "SmokeReporterTests" */ = {
			isa = XCConfigurationList;
			buildConfigurations = (
				589065FF1C7A3F2F00F7F6DC /* Debug */,
				589066001C7A3F2F00F7F6DC /* Release */,
			);
			defaultConfigurationIsVisible = 0;
			defaultConfigurationName = Release;
		};
		589066011C7A3F2F00F7F6DC /* Build configuration list for PBXNativeTarget "SmokeReporterUITests" */ = {
			isa = XCConfigurationList;
			buildConfigurations = (
				589066021C7A3F2F00F7F6DC /* Debug */,
				589066031C7A3F2F00F7F6DC /* Release */,
			);
			defaultConfigurationIsVisible = 0;
			defaultConfigurationName = Release;
		};
/* End XCConfigurationList section */

/* Begin XCVersionGroup section */
		589065DA1C7A3F2F00F7F6DC /* SmokeReporter.xcdatamodeld */ = {
			isa = XCVersionGroup;
			children = (
				589065DB1C7A3F2F00F7F6DC /* SmokeReporter.xcdatamodel */,
			);
			currentVersion = 589065DB1C7A3F2F00F7F6DC /* SmokeReporter.xcdatamodel */;
			path = SmokeReporter.xcdatamodeld;
			sourceTree = "<group>";
			versionGroupType = wrapper.xcdatamodel;
		};
/* End XCVersionGroup section */
	};
	rootObject = 589065C81C7A3F2F00F7F6DC /* Project object */;
}
