// !$*UTF8*$!
{
	archiveVersion = 1;
	classes = {
	};
	objectVersion = 46;
	objects = {

/* Begin PBXBuildFile section */
		15FB7F6E4E0BE28215AB023F /* StatsPanelScroller.swift in Sources */ = {isa = PBXBuildFile; fileRef = 15FB76A5C4926643FAD8141E /* StatsPanelScroller.swift */; };
		5803C8691CD4F45A00CAE9E8 /* IntensityChooserInterfaceController.swift in Sources */ = {isa = PBXBuildFile; fileRef = 5803C8681CD4F45A00CAE9E8 /* IntensityChooserInterfaceController.swift */; };
		580BB9D31CDF8BC10068D413 /* Analytics.swift in Sources */ = {isa = PBXBuildFile; fileRef = 580BB9D21CDF8BC10068D413 /* Analytics.swift */; };
		580BB9D51CDFA5B70068D413 /* TitleValueTableRowController.swift in Sources */ = {isa = PBXBuildFile; fileRef = 580BB9D41CDFA5B70068D413 /* TitleValueTableRowController.swift */; };
		581803441CDB513A0026305B /* TimeUtils.swift in Sources */ = {isa = PBXBuildFile; fileRef = 581803431CDB513A0026305B /* TimeUtils.swift */; };
		5818034A1CDB675C0026305B /* StoreKit.framework in Frameworks */ = {isa = PBXBuildFile; fileRef = 581803491CDB675C0026305B /* StoreKit.framework */; };
		581AFC2D1CE15BC700F02663 /* TableHeaderView.swift in Sources */ = {isa = PBXBuildFile; fileRef = 581AFC2C1CE15BC700F02663 /* TableHeaderView.swift */; };
		581CCC351C8F76B3006A8FAD /* IntensityGradientView.swift in Sources */ = {isa = PBXBuildFile; fileRef = 581CCC341C8F76B3006A8FAD /* IntensityGradientView.swift */; };
		581CCC371C8F7FE0006A8FAD /* StatsPanelView.swift in Sources */ = {isa = PBXBuildFile; fileRef = 581CCC361C8F7FE0006A8FAD /* StatsPanelView.swift */; };
		581DC5D21C8B2ED0006DE551 /* Addiction+CoreDataProperties.swift in Sources */ = {isa = PBXBuildFile; fileRef = 581DC5CF1C8B2ED0006DE551 /* Addiction+CoreDataProperties.swift */; };
		581DC5D31C8B2ED0006DE551 /* Addiction.swift in Sources */ = {isa = PBXBuildFile; fileRef = 581DC5D01C8B2ED0006DE551 /* Addiction.swift */; };
		581DC5D41C8B2ED0006DE551 /* Record+CoreDataProperties.swift in Sources */ = {isa = PBXBuildFile; fileRef = 581DC5D11C8B2ED0006DE551 /* Record+CoreDataProperties.swift */; };
		581DC5D71C8B3172006DE551 /* Addiction+Repository.swift in Sources */ = {isa = PBXBuildFile; fileRef = 581DC5D61C8B3172006DE551 /* Addiction+Repository.swift */; };
		581DC5DA1C8B37F4006DE551 /* SettingsViewController.swift in Sources */ = {isa = PBXBuildFile; fileRef = 581DC5D91C8B37F4006DE551 /* SettingsViewController.swift */; };
		581DC5DC1C8B38AD006DE551 /* SettingsTableViewCell.swift in Sources */ = {isa = PBXBuildFile; fileRef = 581DC5DB1C8B38AD006DE551 /* SettingsTableViewCell.swift */; };
		581DC5DF1C8B3C5D006DE551 /* AddictionListViewController.swift in Sources */ = {isa = PBXBuildFile; fileRef = 581DC5DE1C8B3C5D006DE551 /* AddictionListViewController.swift */; };
		581DC5E11C8B3CE1006DE551 /* AddictionTableViewCell.swift in Sources */ = {isa = PBXBuildFile; fileRef = 581DC5E01C8B3CE1006DE551 /* AddictionTableViewCell.swift */; };
		581DC5E71C8B73D3006DE551 /* UserDefaults.swift in Sources */ = {isa = PBXBuildFile; fileRef = 581DC5E61C8B73D3006DE551 /* UserDefaults.swift */; };
		5826034C1CF0B47900EA9F57 /* DependencyChooserCell.swift in Sources */ = {isa = PBXBuildFile; fileRef = 5826034A1CF0B47900EA9F57 /* DependencyChooserCell.swift */; };
		5826034D1CF0B47900EA9F57 /* DependencyChooserViewController.swift in Sources */ = {isa = PBXBuildFile; fileRef = 5826034B1CF0B47900EA9F57 /* DependencyChooserViewController.swift */; };
		582820C91CAF1288002DC9AF /* OkButton.swift in Sources */ = {isa = PBXBuildFile; fileRef = 582820C81CAF1288002DC9AF /* OkButton.swift */; };
		582820CB1CAF1DD7002DC9AF /* HistoryEmptyView.swift in Sources */ = {isa = PBXBuildFile; fileRef = 582820CA1CAF1DD7002DC9AF /* HistoryEmptyView.swift */; };
		583C01501CBA565700E0D41C /* InitialImportPlacesOperation.swift in Sources */ = {isa = PBXBuildFile; fileRef = 583C014F1CBA565700E0D41C /* InitialImportPlacesOperation.swift */; };
		583C9C661CCEBAC600E6FD9D /* Watch.app in Embed Watch Content */ = {isa = PBXBuildFile; fileRef = 58F092BB1C9615AA00DF4ADC /* Watch.app */; };
		583C9C681CCEC62900E6FD9D /* YesterdayInterfaceController.swift in Sources */ = {isa = PBXBuildFile; fileRef = 583C9C671CCEC62900E6FD9D /* YesterdayInterfaceController.swift */; };
		583C9C6A1CCEC71000E6FD9D /* TwoDaysAgoInterfaceController.swift in Sources */ = {isa = PBXBuildFile; fileRef = 583C9C691CCEC71000E6FD9D /* TwoDaysAgoInterfaceController.swift */; };
		583C9C6C1CCEC71C00E6FD9D /* ThreeDaysAgoInterfaceController.swift in Sources */ = {isa = PBXBuildFile; fileRef = 583C9C6B1CCEC71C00E6FD9D /* ThreeDaysAgoInterfaceController.swift */; };
		583C9C701CCECA9500E6FD9D /* WatchStatsOperation.swift in Sources */ = {isa = PBXBuildFile; fileRef = 583C9C6F1CCECA9500E6FD9D /* WatchStatsOperation.swift */; };
		583C9C721CCEE28500E6FD9D /* DayInterfaceController.swift in Sources */ = {isa = PBXBuildFile; fileRef = 583C9C711CCEE28500E6FD9D /* DayInterfaceController.swift */; };
		583C9C741CCEEC3400E6FD9D /* DefaultTableRowController.swift in Sources */ = {isa = PBXBuildFile; fileRef = 583C9C731CCEEC3400E6FD9D /* DefaultTableRowController.swift */; };
		583C9C761CCEEC5700E6FD9D /* AddictionListInterfaceController.swift in Sources */ = {isa = PBXBuildFile; fileRef = 583C9C751CCEEC5700E6FD9D /* AddictionListInterfaceController.swift */; };
		5841B3341CD228910024AC99 /* NewRecordInterfaceController.swift in Sources */ = {isa = PBXBuildFile; fileRef = 5841B3331CD228910024AC99 /* NewRecordInterfaceController.swift */; };
		5841B3381CD2495A0024AC99 /* GlanceInterfaceController.swift in Sources */ = {isa = PBXBuildFile; fileRef = 5841B3371CD2495A0024AC99 /* GlanceInterfaceController.swift */; };
		584897861CAC641E00CA18CE /* OnBoardingViewController.swift in Sources */ = {isa = PBXBuildFile; fileRef = 584897851CAC641E00CA18CE /* OnBoardingViewController.swift */; };
		58548BBD1C8BA33800C7C940 /* LocalAuthentication.framework in Frameworks */ = {isa = PBXBuildFile; fileRef = 58548BBC1C8BA33800C7C940 /* LocalAuthentication.framework */; };
		58548BBF1C8BA8D900C7C940 /* PasscodeViewController.swift in Sources */ = {isa = PBXBuildFile; fileRef = 58548BBE1C8BA8D900C7C940 /* PasscodeViewController.swift */; };
		58548BC91C8BBBCF00C7C940 /* RecordCircleTypeView.swift in Sources */ = {isa = PBXBuildFile; fileRef = 58548BC81C8BBBCF00C7C940 /* RecordCircleTypeView.swift */; };
		58548BDE1C8BE18100C7C940 /* AddRecordViewController.swift in Sources */ = {isa = PBXBuildFile; fileRef = 58548BD51C8BE18100C7C940 /* AddRecordViewController.swift */; };
		58548BE01C8BE18100C7C940 /* NewDateTableViewCell.swift in Sources */ = {isa = PBXBuildFile; fileRef = 58548BD81C8BE18100C7C940 /* NewDateTableViewCell.swift */; };
		58548BE11C8BE18100C7C940 /* NewIntensityTableViewCell.swift in Sources */ = {isa = PBXBuildFile; fileRef = 58548BD91C8BE18100C7C940 /* NewIntensityTableViewCell.swift */; };
		58548BE21C8BE18100C7C940 /* NewPlaceTableViewCell.swift in Sources */ = {isa = PBXBuildFile; fileRef = 58548BDA1C8BE18100C7C940 /* NewPlaceTableViewCell.swift */; };
		58548BE31C8BE18100C7C940 /* NewTextTableViewCell.swift in Sources */ = {isa = PBXBuildFile; fileRef = 58548BDB1C8BE18100C7C940 /* NewTextTableViewCell.swift */; };
		58548BE91C8BE1E400C7C940 /* SearchAdditionViewController.swift in Sources */ = {isa = PBXBuildFile; fileRef = 58548BE81C8BE1E400C7C940 /* SearchAdditionViewController.swift */; };
		5864FD7A1CDFC2F900656664 /* CSVExportOperation.swift in Sources */ = {isa = PBXBuildFile; fileRef = 5864FD781CDFC2F900656664 /* CSVExportOperation.swift */; };
		5864FD7B1CDFC2F900656664 /* XLSExportOperation.swift in Sources */ = {isa = PBXBuildFile; fileRef = 5864FD791CDFC2F900656664 /* XLSExportOperation.swift */; };
		5864FD7D1CDFC31D00656664 /* CSVImportOperation.swift in Sources */ = {isa = PBXBuildFile; fileRef = 5864FD7C1CDFC31D00656664 /* CSVImportOperation.swift */; };
		5864FD7F1CDFC3B000656664 /* ExportOperation.swift in Sources */ = {isa = PBXBuildFile; fileRef = 5864FD7E1CDFC3B000656664 /* ExportOperation.swift */; };
		5864FD831CDFC53100656664 /* DependnProducts.swift in Sources */ = {isa = PBXBuildFile; fileRef = 5864FD811CDFC53100656664 /* DependnProducts.swift */; };
		5864FD841CDFC53100656664 /* IAPHelper.swift in Sources */ = {isa = PBXBuildFile; fileRef = 5864FD821CDFC53100656664 /* IAPHelper.swift */; };
		5864FD861CDFCEE500656664 /* PortraitNavigationController.swift in Sources */ = {isa = PBXBuildFile; fileRef = 5864FD851CDFCEE500656664 /* PortraitNavigationController.swift */; };
		58669A9B1CD0FEB0002BDED3 /* Localizable.strings in Resources */ = {isa = PBXBuildFile; fileRef = 58669A9D1CD0FEB0002BDED3 /* Localizable.strings */; };
		58669AA11CD10376002BDED3 /* SHDateFormatterProximity.swift in Sources */ = {isa = PBXBuildFile; fileRef = 58669AA01CD10376002BDED3 /* SHDateFormatterProximity.swift */; };
		58669AA51CD1159C002BDED3 /* WatchNewEntryInfoOperation.swift in Sources */ = {isa = PBXBuildFile; fileRef = 58669AA41CD1159C002BDED3 /* WatchNewEntryInfoOperation.swift */; };
		586EDA361CA3567D00DAE496 /* TimeSinceLastRecord.swift in Sources */ = {isa = PBXBuildFile; fileRef = 586EDA351CA3567D00DAE496 /* TimeSinceLastRecord.swift */; };
		587046BA1CD0C93D00C2F23B /* MainInterfaceController.swift in Sources */ = {isa = PBXBuildFile; fileRef = 587046B91CD0C93D00C2F23B /* MainInterfaceController.swift */; };
		58754E111CE382A000961ED6 /* Settings.bundle in Resources */ = {isa = PBXBuildFile; fileRef = 58754E101CE382A000961ED6 /* Settings.bundle */; };
		587CB0F11CD1577B00FCDB48 /* WatchSessionManager.swift in Sources */ = {isa = PBXBuildFile; fileRef = 587CB0F01CD1577B00FCDB48 /* WatchSessionManager.swift */; };
		587CB0F31CD157A000FCDB48 /* WatchSessionManager.swift in Sources */ = {isa = PBXBuildFile; fileRef = 587CB0F21CD157A000FCDB48 /* WatchSessionManager.swift */; };
		587CB0F51CD170AE00FCDB48 /* PlaceListInterfaceController.swift in Sources */ = {isa = PBXBuildFile; fileRef = 587CB0F41CD170AE00FCDB48 /* PlaceListInterfaceController.swift */; };
		58858ADD1C84520100E8A794 /* Dependn.xcdatamodeld in Sources */ = {isa = PBXBuildFile; fileRef = 58DF62BF1C83BDEE0035F608 /* Dependn.xcdatamodeld */; };
		58AD8B381C9178D40008CD9C /* UIViewController+TitleView.swift in Sources */ = {isa = PBXBuildFile; fileRef = 58AD8B371C9178D40008CD9C /* UIViewController+TitleView.swift */; };
		58AED4861CD121330037BFB1 /* CoreDataOperation.swift in Sources */ = {isa = PBXBuildFile; fileRef = 58AED4851CD121330037BFB1 /* CoreDataOperation.swift */; };
		58BB15881CA1F91A00E3E06A /* Place+CoreDataProperties.swift in Sources */ = {isa = PBXBuildFile; fileRef = 58BB15861CA1F91A00E3E06A /* Place+CoreDataProperties.swift */; };
		58BB158D1CA1F93400E3E06A /* Place.swift in Sources */ = {isa = PBXBuildFile; fileRef = 58BB158C1CA1F93400E3E06A /* Place.swift */; };
		58BB158F1CA1F98500E3E06A /* Place+Repository.swift in Sources */ = {isa = PBXBuildFile; fileRef = 58BB158E1CA1F98500E3E06A /* Place+Repository.swift */; };
		58BB15921CA20D0D00E3E06A /* PlacesViewController.swift in Sources */ = {isa = PBXBuildFile; fileRef = 58BB15911CA20D0D00E3E06A /* PlacesViewController.swift */; };
		58BB15941CA20D3400E3E06A /* PlaceCell.swift in Sources */ = {isa = PBXBuildFile; fileRef = 58BB15931CA20D3400E3E06A /* PlaceCell.swift */; };
		58CF71821CA815090092458F /* ShortStatsOperation.swift in Sources */ = {isa = PBXBuildFile; fileRef = 58CF71811CA815090092458F /* ShortStatsOperation.swift */; };
		58DC7A0B1C8C57A5007F9F5D /* AddRecordTextViewController.swift in Sources */ = {isa = PBXBuildFile; fileRef = 58DC7A0A1C8C57A5007F9F5D /* AddRecordTextViewController.swift */; };
		58DC7A0D1C8CD873007F9F5D /* NewAddictionTableViewCell.swift in Sources */ = {isa = PBXBuildFile; fileRef = 58DC7A0C1C8CD873007F9F5D /* NewAddictionTableViewCell.swift */; };
		58DF62C21C83BDEE0035F608 /* AppDelegate.swift in Sources */ = {isa = PBXBuildFile; fileRef = 58DF629E1C83BDEE0035F608 /* AppDelegate.swift */; };
		58DF62C31C83BDEE0035F608 /* Assets.xcassets in Resources */ = {isa = PBXBuildFile; fileRef = 58DF629F1C83BDEE0035F608 /* Assets.xcassets */; };
		58DF62C41C83BDEE0035F608 /* LaunchScreen.storyboard in Resources */ = {isa = PBXBuildFile; fileRef = 58DF62A01C83BDEE0035F608 /* LaunchScreen.storyboard */; };
		58DF62C51C83BDEE0035F608 /* Main.storyboard in Resources */ = {isa = PBXBuildFile; fileRef = 58DF62A21C83BDEE0035F608 /* Main.storyboard */; };
		58DF62C61C83BDEE0035F608 /* HistoryTableViewCell.swift in Sources */ = {isa = PBXBuildFile; fileRef = 58DF62A61C83BDEE0035F608 /* HistoryTableViewCell.swift */; };
		58DF62C71C83BDEE0035F608 /* HistoryViewController.swift in Sources */ = {isa = PBXBuildFile; fileRef = 58DF62A71C83BDEE0035F608 /* HistoryViewController.swift */; };
		58DF62CB1C83BDEE0035F608 /* InfoPlist.strings in Resources */ = {isa = PBXBuildFile; fileRef = 58DF62AD1C83BDEE0035F608 /* InfoPlist.strings */; };
		58DF62CC1C83BDEE0035F608 /* Localizable.strings in Resources */ = {isa = PBXBuildFile; fileRef = 58DF62AF1C83BDEE0035F608 /* Localizable.strings */; };
		58DF62CE1C83BDEE0035F608 /* CoreDataStack.swift in Sources */ = {isa = PBXBuildFile; fileRef = 58DF62B31C83BDEE0035F608 /* CoreDataStack.swift */; };
		58DF62CF1C83BDEE0035F608 /* AverageIntensityOperation.swift in Sources */ = {isa = PBXBuildFile; fileRef = 58DF62B51C83BDEE0035F608 /* AverageIntensityOperation.swift */; };
		58DF62D01C83BDEE0035F608 /* AveragePerDayOperation.swift in Sources */ = {isa = PBXBuildFile; fileRef = 58DF62B61C83BDEE0035F608 /* AveragePerDayOperation.swift */; };
		58DF62D11C83BDEE0035F608 /* AverageTimeInBetweenTwoTakesOperation.swift in Sources */ = {isa = PBXBuildFile; fileRef = 58DF62B71C83BDEE0035F608 /* AverageTimeInBetweenTwoTakesOperation.swift */; };
		58DF62D21C83BDEE0035F608 /* CountOperation.swift in Sources */ = {isa = PBXBuildFile; fileRef = 58DF62B81C83BDEE0035F608 /* CountOperation.swift */; };
		58DF62D41C83BDEE0035F608 /* NearestPlaceOperation.swift in Sources */ = {isa = PBXBuildFile; fileRef = 58DF62BA1C83BDEE0035F608 /* NearestPlaceOperation.swift */; };
		58DF62D51C83BDEE0035F608 /* Record+Repository.swift in Sources */ = {isa = PBXBuildFile; fileRef = 58DF62BC1C83BDEE0035F608 /* Record+Repository.swift */; };
		58DF62D71C83BDEE0035F608 /* Record.swift in Sources */ = {isa = PBXBuildFile; fileRef = 58DF62BE1C83BDEE0035F608 /* Record.swift */; };
		58DF62D91C83BDEE0035F608 /* StyleSheet.swift in Sources */ = {isa = PBXBuildFile; fileRef = 58DF62C11C83BDEE0035F608 /* StyleSheet.swift */; };
		58E429B81C9243B80095F92D /* CloudKit.framework in Frameworks */ = {isa = PBXBuildFile; fileRef = 58E429B71C9243B80095F92D /* CloudKit.framework */; };
		58E9C47E1CD6407400991DC8 /* DeeplinkManager.swift in Sources */ = {isa = PBXBuildFile; fileRef = 58E9C47D1CD6407400991DC8 /* DeeplinkManager.swift */; };
		58F092BF1C9615AA00DF4ADC /* Interface.storyboard in Resources */ = {isa = PBXBuildFile; fileRef = 58F092BD1C9615AA00DF4ADC /* Interface.storyboard */; };
		58F092C11C9615AA00DF4ADC /* Assets.xcassets in Resources */ = {isa = PBXBuildFile; fileRef = 58F092C01C9615AA00DF4ADC /* Assets.xcassets */; };
		58F092C81C9615AB00DF4ADC /* Watch Extension.appex in Embed App Extensions */ = {isa = PBXBuildFile; fileRef = 58F092C71C9615AB00DF4ADC /* Watch Extension.appex */; settings = {ATTRIBUTES = (RemoveHeadersOnCopy, ); }; };
		58F092CD1C9615AB00DF4ADC /* TodayInterfaceController.swift in Sources */ = {isa = PBXBuildFile; fileRef = 58F092CC1C9615AB00DF4ADC /* TodayInterfaceController.swift */; };
		58F092CF1C9615AB00DF4ADC /* ExtensionDelegate.swift in Sources */ = {isa = PBXBuildFile; fileRef = 58F092CE1C9615AB00DF4ADC /* ExtensionDelegate.swift */; };
		58F092D11C9615AB00DF4ADC /* Assets.xcassets in Resources */ = {isa = PBXBuildFile; fileRef = 58F092D01C9615AB00DF4ADC /* Assets.xcassets */; };
		FE13DF52A68AA47D8184F97D /* Pods_Dependn.framework in Frameworks */ = {isa = PBXBuildFile; fileRef = DAE1FEA29CFCF5CB9F1B7A41 /* Pods_Dependn.framework */; };
/* End PBXBuildFile section */

/* Begin PBXContainerItemProxy section */
		583C9C621CCEBA9C00E6FD9D /* PBXContainerItemProxy */ = {
			isa = PBXContainerItemProxy;
			containerPortal = 589065C81C7A3F2F00F7F6DC /* Project object */;
			proxyType = 1;
			remoteGlobalIDString = 58F092BA1C9615AA00DF4ADC;
			remoteInfo = Watch;
		};
		58F092C91C9615AB00DF4ADC /* PBXContainerItemProxy */ = {
			isa = PBXContainerItemProxy;
			containerPortal = 589065C81C7A3F2F00F7F6DC /* Project object */;
			proxyType = 1;
			remoteGlobalIDString = 58F092C61C9615AB00DF4ADC;
			remoteInfo = "Watch Extension";
		};
/* End PBXContainerItemProxy section */

/* Begin PBXCopyFilesBuildPhase section */
		583C9C641CCEBAA200E6FD9D /* Embed Watch Content */ = {
			isa = PBXCopyFilesBuildPhase;
			buildActionMask = 2147483647;
			dstPath = "$(CONTENTS_FOLDER_PATH)/Watch";
			dstSubfolderSpec = 16;
			files = (
				583C9C661CCEBAC600E6FD9D /* Watch.app in Embed Watch Content */,
			);
			name = "Embed Watch Content";
			runOnlyForDeploymentPostprocessing = 0;
		};
		5890660A1C7A489800F7F6DC /* Embed Frameworks */ = {
			isa = PBXCopyFilesBuildPhase;
			buildActionMask = 2147483647;
			dstPath = "";
			dstSubfolderSpec = 10;
			files = (
			);
			name = "Embed Frameworks";
			runOnlyForDeploymentPostprocessing = 0;
		};
		5890660E1C7A48B700F7F6DC /* CopyFiles */ = {
			isa = PBXCopyFilesBuildPhase;
			buildActionMask = 2147483647;
			dstPath = "";
			dstSubfolderSpec = 16;
			files = (
			);
			runOnlyForDeploymentPostprocessing = 0;
		};
		58F092DB1C9615AB00DF4ADC /* Embed App Extensions */ = {
			isa = PBXCopyFilesBuildPhase;
			buildActionMask = 2147483647;
			dstPath = "";
			dstSubfolderSpec = 13;
			files = (
				58F092C81C9615AB00DF4ADC /* Watch Extension.appex in Embed App Extensions */,
			);
			name = "Embed App Extensions";
			runOnlyForDeploymentPostprocessing = 0;
		};
/* End PBXCopyFilesBuildPhase section */

/* Begin PBXFileReference section */
		15FB76A5C4926643FAD8141E /* StatsPanelScroller.swift */ = {isa = PBXFileReference; fileEncoding = 4; lastKnownFileType = sourcecode.swift; path = StatsPanelScroller.swift; sourceTree = "<group>"; };
		1B3495A2BA0FC80954921D93 /* Pods.framework */ = {isa = PBXFileReference; explicitFileType = wrapper.framework; includeInIndex = 0; path = Pods.framework; sourceTree = BUILT_PRODUCTS_DIR; };
		5803C8681CD4F45A00CAE9E8 /* IntensityChooserInterfaceController.swift */ = {isa = PBXFileReference; fileEncoding = 4; lastKnownFileType = sourcecode.swift; path = IntensityChooserInterfaceController.swift; sourceTree = "<group>"; };
		580BB9D21CDF8BC10068D413 /* Analytics.swift */ = {isa = PBXFileReference; fileEncoding = 4; lastKnownFileType = sourcecode.swift; path = Analytics.swift; sourceTree = "<group>"; };
		580BB9D41CDFA5B70068D413 /* TitleValueTableRowController.swift */ = {isa = PBXFileReference; fileEncoding = 4; lastKnownFileType = sourcecode.swift; path = TitleValueTableRowController.swift; sourceTree = "<group>"; };
		581803431CDB513A0026305B /* TimeUtils.swift */ = {isa = PBXFileReference; fileEncoding = 4; lastKnownFileType = sourcecode.swift; path = TimeUtils.swift; sourceTree = "<group>"; };
		581803491CDB675C0026305B /* StoreKit.framework */ = {isa = PBXFileReference; lastKnownFileType = wrapper.framework; name = StoreKit.framework; path = System/Library/Frameworks/StoreKit.framework; sourceTree = SDKROOT; };
		581AFC2C1CE15BC700F02663 /* TableHeaderView.swift */ = {isa = PBXFileReference; fileEncoding = 4; lastKnownFileType = sourcecode.swift; path = TableHeaderView.swift; sourceTree = "<group>"; };
		581CCC341C8F76B3006A8FAD /* IntensityGradientView.swift */ = {isa = PBXFileReference; fileEncoding = 4; lastKnownFileType = sourcecode.swift; path = IntensityGradientView.swift; sourceTree = "<group>"; };
		581CCC361C8F7FE0006A8FAD /* StatsPanelView.swift */ = {isa = PBXFileReference; fileEncoding = 4; lastKnownFileType = sourcecode.swift; path = StatsPanelView.swift; sourceTree = "<group>"; };
		581DC5CF1C8B2ED0006DE551 /* Addiction+CoreDataProperties.swift */ = {isa = PBXFileReference; fileEncoding = 4; lastKnownFileType = sourcecode.swift; name = "Addiction+CoreDataProperties.swift"; path = "../Addiction+CoreDataProperties.swift"; sourceTree = "<group>"; };
		581DC5D01C8B2ED0006DE551 /* Addiction.swift */ = {isa = PBXFileReference; fileEncoding = 4; lastKnownFileType = sourcecode.swift; path = Addiction.swift; sourceTree = "<group>"; };
		581DC5D11C8B2ED0006DE551 /* Record+CoreDataProperties.swift */ = {isa = PBXFileReference; fileEncoding = 4; lastKnownFileType = sourcecode.swift; name = "Record+CoreDataProperties.swift"; path = "../Record+CoreDataProperties.swift"; sourceTree = "<group>"; };
		581DC5D61C8B3172006DE551 /* Addiction+Repository.swift */ = {isa = PBXFileReference; fileEncoding = 4; lastKnownFileType = sourcecode.swift; path = "Addiction+Repository.swift"; sourceTree = "<group>"; };
		581DC5D91C8B37F4006DE551 /* SettingsViewController.swift */ = {isa = PBXFileReference; fileEncoding = 4; lastKnownFileType = sourcecode.swift; path = SettingsViewController.swift; sourceTree = "<group>"; };
		581DC5DB1C8B38AD006DE551 /* SettingsTableViewCell.swift */ = {isa = PBXFileReference; fileEncoding = 4; lastKnownFileType = sourcecode.swift; path = SettingsTableViewCell.swift; sourceTree = "<group>"; };
		581DC5DE1C8B3C5D006DE551 /* AddictionListViewController.swift */ = {isa = PBXFileReference; fileEncoding = 4; lastKnownFileType = sourcecode.swift; path = AddictionListViewController.swift; sourceTree = "<group>"; };
		581DC5E01C8B3CE1006DE551 /* AddictionTableViewCell.swift */ = {isa = PBXFileReference; fileEncoding = 4; lastKnownFileType = sourcecode.swift; path = AddictionTableViewCell.swift; sourceTree = "<group>"; };
		581DC5E61C8B73D3006DE551 /* UserDefaults.swift */ = {isa = PBXFileReference; fileEncoding = 4; lastKnownFileType = sourcecode.swift; path = UserDefaults.swift; sourceTree = "<group>"; };
		5826034A1CF0B47900EA9F57 /* DependencyChooserCell.swift */ = {isa = PBXFileReference; fileEncoding = 4; lastKnownFileType = sourcecode.swift; path = DependencyChooserCell.swift; sourceTree = "<group>"; };
		5826034B1CF0B47900EA9F57 /* DependencyChooserViewController.swift */ = {isa = PBXFileReference; fileEncoding = 4; lastKnownFileType = sourcecode.swift; path = DependencyChooserViewController.swift; sourceTree = "<group>"; };
		582820C81CAF1288002DC9AF /* OkButton.swift */ = {isa = PBXFileReference; fileEncoding = 4; lastKnownFileType = sourcecode.swift; path = OkButton.swift; sourceTree = "<group>"; };
		582820CA1CAF1DD7002DC9AF /* HistoryEmptyView.swift */ = {isa = PBXFileReference; fileEncoding = 4; lastKnownFileType = sourcecode.swift; path = HistoryEmptyView.swift; sourceTree = "<group>"; };
		583C014F1CBA565700E0D41C /* InitialImportPlacesOperation.swift */ = {isa = PBXFileReference; fileEncoding = 4; lastKnownFileType = sourcecode.swift; path = InitialImportPlacesOperation.swift; sourceTree = "<group>"; };
		583C9C671CCEC62900E6FD9D /* YesterdayInterfaceController.swift */ = {isa = PBXFileReference; fileEncoding = 4; lastKnownFileType = sourcecode.swift; path = YesterdayInterfaceController.swift; sourceTree = "<group>"; };
		583C9C691CCEC71000E6FD9D /* TwoDaysAgoInterfaceController.swift */ = {isa = PBXFileReference; fileEncoding = 4; lastKnownFileType = sourcecode.swift; path = TwoDaysAgoInterfaceController.swift; sourceTree = "<group>"; };
		583C9C6B1CCEC71C00E6FD9D /* ThreeDaysAgoInterfaceController.swift */ = {isa = PBXFileReference; fileEncoding = 4; lastKnownFileType = sourcecode.swift; path = ThreeDaysAgoInterfaceController.swift; sourceTree = "<group>"; };
		583C9C6F1CCECA9500E6FD9D /* WatchStatsOperation.swift */ = {isa = PBXFileReference; fileEncoding = 4; lastKnownFileType = sourcecode.swift; path = WatchStatsOperation.swift; sourceTree = "<group>"; };
		583C9C711CCEE28500E6FD9D /* DayInterfaceController.swift */ = {isa = PBXFileReference; fileEncoding = 4; lastKnownFileType = sourcecode.swift; path = DayInterfaceController.swift; sourceTree = "<group>"; };
		583C9C731CCEEC3400E6FD9D /* DefaultTableRowController.swift */ = {isa = PBXFileReference; fileEncoding = 4; lastKnownFileType = sourcecode.swift; path = DefaultTableRowController.swift; sourceTree = "<group>"; };
		583C9C751CCEEC5700E6FD9D /* AddictionListInterfaceController.swift */ = {isa = PBXFileReference; fileEncoding = 4; lastKnownFileType = sourcecode.swift; path = AddictionListInterfaceController.swift; sourceTree = "<group>"; };
		5841B3331CD228910024AC99 /* NewRecordInterfaceController.swift */ = {isa = PBXFileReference; fileEncoding = 4; lastKnownFileType = sourcecode.swift; path = NewRecordInterfaceController.swift; sourceTree = "<group>"; };
		5841B3371CD2495A0024AC99 /* GlanceInterfaceController.swift */ = {isa = PBXFileReference; fileEncoding = 4; lastKnownFileType = sourcecode.swift; path = GlanceInterfaceController.swift; sourceTree = "<group>"; };
		584897851CAC641E00CA18CE /* OnBoardingViewController.swift */ = {isa = PBXFileReference; fileEncoding = 4; lastKnownFileType = sourcecode.swift; path = OnBoardingViewController.swift; sourceTree = "<group>"; };
		58548BBC1C8BA33800C7C940 /* LocalAuthentication.framework */ = {isa = PBXFileReference; lastKnownFileType = wrapper.framework; name = LocalAuthentication.framework; path = System/Library/Frameworks/LocalAuthentication.framework; sourceTree = SDKROOT; };
		58548BBE1C8BA8D900C7C940 /* PasscodeViewController.swift */ = {isa = PBXFileReference; fileEncoding = 4; lastKnownFileType = sourcecode.swift; path = PasscodeViewController.swift; sourceTree = "<group>"; };
		58548BC81C8BBBCF00C7C940 /* RecordCircleTypeView.swift */ = {isa = PBXFileReference; fileEncoding = 4; lastKnownFileType = sourcecode.swift; path = RecordCircleTypeView.swift; sourceTree = "<group>"; };
		58548BD51C8BE18100C7C940 /* AddRecordViewController.swift */ = {isa = PBXFileReference; fileEncoding = 4; lastKnownFileType = sourcecode.swift; path = AddRecordViewController.swift; sourceTree = "<group>"; };
		58548BD81C8BE18100C7C940 /* NewDateTableViewCell.swift */ = {isa = PBXFileReference; fileEncoding = 4; lastKnownFileType = sourcecode.swift; path = NewDateTableViewCell.swift; sourceTree = "<group>"; };
		58548BD91C8BE18100C7C940 /* NewIntensityTableViewCell.swift */ = {isa = PBXFileReference; fileEncoding = 4; lastKnownFileType = sourcecode.swift; path = NewIntensityTableViewCell.swift; sourceTree = "<group>"; };
		58548BDA1C8BE18100C7C940 /* NewPlaceTableViewCell.swift */ = {isa = PBXFileReference; fileEncoding = 4; lastKnownFileType = sourcecode.swift; path = NewPlaceTableViewCell.swift; sourceTree = "<group>"; };
		58548BDB1C8BE18100C7C940 /* NewTextTableViewCell.swift */ = {isa = PBXFileReference; fileEncoding = 4; lastKnownFileType = sourcecode.swift; path = NewTextTableViewCell.swift; sourceTree = "<group>"; };
		58548BE81C8BE1E400C7C940 /* SearchAdditionViewController.swift */ = {isa = PBXFileReference; fileEncoding = 4; lastKnownFileType = sourcecode.swift; path = SearchAdditionViewController.swift; sourceTree = "<group>"; };
		5864FD781CDFC2F900656664 /* CSVExportOperation.swift */ = {isa = PBXFileReference; fileEncoding = 4; lastKnownFileType = sourcecode.swift; path = CSVExportOperation.swift; sourceTree = "<group>"; };
		5864FD791CDFC2F900656664 /* XLSExportOperation.swift */ = {isa = PBXFileReference; fileEncoding = 4; lastKnownFileType = sourcecode.swift; path = XLSExportOperation.swift; sourceTree = "<group>"; };
		5864FD7C1CDFC31D00656664 /* CSVImportOperation.swift */ = {isa = PBXFileReference; fileEncoding = 4; lastKnownFileType = sourcecode.swift; path = CSVImportOperation.swift; sourceTree = "<group>"; };
		5864FD7E1CDFC3B000656664 /* ExportOperation.swift */ = {isa = PBXFileReference; fileEncoding = 4; lastKnownFileType = sourcecode.swift; path = ExportOperation.swift; sourceTree = "<group>"; };
		5864FD811CDFC53100656664 /* DependnProducts.swift */ = {isa = PBXFileReference; fileEncoding = 4; lastKnownFileType = sourcecode.swift; path = DependnProducts.swift; sourceTree = "<group>"; };
		5864FD821CDFC53100656664 /* IAPHelper.swift */ = {isa = PBXFileReference; fileEncoding = 4; lastKnownFileType = sourcecode.swift; path = IAPHelper.swift; sourceTree = "<group>"; };
		5864FD851CDFCEE500656664 /* PortraitNavigationController.swift */ = {isa = PBXFileReference; fileEncoding = 4; lastKnownFileType = sourcecode.swift; path = PortraitNavigationController.swift; sourceTree = "<group>"; };
		58669A9C1CD0FEB0002BDED3 /* Base */ = {isa = PBXFileReference; lastKnownFileType = text.plist.strings; name = Base; path = Base.lproj/Localizable.strings; sourceTree = "<group>"; };
		58669A9E1CD0FEB3002BDED3 /* fr */ = {isa = PBXFileReference; lastKnownFileType = text.plist.strings; name = fr; path = fr.lproj/Localizable.strings; sourceTree = "<group>"; };
		58669A9F1CD0FEB4002BDED3 /* en */ = {isa = PBXFileReference; lastKnownFileType = text.plist.strings; name = en; path = en.lproj/Localizable.strings; sourceTree = "<group>"; };
		58669AA01CD10376002BDED3 /* SHDateFormatterProximity.swift */ = {isa = PBXFileReference; fileEncoding = 4; lastKnownFileType = sourcecode.swift; path = SHDateFormatterProximity.swift; sourceTree = "<group>"; };
		58669AA41CD1159C002BDED3 /* WatchNewEntryInfoOperation.swift */ = {isa = PBXFileReference; fileEncoding = 4; lastKnownFileType = sourcecode.swift; path = WatchNewEntryInfoOperation.swift; sourceTree = "<group>"; };
		586EDA351CA3567D00DAE496 /* TimeSinceLastRecord.swift */ = {isa = PBXFileReference; fileEncoding = 4; lastKnownFileType = sourcecode.swift; path = TimeSinceLastRecord.swift; sourceTree = "<group>"; };
		587046B91CD0C93D00C2F23B /* MainInterfaceController.swift */ = {isa = PBXFileReference; fileEncoding = 4; lastKnownFileType = sourcecode.swift; path = MainInterfaceController.swift; sourceTree = "<group>"; };
		58754E101CE382A000961ED6 /* Settings.bundle */ = {isa = PBXFileReference; lastKnownFileType = "wrapper.plug-in"; path = Settings.bundle; sourceTree = "<group>"; };
		587CB0F01CD1577B00FCDB48 /* WatchSessionManager.swift */ = {isa = PBXFileReference; fileEncoding = 4; lastKnownFileType = sourcecode.swift; path = WatchSessionManager.swift; sourceTree = "<group>"; };
		587CB0F21CD157A000FCDB48 /* WatchSessionManager.swift */ = {isa = PBXFileReference; fileEncoding = 4; lastKnownFileType = sourcecode.swift; path = WatchSessionManager.swift; sourceTree = "<group>"; };
		587CB0F41CD170AE00FCDB48 /* PlaceListInterfaceController.swift */ = {isa = PBXFileReference; fileEncoding = 4; lastKnownFileType = sourcecode.swift; path = PlaceListInterfaceController.swift; sourceTree = "<group>"; };
		588D8C9B1C8F1861005BA8EB /* Base */ = {isa = PBXFileReference; lastKnownFileType = text.plist.strings; name = Base; path = Base.lproj/Localizable.strings; sourceTree = "<group>"; };
		588D8C9D1C8F1898005BA8EB /* fr */ = {isa = PBXFileReference; lastKnownFileType = text.plist.strings; name = fr; path = fr.lproj/Main.strings; sourceTree = "<group>"; };
		588D8C9F1C8F18A4005BA8EB /* fr */ = {isa = PBXFileReference; lastKnownFileType = text.plist.strings; name = fr; path = fr.lproj/LaunchScreen.strings; sourceTree = "<group>"; };
		589065D01C7A3F2F00F7F6DC /* Dependn.app */ = {isa = PBXFileReference; explicitFileType = wrapper.application; includeInIndex = 0; path = Dependn.app; sourceTree = BUILT_PRODUCTS_DIR; };
		58AD8B371C9178D40008CD9C /* UIViewController+TitleView.swift */ = {isa = PBXFileReference; fileEncoding = 4; lastKnownFileType = sourcecode.swift; path = "UIViewController+TitleView.swift"; sourceTree = "<group>"; };
		58AED4851CD121330037BFB1 /* CoreDataOperation.swift */ = {isa = PBXFileReference; fileEncoding = 4; lastKnownFileType = sourcecode.swift; path = CoreDataOperation.swift; sourceTree = "<group>"; };
		58BB15861CA1F91A00E3E06A /* Place+CoreDataProperties.swift */ = {isa = PBXFileReference; fileEncoding = 4; lastKnownFileType = sourcecode.swift; path = "Place+CoreDataProperties.swift"; sourceTree = "<group>"; };
		58BB158C1CA1F93400E3E06A /* Place.swift */ = {isa = PBXFileReference; fileEncoding = 4; lastKnownFileType = sourcecode.swift; path = Place.swift; sourceTree = "<group>"; };
		58BB158E1CA1F98500E3E06A /* Place+Repository.swift */ = {isa = PBXFileReference; fileEncoding = 4; lastKnownFileType = sourcecode.swift; path = "Place+Repository.swift"; sourceTree = "<group>"; };
		58BB15911CA20D0D00E3E06A /* PlacesViewController.swift */ = {isa = PBXFileReference; fileEncoding = 4; lastKnownFileType = sourcecode.swift; path = PlacesViewController.swift; sourceTree = "<group>"; };
		58BB15931CA20D3400E3E06A /* PlaceCell.swift */ = {isa = PBXFileReference; fileEncoding = 4; lastKnownFileType = sourcecode.swift; path = PlaceCell.swift; sourceTree = "<group>"; };
		58CF71811CA815090092458F /* ShortStatsOperation.swift */ = {isa = PBXFileReference; fileEncoding = 4; lastKnownFileType = sourcecode.swift; path = ShortStatsOperation.swift; sourceTree = "<group>"; };
		58DC7A0A1C8C57A5007F9F5D /* AddRecordTextViewController.swift */ = {isa = PBXFileReference; fileEncoding = 4; lastKnownFileType = sourcecode.swift; path = AddRecordTextViewController.swift; sourceTree = "<group>"; };
		58DC7A0C1C8CD873007F9F5D /* NewAddictionTableViewCell.swift */ = {isa = PBXFileReference; fileEncoding = 4; lastKnownFileType = sourcecode.swift; path = NewAddictionTableViewCell.swift; sourceTree = "<group>"; };
		58DF629E1C83BDEE0035F608 /* AppDelegate.swift */ = {isa = PBXFileReference; fileEncoding = 4; lastKnownFileType = sourcecode.swift; path = AppDelegate.swift; sourceTree = "<group>"; };
		58DF629F1C83BDEE0035F608 /* Assets.xcassets */ = {isa = PBXFileReference; lastKnownFileType = folder.assetcatalog; path = Assets.xcassets; sourceTree = "<group>"; };
		58DF62A11C83BDEE0035F608 /* Base */ = {isa = PBXFileReference; lastKnownFileType = file.storyboard; name = Base; path = Base.lproj/LaunchScreen.storyboard; sourceTree = "<group>"; };
		58DF62A31C83BDEE0035F608 /* Base */ = {isa = PBXFileReference; lastKnownFileType = file.storyboard; name = Base; path = Base.lproj/Main.storyboard; sourceTree = "<group>"; };
		58DF62A61C83BDEE0035F608 /* HistoryTableViewCell.swift */ = {isa = PBXFileReference; fileEncoding = 4; lastKnownFileType = sourcecode.swift; path = HistoryTableViewCell.swift; sourceTree = "<group>"; };
		58DF62A71C83BDEE0035F608 /* HistoryViewController.swift */ = {isa = PBXFileReference; fileEncoding = 4; lastKnownFileType = sourcecode.swift; path = HistoryViewController.swift; sourceTree = "<group>"; };
		58DF62AE1C83BDEE0035F608 /* fr */ = {isa = PBXFileReference; lastKnownFileType = text.plist.strings; name = fr; path = fr.lproj/InfoPlist.strings; sourceTree = "<group>"; };
		58DF62B01C83BDEE0035F608 /* fr */ = {isa = PBXFileReference; lastKnownFileType = text.plist.strings; name = fr; path = fr.lproj/Localizable.strings; sourceTree = "<group>"; };
		58DF62B11C83BDEE0035F608 /* Info.plist */ = {isa = PBXFileReference; fileEncoding = 4; lastKnownFileType = text.plist.xml; path = Info.plist; sourceTree = "<group>"; };
		58DF62B31C83BDEE0035F608 /* CoreDataStack.swift */ = {isa = PBXFileReference; fileEncoding = 4; lastKnownFileType = sourcecode.swift; path = CoreDataStack.swift; sourceTree = "<group>"; };
		58DF62B51C83BDEE0035F608 /* AverageIntensityOperation.swift */ = {isa = PBXFileReference; fileEncoding = 4; lastKnownFileType = sourcecode.swift; path = AverageIntensityOperation.swift; sourceTree = "<group>"; };
		58DF62B61C83BDEE0035F608 /* AveragePerDayOperation.swift */ = {isa = PBXFileReference; fileEncoding = 4; lastKnownFileType = sourcecode.swift; path = AveragePerDayOperation.swift; sourceTree = "<group>"; };
		58DF62B71C83BDEE0035F608 /* AverageTimeInBetweenTwoTakesOperation.swift */ = {isa = PBXFileReference; fileEncoding = 4; lastKnownFileType = sourcecode.swift; path = AverageTimeInBetweenTwoTakesOperation.swift; sourceTree = "<group>"; };
		58DF62B81C83BDEE0035F608 /* CountOperation.swift */ = {isa = PBXFileReference; fileEncoding = 4; lastKnownFileType = sourcecode.swift; path = CountOperation.swift; sourceTree = "<group>"; };
		58DF62BA1C83BDEE0035F608 /* NearestPlaceOperation.swift */ = {isa = PBXFileReference; fileEncoding = 4; lastKnownFileType = sourcecode.swift; path = NearestPlaceOperation.swift; sourceTree = "<group>"; };
		58DF62BC1C83BDEE0035F608 /* Record+Repository.swift */ = {isa = PBXFileReference; fileEncoding = 4; lastKnownFileType = sourcecode.swift; path = "Record+Repository.swift"; sourceTree = "<group>"; };
		58DF62BE1C83BDEE0035F608 /* Record.swift */ = {isa = PBXFileReference; fileEncoding = 4; lastKnownFileType = sourcecode.swift; path = Record.swift; sourceTree = "<group>"; };
		58DF62C01C83BDEE0035F608 /* Dependn.xcdatamodel */ = {isa = PBXFileReference; lastKnownFileType = wrapper.xcdatamodel; path = Dependn.xcdatamodel; sourceTree = "<group>"; };
		58DF62C11C83BDEE0035F608 /* StyleSheet.swift */ = {isa = PBXFileReference; fileEncoding = 4; lastKnownFileType = sourcecode.swift; path = StyleSheet.swift; sourceTree = "<group>"; };
		58E429B21C9232BF0095F92D /* en */ = {isa = PBXFileReference; lastKnownFileType = text.plist.strings; name = en; path = en.lproj/LaunchScreen.strings; sourceTree = "<group>"; };
		58E429B31C9232BF0095F92D /* en */ = {isa = PBXFileReference; lastKnownFileType = text.plist.strings; name = en; path = en.lproj/Main.strings; sourceTree = "<group>"; };
		58E429B41C9232BF0095F92D /* en */ = {isa = PBXFileReference; lastKnownFileType = text.plist.strings; name = en; path = en.lproj/InfoPlist.strings; sourceTree = "<group>"; };
		58E429B51C9232BF0095F92D /* en */ = {isa = PBXFileReference; lastKnownFileType = text.plist.strings; name = en; path = en.lproj/Localizable.strings; sourceTree = "<group>"; };
		58E429B61C923DF20095F92D /* Dependn.entitlements */ = {isa = PBXFileReference; lastKnownFileType = text.xml; path = Dependn.entitlements; sourceTree = "<group>"; };
		58E429B71C9243B80095F92D /* CloudKit.framework */ = {isa = PBXFileReference; lastKnownFileType = wrapper.framework; name = CloudKit.framework; path = System/Library/Frameworks/CloudKit.framework; sourceTree = SDKROOT; };
		58E9C47D1CD6407400991DC8 /* DeeplinkManager.swift */ = {isa = PBXFileReference; fileEncoding = 4; lastKnownFileType = sourcecode.swift; path = DeeplinkManager.swift; sourceTree = "<group>"; };
		58F092BB1C9615AA00DF4ADC /* Watch.app */ = {isa = PBXFileReference; explicitFileType = wrapper.application; includeInIndex = 0; path = Watch.app; sourceTree = BUILT_PRODUCTS_DIR; };
		58F092BE1C9615AA00DF4ADC /* Base */ = {isa = PBXFileReference; lastKnownFileType = file.storyboard; name = Base; path = Base.lproj/Interface.storyboard; sourceTree = "<group>"; };
		58F092C01C9615AA00DF4ADC /* Assets.xcassets */ = {isa = PBXFileReference; lastKnownFileType = folder.assetcatalog; path = Assets.xcassets; sourceTree = "<group>"; };
		58F092C21C9615AA00DF4ADC /* Info.plist */ = {isa = PBXFileReference; lastKnownFileType = text.plist.xml; path = Info.plist; sourceTree = "<group>"; };
		58F092C71C9615AB00DF4ADC /* Watch Extension.appex */ = {isa = PBXFileReference; explicitFileType = "wrapper.app-extension"; includeInIndex = 0; path = "Watch Extension.appex"; sourceTree = BUILT_PRODUCTS_DIR; };
		58F092CC1C9615AB00DF4ADC /* TodayInterfaceController.swift */ = {isa = PBXFileReference; lastKnownFileType = sourcecode.swift; path = TodayInterfaceController.swift; sourceTree = "<group>"; };
		58F092CE1C9615AB00DF4ADC /* ExtensionDelegate.swift */ = {isa = PBXFileReference; lastKnownFileType = sourcecode.swift; path = ExtensionDelegate.swift; sourceTree = "<group>"; };
		58F092D01C9615AB00DF4ADC /* Assets.xcassets */ = {isa = PBXFileReference; lastKnownFileType = folder.assetcatalog; path = Assets.xcassets; sourceTree = "<group>"; };
		58F092D21C9615AB00DF4ADC /* Info.plist */ = {isa = PBXFileReference; lastKnownFileType = text.plist.xml; path = Info.plist; sourceTree = "<group>"; };
		C09CD8CFDAFA6B00C5114286 /* Pods-Dependn.release.xcconfig */ = {isa = PBXFileReference; includeInIndex = 1; lastKnownFileType = text.xcconfig; name = "Pods-Dependn.release.xcconfig"; path = "Pods/Target Support Files/Pods-Dependn/Pods-Dependn.release.xcconfig"; sourceTree = "<group>"; };
		DAE1FEA29CFCF5CB9F1B7A41 /* Pods_Dependn.framework */ = {isa = PBXFileReference; explicitFileType = wrapper.framework; includeInIndex = 0; path = Pods_Dependn.framework; sourceTree = BUILT_PRODUCTS_DIR; };
		E66218247728D8F7859EFFDF /* Pods-Dependn.debug.xcconfig */ = {isa = PBXFileReference; includeInIndex = 1; lastKnownFileType = text.xcconfig; name = "Pods-Dependn.debug.xcconfig"; path = "Pods/Target Support Files/Pods-Dependn/Pods-Dependn.debug.xcconfig"; sourceTree = "<group>"; };
/* End PBXFileReference section */

/* Begin PBXFrameworksBuildPhase section */
		589065CD1C7A3F2F00F7F6DC /* Frameworks */ = {
			isa = PBXFrameworksBuildPhase;
			buildActionMask = 2147483647;
			files = (
				58E429B81C9243B80095F92D /* CloudKit.framework in Frameworks */,
				58548BBD1C8BA33800C7C940 /* LocalAuthentication.framework in Frameworks */,
				FE13DF52A68AA47D8184F97D /* Pods_Dependn.framework in Frameworks */,
				5818034A1CDB675C0026305B /* StoreKit.framework in Frameworks */,
			);
			runOnlyForDeploymentPostprocessing = 0;
		};
		58F092C41C9615AB00DF4ADC /* Frameworks */ = {
			isa = PBXFrameworksBuildPhase;
			buildActionMask = 2147483647;
			files = (
			);
			runOnlyForDeploymentPostprocessing = 0;
		};
/* End PBXFrameworksBuildPhase section */

/* Begin PBXGroup section */
		3CB90D88DB523D4AC4BA388F /* Pods */ = {
			isa = PBXGroup;
			children = (
				E66218247728D8F7859EFFDF /* Pods-Dependn.debug.xcconfig */,
				C09CD8CFDAFA6B00C5114286 /* Pods-Dependn.release.xcconfig */,
			);
			name = Pods;
			sourceTree = "<group>";
		};
		581DC5D51C8B2EE2006DE551 /* CoreData */ = {
			isa = PBXGroup;
			children = (
				581DC5CF1C8B2ED0006DE551 /* Addiction+CoreDataProperties.swift */,
				581DC5D11C8B2ED0006DE551 /* Record+CoreDataProperties.swift */,
				58BB15861CA1F91A00E3E06A /* Place+CoreDataProperties.swift */,
			);
			path = CoreData;
			sourceTree = "<group>";
		};
		581DC5D81C8B37E5006DE551 /* Settings */ = {
			isa = PBXGroup;
			children = (
				581DC5D91C8B37F4006DE551 /* SettingsViewController.swift */,
				581DC5DB1C8B38AD006DE551 /* SettingsTableViewCell.swift */,
			);
			path = Settings;
			sourceTree = "<group>";
		};
		581DC5DD1C8B3C41006DE551 /* Addiction */ = {
			isa = PBXGroup;
			children = (
				581DC5DE1C8B3C5D006DE551 /* AddictionListViewController.swift */,
				581DC5E01C8B3CE1006DE551 /* AddictionTableViewCell.swift */,
				58DC7A0C1C8CD873007F9F5D /* NewAddictionTableViewCell.swift */,
			);
			path = Addiction;
			sourceTree = "<group>";
		};
		582603491CF0B47900EA9F57 /* DependencyChooser */ = {
			isa = PBXGroup;
			children = (
				5826034B1CF0B47900EA9F57 /* DependencyChooserViewController.swift */,
				5826034A1CF0B47900EA9F57 /* DependencyChooserCell.swift */,
			);
			path = DependencyChooser;
			sourceTree = "<group>";
		};
		584897841CAC60C800CA18CE /* OnBoarding */ = {
			isa = PBXGroup;
			children = (
				5864FD851CDFCEE500656664 /* PortraitNavigationController.swift */,
				584897851CAC641E00CA18CE /* OnBoardingViewController.swift */,
				582820C81CAF1288002DC9AF /* OkButton.swift */,
			);
			path = OnBoarding;
			sourceTree = "<group>";
		};
		58548BB91C8B9A6000C7C940 /* Passcode */ = {
			isa = PBXGroup;
			children = (
				58548BBE1C8BA8D900C7C940 /* PasscodeViewController.swift */,
			);
			path = Passcode;
			sourceTree = "<group>";
		};
		58548BC71C8BBBB300C7C940 /* Common */ = {
			isa = PBXGroup;
			children = (
				58548BC81C8BBBCF00C7C940 /* RecordCircleTypeView.swift */,
				581CCC341C8F76B3006A8FAD /* IntensityGradientView.swift */,
				58AD8B371C9178D40008CD9C /* UIViewController+TitleView.swift */,
				581AFC2C1CE15BC700F02663 /* TableHeaderView.swift */,
			);
			path = Common;
			sourceTree = "<group>";
		};
		58548BD41C8BE18100C7C940 /* Record */ = {
			isa = PBXGroup;
			children = (
				58548BD51C8BE18100C7C940 /* AddRecordViewController.swift */,
				58DC7A0A1C8C57A5007F9F5D /* AddRecordTextViewController.swift */,
				58548BD61C8BE18100C7C940 /* Cells */,
			);
			path = Record;
			sourceTree = "<group>";
		};
		58548BD61C8BE18100C7C940 /* Cells */ = {
			isa = PBXGroup;
			children = (
				58548BD81C8BE18100C7C940 /* NewDateTableViewCell.swift */,
				58548BD91C8BE18100C7C940 /* NewIntensityTableViewCell.swift */,
				58548BDA1C8BE18100C7C940 /* NewPlaceTableViewCell.swift */,
				58548BDB1C8BE18100C7C940 /* NewTextTableViewCell.swift */,
			);
			path = Cells;
			sourceTree = "<group>";
		};
		58548BE71C8BE1E400C7C940 /* Search */ = {
			isa = PBXGroup;
			children = (
				58548BE81C8BE1E400C7C940 /* SearchAdditionViewController.swift */,
			);
			path = Search;
			sourceTree = "<group>";
		};
		5864FD771CDFC2DE00656664 /* Export */ = {
			isa = PBXGroup;
			children = (
				5864FD7E1CDFC3B000656664 /* ExportOperation.swift */,
				5864FD781CDFC2F900656664 /* CSVExportOperation.swift */,
				5864FD7C1CDFC31D00656664 /* CSVImportOperation.swift */,
				5864FD791CDFC2F900656664 /* XLSExportOperation.swift */,
				5864FD801CDFC53100656664 /* IAP */,
			);
			path = Export;
			sourceTree = "<group>";
		};
		5864FD801CDFC53100656664 /* IAP */ = {
			isa = PBXGroup;
			children = (
				5864FD811CDFC53100656664 /* DependnProducts.swift */,
				5864FD821CDFC53100656664 /* IAPHelper.swift */,
			);
			name = IAP;
			path = Dependn/Models/IAP;
			sourceTree = SOURCE_ROOT;
		};
		587CB0F61CD178FC00FCDB48 /* Time scale */ = {
			isa = PBXGroup;
			children = (
				583C9C711CCEE28500E6FD9D /* DayInterfaceController.swift */,
				58F092CC1C9615AB00DF4ADC /* TodayInterfaceController.swift */,
				583C9C671CCEC62900E6FD9D /* YesterdayInterfaceController.swift */,
				583C9C691CCEC71000E6FD9D /* TwoDaysAgoInterfaceController.swift */,
				583C9C6B1CCEC71C00E6FD9D /* ThreeDaysAgoInterfaceController.swift */,
			);
			name = "Time scale";
			sourceTree = "<group>";
		};
		587CB0F71CD1790D00FCDB48 /* AddRecord */ = {
			isa = PBXGroup;
			children = (
				5841B3331CD228910024AC99 /* NewRecordInterfaceController.swift */,
				583C9C751CCEEC5700E6FD9D /* AddictionListInterfaceController.swift */,
				587CB0F41CD170AE00FCDB48 /* PlaceListInterfaceController.swift */,
				583C9C731CCEEC3400E6FD9D /* DefaultTableRowController.swift */,
				5803C8681CD4F45A00CAE9E8 /* IntensityChooserInterfaceController.swift */,
				580BB9D41CDFA5B70068D413 /* TitleValueTableRowController.swift */,
			);
			name = AddRecord;
			sourceTree = "<group>";
		};
		589065C71C7A3F2F00F7F6DC = {
			isa = PBXGroup;
			children = (
				58DF629D1C83BDEE0035F608 /* Dependn */,
				58F092BC1C9615AA00DF4ADC /* Watch */,
				58F092CB1C9615AB00DF4ADC /* Watch Extension */,
				589065D11C7A3F2F00F7F6DC /* Products */,
				66DCDB919917457AB34E771F /* Frameworks */,
				3CB90D88DB523D4AC4BA388F /* Pods */,
			);
			sourceTree = "<group>";
		};
		589065D11C7A3F2F00F7F6DC /* Products */ = {
			isa = PBXGroup;
			children = (
				589065D01C7A3F2F00F7F6DC /* Dependn.app */,
				58F092BB1C9615AA00DF4ADC /* Watch.app */,
				58F092C71C9615AB00DF4ADC /* Watch Extension.appex */,
			);
			name = Products;
			sourceTree = "<group>";
		};
		58BB15901CA20D0D00E3E06A /* Places */ = {
			isa = PBXGroup;
			children = (
				58BB15911CA20D0D00E3E06A /* PlacesViewController.swift */,
				58BB15931CA20D3400E3E06A /* PlaceCell.swift */,
			);
			path = Places;
			sourceTree = "<group>";
		};
		58DF629D1C83BDEE0035F608 /* Dependn */ = {
			isa = PBXGroup;
			children = (
				58E429B61C923DF20095F92D /* Dependn.entitlements */,
				58DF629E1C83BDEE0035F608 /* AppDelegate.swift */,
				58DF62C11C83BDEE0035F608 /* StyleSheet.swift */,
				58DF629F1C83BDEE0035F608 /* Assets.xcassets */,
				58DF62A01C83BDEE0035F608 /* LaunchScreen.storyboard */,
				58DF62A21C83BDEE0035F608 /* Main.storyboard */,
				58DF62B21C83BDEE0035F608 /* Models */,
				58DF62A41C83BDEE0035F608 /* Controllers */,
				58DF62AD1C83BDEE0035F608 /* InfoPlist.strings */,
				58DF62AF1C83BDEE0035F608 /* Localizable.strings */,
				58DF62B11C83BDEE0035F608 /* Info.plist */,
				58DF62BF1C83BDEE0035F608 /* Dependn.xcdatamodeld */,
				58754E101CE382A000961ED6 /* Settings.bundle */,
			);
			path = Dependn;
			sourceTree = "<group>";
		};
		58DF62A41C83BDEE0035F608 /* Controllers */ = {
			isa = PBXGroup;
			children = (
				58548BC71C8BBBB300C7C940 /* Common */,
				584897841CAC60C800CA18CE /* OnBoarding */,
				582603491CF0B47900EA9F57 /* DependencyChooser */,
				58DF62A51C83BDEE0035F608 /* History */,
				58548BD41C8BE18100C7C940 /* Record */,
				58BB15901CA20D0D00E3E06A /* Places */,
				581DC5DD1C8B3C41006DE551 /* Addiction */,
				58548BE71C8BE1E400C7C940 /* Search */,
				581DC5D81C8B37E5006DE551 /* Settings */,
				58548BB91C8B9A6000C7C940 /* Passcode */,
				58E9C47D1CD6407400991DC8 /* DeeplinkManager.swift */,
			);
			path = Controllers;
			sourceTree = "<group>";
		};
		58DF62A51C83BDEE0035F608 /* History */ = {
			isa = PBXGroup;
			children = (
				58DF62A71C83BDEE0035F608 /* HistoryViewController.swift */,
				58DF62A61C83BDEE0035F608 /* HistoryTableViewCell.swift */,
				15FB76A5C4926643FAD8141E /* StatsPanelScroller.swift */,
				581CCC361C8F7FE0006A8FAD /* StatsPanelView.swift */,
				582820CA1CAF1DD7002DC9AF /* HistoryEmptyView.swift */,
			);
			path = History;
			sourceTree = "<group>";
		};
		58DF62B21C83BDEE0035F608 /* Models */ = {
			isa = PBXGroup;
			children = (
				58DF62B31C83BDEE0035F608 /* CoreDataStack.swift */,
				58DF62BE1C83BDEE0035F608 /* Record.swift */,
				581DC5D01C8B2ED0006DE551 /* Addiction.swift */,
				58BB158C1CA1F93400E3E06A /* Place.swift */,
				581DC5D51C8B2EE2006DE551 /* CoreData */,
				58DF62BB1C83BDEE0035F608 /* Repositories */,
				58DF62B41C83BDEE0035F608 /* Operations */,
				587CB0F21CD157A000FCDB48 /* WatchSessionManager.swift */,
				581DC5E61C8B73D3006DE551 /* UserDefaults.swift */,
				580BB9D21CDF8BC10068D413 /* Analytics.swift */,
			);
			path = Models;
			sourceTree = "<group>";
		};
		58DF62B41C83BDEE0035F608 /* Operations */ = {
			isa = PBXGroup;
			children = (
				58669AA41CD1159C002BDED3 /* WatchNewEntryInfoOperation.swift */,
				583C9C6F1CCECA9500E6FD9D /* WatchStatsOperation.swift */,
				58CF71811CA815090092458F /* ShortStatsOperation.swift */,
				58DF62B51C83BDEE0035F608 /* AverageIntensityOperation.swift */,
				58DF62B61C83BDEE0035F608 /* AveragePerDayOperation.swift */,
				58DF62B71C83BDEE0035F608 /* AverageTimeInBetweenTwoTakesOperation.swift */,
				58DF62B81C83BDEE0035F608 /* CountOperation.swift */,
				58DF62BA1C83BDEE0035F608 /* NearestPlaceOperation.swift */,
				586EDA351CA3567D00DAE496 /* TimeSinceLastRecord.swift */,
				583C014F1CBA565700E0D41C /* InitialImportPlacesOperation.swift */,
				58AED4851CD121330037BFB1 /* CoreDataOperation.swift */,
				5864FD771CDFC2DE00656664 /* Export */,
			);
			path = Operations;
			sourceTree = "<group>";
		};
		58DF62BB1C83BDEE0035F608 /* Repositories */ = {
			isa = PBXGroup;
			children = (
				58DF62BC1C83BDEE0035F608 /* Record+Repository.swift */,
				581DC5D61C8B3172006DE551 /* Addiction+Repository.swift */,
				58BB158E1CA1F98500E3E06A /* Place+Repository.swift */,
			);
			path = Repositories;
			sourceTree = "<group>";
		};
		58F092BC1C9615AA00DF4ADC /* Watch */ = {
			isa = PBXGroup;
			children = (
				58F092BD1C9615AA00DF4ADC /* Interface.storyboard */,
				58F092C01C9615AA00DF4ADC /* Assets.xcassets */,
				58F092C21C9615AA00DF4ADC /* Info.plist */,
			);
			path = Watch;
			sourceTree = "<group>";
		};
		58F092CB1C9615AB00DF4ADC /* Watch Extension */ = {
			isa = PBXGroup;
			children = (
				587CB0F01CD1577B00FCDB48 /* WatchSessionManager.swift */,
				58F092CE1C9615AB00DF4ADC /* ExtensionDelegate.swift */,
				5841B3371CD2495A0024AC99 /* GlanceInterfaceController.swift */,
				587046B91CD0C93D00C2F23B /* MainInterfaceController.swift */,
				587CB0F61CD178FC00FCDB48 /* Time scale */,
				587CB0F71CD1790D00FCDB48 /* AddRecord */,
				58669AA01CD10376002BDED3 /* SHDateFormatterProximity.swift */,
				581803431CDB513A0026305B /* TimeUtils.swift */,
				58F092D01C9615AB00DF4ADC /* Assets.xcassets */,
				58F092D21C9615AB00DF4ADC /* Info.plist */,
				58669A9D1CD0FEB0002BDED3 /* Localizable.strings */,
			);
			path = "Watch Extension";
			sourceTree = "<group>";
		};
		66DCDB919917457AB34E771F /* Frameworks */ = {
			isa = PBXGroup;
			children = (
				581803491CDB675C0026305B /* StoreKit.framework */,
				58E429B71C9243B80095F92D /* CloudKit.framework */,
				58548BBC1C8BA33800C7C940 /* LocalAuthentication.framework */,
				1B3495A2BA0FC80954921D93 /* Pods.framework */,
				DAE1FEA29CFCF5CB9F1B7A41 /* Pods_Dependn.framework */,
			);
			name = Frameworks;
			sourceTree = "<group>";
		};
/* End PBXGroup section */

/* Begin PBXNativeTarget section */
		589065CF1C7A3F2F00F7F6DC /* Dependn */ = {
			isa = PBXNativeTarget;
			buildConfigurationList = 589065FB1C7A3F2F00F7F6DC /* Build configuration list for PBXNativeTarget "Dependn" */;
			buildPhases = (
				78D910DF7A014E8B954AE046 /* Check Pods Manifest.lock */,
				589065CC1C7A3F2F00F7F6DC /* Sources */,
				589065CD1C7A3F2F00F7F6DC /* Frameworks */,
				589065CE1C7A3F2F00F7F6DC /* Resources */,
				5890660A1C7A489800F7F6DC /* Embed Frameworks */,
				5890660E1C7A48B700F7F6DC /* CopyFiles */,
				5888DC7B1C7B217600E01A32 /* Fabric */,
				02752BF4BCE3D4F09066974D /* Embed Pods Frameworks */,
				CBD50F783DA64145D4A06428 /* Copy Pods Resources */,
				583C9C641CCEBAA200E6FD9D /* Embed Watch Content */,
			);
			buildRules = (
			);
			dependencies = (
				583C9C631CCEBA9C00E6FD9D /* PBXTargetDependency */,
			);
			name = Dependn;
			productName = SmokeReporter;
			productReference = 589065D01C7A3F2F00F7F6DC /* Dependn.app */;
			productType = "com.apple.product-type.application";
		};
		58F092BA1C9615AA00DF4ADC /* Watch */ = {
			isa = PBXNativeTarget;
			buildConfigurationList = 58F092DC1C9615AB00DF4ADC /* Build configuration list for PBXNativeTarget "Watch" */;
			buildPhases = (
				58F092B91C9615AA00DF4ADC /* Resources */,
				58F092DB1C9615AB00DF4ADC /* Embed App Extensions */,
			);
			buildRules = (
			);
			dependencies = (
				58F092CA1C9615AB00DF4ADC /* PBXTargetDependency */,
			);
			name = Watch;
			productName = Watch;
			productReference = 58F092BB1C9615AA00DF4ADC /* Watch.app */;
			productType = "com.apple.product-type.application.watchapp2";
		};
		58F092C61C9615AB00DF4ADC /* Watch Extension */ = {
			isa = PBXNativeTarget;
			buildConfigurationList = 58F092DA1C9615AB00DF4ADC /* Build configuration list for PBXNativeTarget "Watch Extension" */;
			buildPhases = (
				58F092C31C9615AB00DF4ADC /* Sources */,
				58F092C41C9615AB00DF4ADC /* Frameworks */,
				58F092C51C9615AB00DF4ADC /* Resources */,
			);
			buildRules = (
			);
			dependencies = (
			);
			name = "Watch Extension";
			productName = "Watch Extension";
			productReference = 58F092C71C9615AB00DF4ADC /* Watch Extension.appex */;
			productType = "com.apple.product-type.watchkit2-extension";
		};
/* End PBXNativeTarget section */

/* Begin PBXProject section */
		589065C81C7A3F2F00F7F6DC /* Project object */ = {
			isa = PBXProject;
			attributes = {
				LastSwiftUpdateCheck = 0720;
				LastUpgradeCheck = 0720;
				ORGANIZATIONNAME = "David Miotti";
				TargetAttributes = {
					589065CF1C7A3F2F00F7F6DC = {
						CreatedOnToolsVersion = 7.2.1;
						DevelopmentTeam = 659B2N7HE9;
						SystemCapabilities = {
							com.apple.ApplicationGroups.iOS = {
								enabled = 1;
							};
							com.apple.DataProtection = {
								enabled = 1;
							};
							com.apple.InAppPurchase = {
								enabled = 1;
							};
							com.apple.iCloud = {
								enabled = 1;
							};
						};
					};
					58F092BA1C9615AA00DF4ADC = {
						CreatedOnToolsVersion = 7.2.1;
						DevelopmentTeam = 659B2N7HE9;
					};
					58F092C61C9615AB00DF4ADC = {
						CreatedOnToolsVersion = 7.2.1;
						DevelopmentTeam = 659B2N7HE9;
					};
				};
			};
			buildConfigurationList = 589065CB1C7A3F2F00F7F6DC /* Build configuration list for PBXProject "Dependn" */;
			compatibilityVersion = "Xcode 3.2";
			developmentRegion = English;
			hasScannedForEncodings = 0;
			knownRegions = (
				fr,
				Base,
				en,
			);
			mainGroup = 589065C71C7A3F2F00F7F6DC;
			productRefGroup = 589065D11C7A3F2F00F7F6DC /* Products */;
			projectDirPath = "";
			projectRoot = "";
			targets = (
				589065CF1C7A3F2F00F7F6DC /* Dependn */,
				58F092BA1C9615AA00DF4ADC /* Watch */,
				58F092C61C9615AB00DF4ADC /* Watch Extension */,
			);
		};
/* End PBXProject section */

/* Begin PBXResourcesBuildPhase section */
		589065CE1C7A3F2F00F7F6DC /* Resources */ = {
			isa = PBXResourcesBuildPhase;
			buildActionMask = 2147483647;
			files = (
				58DF62CC1C83BDEE0035F608 /* Localizable.strings in Resources */,
				58DF62C51C83BDEE0035F608 /* Main.storyboard in Resources */,
				58DF62CB1C83BDEE0035F608 /* InfoPlist.strings in Resources */,
				58DF62C31C83BDEE0035F608 /* Assets.xcassets in Resources */,
				58754E111CE382A000961ED6 /* Settings.bundle in Resources */,
				58DF62C41C83BDEE0035F608 /* LaunchScreen.storyboard in Resources */,
			);
			runOnlyForDeploymentPostprocessing = 0;
		};
		58F092B91C9615AA00DF4ADC /* Resources */ = {
			isa = PBXResourcesBuildPhase;
			buildActionMask = 2147483647;
			files = (
				58F092C11C9615AA00DF4ADC /* Assets.xcassets in Resources */,
				58F092BF1C9615AA00DF4ADC /* Interface.storyboard in Resources */,
			);
			runOnlyForDeploymentPostprocessing = 0;
		};
		58F092C51C9615AB00DF4ADC /* Resources */ = {
			isa = PBXResourcesBuildPhase;
			buildActionMask = 2147483647;
			files = (
				58F092D11C9615AB00DF4ADC /* Assets.xcassets in Resources */,
				58669A9B1CD0FEB0002BDED3 /* Localizable.strings in Resources */,
			);
			runOnlyForDeploymentPostprocessing = 0;
		};
/* End PBXResourcesBuildPhase section */

/* Begin PBXShellScriptBuildPhase section */
		02752BF4BCE3D4F09066974D /* Embed Pods Frameworks */ = {
			isa = PBXShellScriptBuildPhase;
			buildActionMask = 2147483647;
			files = (
			);
			inputPaths = (
			);
			name = "Embed Pods Frameworks";
			outputPaths = (
			);
			runOnlyForDeploymentPostprocessing = 0;
			shellPath = /bin/sh;
			shellScript = "\"${SRCROOT}/Pods/Target Support Files/Pods-Dependn/Pods-Dependn-frameworks.sh\"\n";
			showEnvVarsInLog = 0;
		};
		5888DC7B1C7B217600E01A32 /* Fabric */ = {
			isa = PBXShellScriptBuildPhase;
			buildActionMask = 2147483647;
			files = (
			);
			inputPaths = (
			);
			name = Fabric;
			outputPaths = (
			);
			runOnlyForDeploymentPostprocessing = 0;
			shellPath = /bin/sh;
			shellScript = "./Fabric.framework/run 1eae28d1e74276b776784b2e624fcafbe8be63d5 ba6ddef5d9aedbe90726d134beae9003786035d9528c15c59a784d82adc87e47";
		};
		78D910DF7A014E8B954AE046 /* Check Pods Manifest.lock */ = {
			isa = PBXShellScriptBuildPhase;
			buildActionMask = 2147483647;
			files = (
			);
			inputPaths = (
			);
			name = "Check Pods Manifest.lock";
			outputPaths = (
			);
			runOnlyForDeploymentPostprocessing = 0;
			shellPath = /bin/sh;
			shellScript = "diff \"${PODS_ROOT}/../Podfile.lock\" \"${PODS_ROOT}/Manifest.lock\" > /dev/null\nif [[ $? != 0 ]] ; then\n    cat << EOM\nerror: The sandbox is not in sync with the Podfile.lock. Run 'pod install' or update your CocoaPods installation.\nEOM\n    exit 1\nfi\n";
			showEnvVarsInLog = 0;
		};
		CBD50F783DA64145D4A06428 /* Copy Pods Resources */ = {
			isa = PBXShellScriptBuildPhase;
			buildActionMask = 2147483647;
			files = (
			);
			inputPaths = (
			);
			name = "Copy Pods Resources";
			outputPaths = (
			);
			runOnlyForDeploymentPostprocessing = 0;
			shellPath = /bin/sh;
			shellScript = "\"${SRCROOT}/Pods/Target Support Files/Pods-Dependn/Pods-Dependn-resources.sh\"\n";
			showEnvVarsInLog = 0;
		};
/* End PBXShellScriptBuildPhase section */

/* Begin PBXSourcesBuildPhase section */
		589065CC1C7A3F2F00F7F6DC /* Sources */ = {
			isa = PBXSourcesBuildPhase;
			buildActionMask = 2147483647;
			files = (
				581DC5D41C8B2ED0006DE551 /* Record+CoreDataProperties.swift in Sources */,
				58548BC91C8BBBCF00C7C940 /* RecordCircleTypeView.swift in Sources */,
				581DC5D31C8B2ED0006DE551 /* Addiction.swift in Sources */,
				582820C91CAF1288002DC9AF /* OkButton.swift in Sources */,
				58548BE01C8BE18100C7C940 /* NewDateTableViewCell.swift in Sources */,
				58858ADD1C84520100E8A794 /* Dependn.xcdatamodeld in Sources */,
				5864FD7A1CDFC2F900656664 /* CSVExportOperation.swift in Sources */,
				5826034C1CF0B47900EA9F57 /* DependencyChooserCell.swift in Sources */,
				581DC5E71C8B73D3006DE551 /* UserDefaults.swift in Sources */,
				58DF62CE1C83BDEE0035F608 /* CoreDataStack.swift in Sources */,
				58548BE21C8BE18100C7C940 /* NewPlaceTableViewCell.swift in Sources */,
				581DC5D71C8B3172006DE551 /* Addiction+Repository.swift in Sources */,
				58DF62C71C83BDEE0035F608 /* HistoryViewController.swift in Sources */,
				58DF62D21C83BDEE0035F608 /* CountOperation.swift in Sources */,
				58DF62D11C83BDEE0035F608 /* AverageTimeInBetweenTwoTakesOperation.swift in Sources */,
				586EDA361CA3567D00DAE496 /* TimeSinceLastRecord.swift in Sources */,
				58DF62C61C83BDEE0035F608 /* HistoryTableViewCell.swift in Sources */,
				58548BBF1C8BA8D900C7C940 /* PasscodeViewController.swift in Sources */,
				5826034D1CF0B47900EA9F57 /* DependencyChooserViewController.swift in Sources */,
				582820CB1CAF1DD7002DC9AF /* HistoryEmptyView.swift in Sources */,
				581DC5DF1C8B3C5D006DE551 /* AddictionListViewController.swift in Sources */,
				587CB0F31CD157A000FCDB48 /* WatchSessionManager.swift in Sources */,
				58DF62D71C83BDEE0035F608 /* Record.swift in Sources */,
				58DF62C21C83BDEE0035F608 /* AppDelegate.swift in Sources */,
				58DF62D51C83BDEE0035F608 /* Record+Repository.swift in Sources */,
				58AED4861CD121330037BFB1 /* CoreDataOperation.swift in Sources */,
				5864FD7F1CDFC3B000656664 /* ExportOperation.swift in Sources */,
				58BB158D1CA1F93400E3E06A /* Place.swift in Sources */,
				581DC5DA1C8B37F4006DE551 /* SettingsViewController.swift in Sources */,
				58548BE11C8BE18100C7C940 /* NewIntensityTableViewCell.swift in Sources */,
				581DC5D21C8B2ED0006DE551 /* Addiction+CoreDataProperties.swift in Sources */,
				584897861CAC641E00CA18CE /* OnBoardingViewController.swift in Sources */,
				58BB15941CA20D3400E3E06A /* PlaceCell.swift in Sources */,
				58AD8B381C9178D40008CD9C /* UIViewController+TitleView.swift in Sources */,
				581CCC371C8F7FE0006A8FAD /* StatsPanelView.swift in Sources */,
				581CCC351C8F76B3006A8FAD /* IntensityGradientView.swift in Sources */,
				58548BE91C8BE1E400C7C940 /* SearchAdditionViewController.swift in Sources */,
				5864FD7D1CDFC31D00656664 /* CSVImportOperation.swift in Sources */,
				58DF62D91C83BDEE0035F608 /* StyleSheet.swift in Sources */,
				58BB158F1CA1F98500E3E06A /* Place+Repository.swift in Sources */,
				58DF62CF1C83BDEE0035F608 /* AverageIntensityOperation.swift in Sources */,
				58CF71821CA815090092458F /* ShortStatsOperation.swift in Sources */,
				58548BE31C8BE18100C7C940 /* NewTextTableViewCell.swift in Sources */,
				58DF62D01C83BDEE0035F608 /* AveragePerDayOperation.swift in Sources */,
				581DC5E11C8B3CE1006DE551 /* AddictionTableViewCell.swift in Sources */,
				5864FD861CDFCEE500656664 /* PortraitNavigationController.swift in Sources */,
				58548BDE1C8BE18100C7C940 /* AddRecordViewController.swift in Sources */,
				583C01501CBA565700E0D41C /* InitialImportPlacesOperation.swift in Sources */,
				58669AA51CD1159C002BDED3 /* WatchNewEntryInfoOperation.swift in Sources */,
				58DC7A0D1C8CD873007F9F5D /* NewAddictionTableViewCell.swift in Sources */,
				58BB15881CA1F91A00E3E06A /* Place+CoreDataProperties.swift in Sources */,
				58DC7A0B1C8C57A5007F9F5D /* AddRecordTextViewController.swift in Sources */,
				5864FD7B1CDFC2F900656664 /* XLSExportOperation.swift in Sources */,
				58BB15921CA20D0D00E3E06A /* PlacesViewController.swift in Sources */,
				580BB9D31CDF8BC10068D413 /* Analytics.swift in Sources */,
				581AFC2D1CE15BC700F02663 /* TableHeaderView.swift in Sources */,
				583C9C701CCECA9500E6FD9D /* WatchStatsOperation.swift in Sources */,
				58DF62D41C83BDEE0035F608 /* NearestPlaceOperation.swift in Sources */,
				581DC5DC1C8B38AD006DE551 /* SettingsTableViewCell.swift in Sources */,
				15FB7F6E4E0BE28215AB023F /* StatsPanelScroller.swift in Sources */,
				5864FD841CDFC53100656664 /* IAPHelper.swift in Sources */,
				5864FD831CDFC53100656664 /* DependnProducts.swift in Sources */,
				58E9C47E1CD6407400991DC8 /* DeeplinkManager.swift in Sources */,
			);
			runOnlyForDeploymentPostprocessing = 0;
		};
		58F092C31C9615AB00DF4ADC /* Sources */ = {
			isa = PBXSourcesBuildPhase;
			buildActionMask = 2147483647;
			files = (
				587046BA1CD0C93D00C2F23B /* MainInterfaceController.swift in Sources */,
				58F092CF1C9615AB00DF4ADC /* ExtensionDelegate.swift in Sources */,
				583C9C741CCEEC3400E6FD9D /* DefaultTableRowController.swift in Sources */,
				583C9C681CCEC62900E6FD9D /* YesterdayInterfaceController.swift in Sources */,
				5841B3341CD228910024AC99 /* NewRecordInterfaceController.swift in Sources */,
				583C9C721CCEE28500E6FD9D /* DayInterfaceController.swift in Sources */,
				583C9C6A1CCEC71000E6FD9D /* TwoDaysAgoInterfaceController.swift in Sources */,
				587CB0F11CD1577B00FCDB48 /* WatchSessionManager.swift in Sources */,
				5803C8691CD4F45A00CAE9E8 /* IntensityChooserInterfaceController.swift in Sources */,
				587CB0F51CD170AE00FCDB48 /* PlaceListInterfaceController.swift in Sources */,
				581803441CDB513A0026305B /* TimeUtils.swift in Sources */,
				580BB9D51CDFA5B70068D413 /* TitleValueTableRowController.swift in Sources */,
				583C9C761CCEEC5700E6FD9D /* AddictionListInterfaceController.swift in Sources */,
				583C9C6C1CCEC71C00E6FD9D /* ThreeDaysAgoInterfaceController.swift in Sources */,
				5841B3381CD2495A0024AC99 /* GlanceInterfaceController.swift in Sources */,
				58F092CD1C9615AB00DF4ADC /* TodayInterfaceController.swift in Sources */,
				58669AA11CD10376002BDED3 /* SHDateFormatterProximity.swift in Sources */,
			);
			runOnlyForDeploymentPostprocessing = 0;
		};
/* End PBXSourcesBuildPhase section */

/* Begin PBXTargetDependency section */
		583C9C631CCEBA9C00E6FD9D /* PBXTargetDependency */ = {
			isa = PBXTargetDependency;
			target = 58F092BA1C9615AA00DF4ADC /* Watch */;
			targetProxy = 583C9C621CCEBA9C00E6FD9D /* PBXContainerItemProxy */;
		};
		58F092CA1C9615AB00DF4ADC /* PBXTargetDependency */ = {
			isa = PBXTargetDependency;
			target = 58F092C61C9615AB00DF4ADC /* Watch Extension */;
			targetProxy = 58F092C91C9615AB00DF4ADC /* PBXContainerItemProxy */;
		};
/* End PBXTargetDependency section */

/* Begin PBXVariantGroup section */
		58669A9D1CD0FEB0002BDED3 /* Localizable.strings */ = {
			isa = PBXVariantGroup;
			children = (
				58669A9C1CD0FEB0002BDED3 /* Base */,
				58669A9E1CD0FEB3002BDED3 /* fr */,
				58669A9F1CD0FEB4002BDED3 /* en */,
			);
			name = Localizable.strings;
			sourceTree = "<group>";
		};
		58DF62A01C83BDEE0035F608 /* LaunchScreen.storyboard */ = {
			isa = PBXVariantGroup;
			children = (
				58DF62A11C83BDEE0035F608 /* Base */,
				588D8C9F1C8F18A4005BA8EB /* fr */,
				58E429B21C9232BF0095F92D /* en */,
			);
			name = LaunchScreen.storyboard;
			sourceTree = "<group>";
		};
		58DF62A21C83BDEE0035F608 /* Main.storyboard */ = {
			isa = PBXVariantGroup;
			children = (
				58DF62A31C83BDEE0035F608 /* Base */,
				588D8C9D1C8F1898005BA8EB /* fr */,
				58E429B31C9232BF0095F92D /* en */,
			);
			name = Main.storyboard;
			sourceTree = "<group>";
		};
		58DF62AD1C83BDEE0035F608 /* InfoPlist.strings */ = {
			isa = PBXVariantGroup;
			children = (
				58DF62AE1C83BDEE0035F608 /* fr */,
				58E429B41C9232BF0095F92D /* en */,
			);
			name = InfoPlist.strings;
			sourceTree = "<group>";
		};
		58DF62AF1C83BDEE0035F608 /* Localizable.strings */ = {
			isa = PBXVariantGroup;
			children = (
				58DF62B01C83BDEE0035F608 /* fr */,
				588D8C9B1C8F1861005BA8EB /* Base */,
				58E429B51C9232BF0095F92D /* en */,
			);
			name = Localizable.strings;
			sourceTree = "<group>";
		};
		58F092BD1C9615AA00DF4ADC /* Interface.storyboard */ = {
			isa = PBXVariantGroup;
			children = (
				58F092BE1C9615AA00DF4ADC /* Base */,
			);
			name = Interface.storyboard;
			sourceTree = "<group>";
		};
/* End PBXVariantGroup section */

/* Begin XCBuildConfiguration section */
		589065F91C7A3F2F00F7F6DC /* Debug */ = {
			isa = XCBuildConfiguration;
			buildSettings = {
				ALWAYS_SEARCH_USER_PATHS = NO;
				CLANG_CXX_LANGUAGE_STANDARD = "gnu++0x";
				CLANG_CXX_LIBRARY = "libc++";
				CLANG_ENABLE_MODULES = YES;
				CLANG_ENABLE_OBJC_ARC = YES;
				CLANG_WARN_BOOL_CONVERSION = YES;
				CLANG_WARN_CONSTANT_CONVERSION = YES;
				CLANG_WARN_DIRECT_OBJC_ISA_USAGE = YES_ERROR;
				CLANG_WARN_EMPTY_BODY = YES;
				CLANG_WARN_ENUM_CONVERSION = YES;
				CLANG_WARN_INT_CONVERSION = YES;
				CLANG_WARN_OBJC_ROOT_CLASS = YES_ERROR;
				CLANG_WARN_UNREACHABLE_CODE = YES;
				CLANG_WARN__DUPLICATE_METHOD_MATCH = YES;
				COPY_PHASE_STRIP = NO;
				ENABLE_STRICT_OBJC_MSGSEND = YES;
				ENABLE_TESTABILITY = YES;
				GCC_C_LANGUAGE_STANDARD = gnu99;
				GCC_DYNAMIC_NO_PIC = NO;
				GCC_NO_COMMON_BLOCKS = YES;
				GCC_OPTIMIZATION_LEVEL = 0;
				GCC_PREPROCESSOR_DEFINITIONS = (
					"DEBUG=1",
					"$(inherited)",
				);
				GCC_WARN_64_TO_32_BIT_CONVERSION = YES;
				GCC_WARN_ABOUT_RETURN_TYPE = YES_ERROR;
				GCC_WARN_UNDECLARED_SELECTOR = YES;
				GCC_WARN_UNINITIALIZED_AUTOS = YES_AGGRESSIVE;
				GCC_WARN_UNUSED_FUNCTION = YES;
				GCC_WARN_UNUSED_VARIABLE = YES;
				IPHONEOS_DEPLOYMENT_TARGET = 9.0;
				MTL_ENABLE_DEBUG_INFO = YES;
				ONLY_ACTIVE_ARCH = YES;
				SDKROOT = iphoneos;
				SWIFT_OPTIMIZATION_LEVEL = "-Onone";
				TARGETED_DEVICE_FAMILY = "1,2";
			};
			name = Debug;
		};
		589065FA1C7A3F2F00F7F6DC /* Release */ = {
			isa = XCBuildConfiguration;
			buildSettings = {
				ALWAYS_SEARCH_USER_PATHS = NO;
				CLANG_CXX_LANGUAGE_STANDARD = "gnu++0x";
				CLANG_CXX_LIBRARY = "libc++";
				CLANG_ENABLE_MODULES = YES;
				CLANG_ENABLE_OBJC_ARC = YES;
				CLANG_WARN_BOOL_CONVERSION = YES;
				CLANG_WARN_CONSTANT_CONVERSION = YES;
				CLANG_WARN_DIRECT_OBJC_ISA_USAGE = YES_ERROR;
				CLANG_WARN_EMPTY_BODY = YES;
				CLANG_WARN_ENUM_CONVERSION = YES;
				CLANG_WARN_INT_CONVERSION = YES;
				CLANG_WARN_OBJC_ROOT_CLASS = YES_ERROR;
				CLANG_WARN_UNREACHABLE_CODE = YES;
				CLANG_WARN__DUPLICATE_METHOD_MATCH = YES;
				COPY_PHASE_STRIP = NO;
				ENABLE_NS_ASSERTIONS = NO;
				ENABLE_STRICT_OBJC_MSGSEND = YES;
				GCC_C_LANGUAGE_STANDARD = gnu99;
				GCC_NO_COMMON_BLOCKS = YES;
				GCC_WARN_64_TO_32_BIT_CONVERSION = YES;
				GCC_WARN_ABOUT_RETURN_TYPE = YES_ERROR;
				GCC_WARN_UNDECLARED_SELECTOR = YES;
				GCC_WARN_UNINITIALIZED_AUTOS = YES_AGGRESSIVE;
				GCC_WARN_UNUSED_FUNCTION = YES;
				GCC_WARN_UNUSED_VARIABLE = YES;
				IPHONEOS_DEPLOYMENT_TARGET = 9.0;
				MTL_ENABLE_DEBUG_INFO = NO;
				SDKROOT = iphoneos;
				SWIFT_OPTIMIZATION_LEVEL = "-Owholemodule";
				TARGETED_DEVICE_FAMILY = "1,2";
				VALIDATE_PRODUCT = YES;
			};
			name = Release;
		};
		589065FC1C7A3F2F00F7F6DC /* Debug */ = {
			isa = XCBuildConfiguration;
			baseConfigurationReference = E66218247728D8F7859EFFDF /* Pods-Dependn.debug.xcconfig */;
			buildSettings = {
				ASSETCATALOG_COMPILER_APPICON_NAME = AppIcon;
				CODE_SIGN_ENTITLEMENTS = Dependn/Dependn.entitlements;
				CODE_SIGN_IDENTITY = "iPhone Developer: David Miotti (A999UM69TM)";
				FRAMEWORK_SEARCH_PATHS = (
					"$(inherited)",
					"$(PROJECT_DIR)",
				);
				INFOPLIST_FILE = Dependn/Info.plist;
				IPHONEOS_DEPLOYMENT_TARGET = 9.0;
				LD_RUNPATH_SEARCH_PATHS = "$(inherited) @executable_path/Frameworks";
				OTHER_LDFLAGS = "$(inherited)";
				OTHER_SWIFT_FLAGS = "$(inherited) \"-D\" \"COCOAPODS\" \"-D\" \"DEBUG\"";
				PRODUCT_BUNDLE_IDENTIFIER = com.davidmiotti.dependn;
				PRODUCT_NAME = Dependn;
				PROVISIONING_PROFILE = "da44c5f8-6b01-4277-bfd4-24dc6bd7914c";
				TARGETED_DEVICE_FAMILY = 1;
			};
			name = Debug;
		};
		589065FD1C7A3F2F00F7F6DC /* Release */ = {
			isa = XCBuildConfiguration;
			baseConfigurationReference = C09CD8CFDAFA6B00C5114286 /* Pods-Dependn.release.xcconfig */;
			buildSettings = {
				ASSETCATALOG_COMPILER_APPICON_NAME = AppIcon;
				CODE_SIGN_ENTITLEMENTS = Dependn/Dependn.entitlements;
				CODE_SIGN_IDENTITY = "iPhone Distribution: David Miotti (659B2N7HE9)";
				FRAMEWORK_SEARCH_PATHS = (
					"$(inherited)",
					"$(PROJECT_DIR)",
				);
				INFOPLIST_FILE = Dependn/Info.plist;
				IPHONEOS_DEPLOYMENT_TARGET = 9.0;
				LD_RUNPATH_SEARCH_PATHS = "$(inherited) @executable_path/Frameworks";
				OTHER_LDFLAGS = "$(inherited)";
				PRODUCT_BUNDLE_IDENTIFIER = com.davidmiotti.dependn;
				PRODUCT_NAME = Dependn;
				PROVISIONING_PROFILE = "8901f76c-0e14-46ac-a282-287181f43c76";
				TARGETED_DEVICE_FAMILY = 1;
			};
			name = Release;
		};
		58F092D61C9615AB00DF4ADC /* Debug */ = {
			isa = XCBuildConfiguration;
			buildSettings = {
				ASSETCATALOG_COMPILER_APPICON_NAME = AppIcon;
				CODE_SIGN_IDENTITY = "iPhone Developer";
				DEBUG_INFORMATION_FORMAT = dwarf;
				EMBEDDED_CONTENT_CONTAINS_SWIFT = YES;
				IBSC_MODULE = Watch_Extension;
				INFOPLIST_FILE = Watch/Info.plist;
				PRODUCT_BUNDLE_IDENTIFIER = com.davidmiotti.dependn.watchkitapp;
				PRODUCT_NAME = "$(TARGET_NAME)";
				PROVISIONING_PROFILE = "480315f0-cc66-4b17-825b-f863fb86b703";
				SDKROOT = watchos;
				SKIP_INSTALL = YES;
				TARGETED_DEVICE_FAMILY = 4;
				WATCHOS_DEPLOYMENT_TARGET = 2.1;
			};
			name = Debug;
		};
		58F092D71C9615AB00DF4ADC /* Release */ = {
			isa = XCBuildConfiguration;
			buildSettings = {
				ASSETCATALOG_COMPILER_APPICON_NAME = AppIcon;
				CODE_SIGN_IDENTITY = "iPhone Developer";
				DEBUG_INFORMATION_FORMAT = "dwarf-with-dsym";
				EMBEDDED_CONTENT_CONTAINS_SWIFT = YES;
				IBSC_MODULE = Watch_Extension;
				INFOPLIST_FILE = Watch/Info.plist;
				PRODUCT_BUNDLE_IDENTIFIER = com.davidmiotti.dependn.watchkitapp;
				PRODUCT_NAME = "$(TARGET_NAME)";
				PROVISIONING_PROFILE = "9e8e24d0-febe-457c-bff9-a6941d49a0ca";
				SDKROOT = watchos;
				SKIP_INSTALL = YES;
				TARGETED_DEVICE_FAMILY = 4;
				WATCHOS_DEPLOYMENT_TARGET = 2.1;
			};
			name = Release;
		};
		58F092D81C9615AB00DF4ADC /* Debug */ = {
			isa = XCBuildConfiguration;
			buildSettings = {
				CODE_SIGN_IDENTITY = "iPhone Developer: David Miotti (A999UM69TM)";
				DEBUG_INFORMATION_FORMAT = dwarf;
				INFOPLIST_FILE = "Watch Extension/Info.plist";
				LD_RUNPATH_SEARCH_PATHS = "$(inherited) @executable_path/Frameworks @executable_path/../../Frameworks";
				PRODUCT_BUNDLE_IDENTIFIER = com.davidmiotti.dependn.watchkitapp.watchkitextension;
				PRODUCT_NAME = "${TARGET_NAME}";
				PROVISIONING_PROFILE = "89a5297c-50f1-4fa6-9cc7-6e6ac0e1a811";
				SDKROOT = watchos;
				SKIP_INSTALL = YES;
				TARGETED_DEVICE_FAMILY = 4;
				WATCHOS_DEPLOYMENT_TARGET = 2.1;
			};
			name = Debug;
		};
		58F092D91C9615AB00DF4ADC /* Release */ = {
			isa = XCBuildConfiguration;
			buildSettings = {
				CODE_SIGN_IDENTITY = "iPhone Distribution: David Miotti (659B2N7HE9)";
				DEBUG_INFORMATION_FORMAT = "dwarf-with-dsym";
				INFOPLIST_FILE = "Watch Extension/Info.plist";
				LD_RUNPATH_SEARCH_PATHS = "$(inherited) @executable_path/Frameworks @executable_path/../../Frameworks";
				PRODUCT_BUNDLE_IDENTIFIER = com.davidmiotti.dependn.watchkitapp.watchkitextension;
				PRODUCT_NAME = "${TARGET_NAME}";
				PROVISIONING_PROFILE = "509d27a9-374e-4381-8dd7-c43bc7ebd616";
				SDKROOT = watchos;
				SKIP_INSTALL = YES;
				TARGETED_DEVICE_FAMILY = 4;
				WATCHOS_DEPLOYMENT_TARGET = 2.1;
			};
			name = Release;
		};
/* End XCBuildConfiguration section */

/* Begin XCConfigurationList section */
		589065CB1C7A3F2F00F7F6DC /* Build configuration list for PBXProject "Dependn" */ = {
			isa = XCConfigurationList;
			buildConfigurations = (
				589065F91C7A3F2F00F7F6DC /* Debug */,
				589065FA1C7A3F2F00F7F6DC /* Release */,
			);
			defaultConfigurationIsVisible = 0;
			defaultConfigurationName = Release;
		};
		589065FB1C7A3F2F00F7F6DC /* Build configuration list for PBXNativeTarget "Dependn" */ = {
			isa = XCConfigurationList;
			buildConfigurations = (
				589065FC1C7A3F2F00F7F6DC /* Debug */,
				589065FD1C7A3F2F00F7F6DC /* Release */,
			);
			defaultConfigurationIsVisible = 0;
			defaultConfigurationName = Release;
		};
		58F092DA1C9615AB00DF4ADC /* Build configuration list for PBXNativeTarget "Watch Extension" */ = {
			isa = XCConfigurationList;
			buildConfigurations = (
				58F092D81C9615AB00DF4ADC /* Debug */,
				58F092D91C9615AB00DF4ADC /* Release */,
			);
			defaultConfigurationIsVisible = 0;
			defaultConfigurationName = Release;
		};
		58F092DC1C9615AB00DF4ADC /* Build configuration list for PBXNativeTarget "Watch" */ = {
			isa = XCConfigurationList;
			buildConfigurations = (
				58F092D61C9615AB00DF4ADC /* Debug */,
				58F092D71C9615AB00DF4ADC /* Release */,
			);
			defaultConfigurationIsVisible = 0;
			defaultConfigurationName = Release;
		};
/* End XCConfigurationList section */

/* Begin XCVersionGroup section */
		58DF62BF1C83BDEE0035F608 /* Dependn.xcdatamodeld */ = {
			isa = XCVersionGroup;
			children = (
				58DF62C01C83BDEE0035F608 /* Dependn.xcdatamodel */,
			);
			currentVersion = 58DF62C01C83BDEE0035F608 /* Dependn.xcdatamodel */;
			path = Dependn.xcdatamodeld;
			sourceTree = "<group>";
			versionGroupType = wrapper.xcdatamodel;
		};
/* End XCVersionGroup section */
	};
	rootObject = 589065C81C7A3F2F00F7F6DC /* Project object */;
}
