// !$*UTF8*$!
{
	archiveVersion = 1;
	classes = {
	};
	objectVersion = 46;
	objects = {

/* Begin PBXBuildFile section */
		581DC5D21C8B2ED0006DE551 /* Addiction+CoreDataProperties.swift in Sources */ = {isa = PBXBuildFile; fileRef = 581DC5CF1C8B2ED0006DE551 /* Addiction+CoreDataProperties.swift */; };
		581DC5D31C8B2ED0006DE551 /* Addiction.swift in Sources */ = {isa = PBXBuildFile; fileRef = 581DC5D01C8B2ED0006DE551 /* Addiction.swift */; };
		581DC5D41C8B2ED0006DE551 /* Record+CoreDataProperties.swift in Sources */ = {isa = PBXBuildFile; fileRef = 581DC5D11C8B2ED0006DE551 /* Record+CoreDataProperties.swift */; };
		581DC5D71C8B3172006DE551 /* Addiction+Repository.swift in Sources */ = {isa = PBXBuildFile; fileRef = 581DC5D61C8B3172006DE551 /* Addiction+Repository.swift */; };
		581DC5DA1C8B37F4006DE551 /* SettingsViewController.swift in Sources */ = {isa = PBXBuildFile; fileRef = 581DC5D91C8B37F4006DE551 /* SettingsViewController.swift */; };
		581DC5DC1C8B38AD006DE551 /* SettingsTableViewCell.swift in Sources */ = {isa = PBXBuildFile; fileRef = 581DC5DB1C8B38AD006DE551 /* SettingsTableViewCell.swift */; };
		581DC5DF1C8B3C5D006DE551 /* AddictionListViewController.swift in Sources */ = {isa = PBXBuildFile; fileRef = 581DC5DE1C8B3C5D006DE551 /* AddictionListViewController.swift */; };
		581DC5E11C8B3CE1006DE551 /* AddictionTableViewCell.swift in Sources */ = {isa = PBXBuildFile; fileRef = 581DC5E01C8B3CE1006DE551 /* AddictionTableViewCell.swift */; };
		581DC5E71C8B73D3006DE551 /* UserDefaults.swift in Sources */ = {isa = PBXBuildFile; fileRef = 581DC5E61C8B73D3006DE551 /* UserDefaults.swift */; };
		58548BBD1C8BA33800C7C940 /* LocalAuthentication.framework in Frameworks */ = {isa = PBXBuildFile; fileRef = 58548BBC1C8BA33800C7C940 /* LocalAuthentication.framework */; };
		58548BBF1C8BA8D900C7C940 /* HidingViewController.swift in Sources */ = {isa = PBXBuildFile; fileRef = 58548BBE1C8BA8D900C7C940 /* HidingViewController.swift */; };
		58548BC91C8BBBCF00C7C940 /* RecordCircleTypeView.swift in Sources */ = {isa = PBXBuildFile; fileRef = 58548BC81C8BBBCF00C7C940 /* RecordCircleTypeView.swift */; };
		58548BDE1C8BE18100C7C940 /* AddRecordViewController.swift in Sources */ = {isa = PBXBuildFile; fileRef = 58548BD51C8BE18100C7C940 /* AddRecordViewController.swift */; };
		58548BE01C8BE18100C7C940 /* NewDateTableViewCell.swift in Sources */ = {isa = PBXBuildFile; fileRef = 58548BD81C8BE18100C7C940 /* NewDateTableViewCell.swift */; };
		58548BE11C8BE18100C7C940 /* NewIntensityTableViewCell.swift in Sources */ = {isa = PBXBuildFile; fileRef = 58548BD91C8BE18100C7C940 /* NewIntensityTableViewCell.swift */; };
		58548BE21C8BE18100C7C940 /* NewPlaceTableViewCell.swift in Sources */ = {isa = PBXBuildFile; fileRef = 58548BDA1C8BE18100C7C940 /* NewPlaceTableViewCell.swift */; };
		58548BE31C8BE18100C7C940 /* NewTextTableViewCell.swift in Sources */ = {isa = PBXBuildFile; fileRef = 58548BDB1C8BE18100C7C940 /* NewTextTableViewCell.swift */; };
		58548BE91C8BE1E400C7C940 /* SearchAdditionViewController.swift in Sources */ = {isa = PBXBuildFile; fileRef = 58548BE81C8BE1E400C7C940 /* SearchAdditionViewController.swift */; };
		58858ADD1C84520100E8A794 /* Dependn.xcdatamodeld in Sources */ = {isa = PBXBuildFile; fileRef = 58DF62BF1C83BDEE0035F608 /* Dependn.xcdatamodeld */; };
		58DC7A0B1C8C57A5007F9F5D /* AddRecordTextViewController.swift in Sources */ = {isa = PBXBuildFile; fileRef = 58DC7A0A1C8C57A5007F9F5D /* AddRecordTextViewController.swift */; };
		58DC7A0D1C8CD873007F9F5D /* NewAddictionTableViewCell.swift in Sources */ = {isa = PBXBuildFile; fileRef = 58DC7A0C1C8CD873007F9F5D /* NewAddictionTableViewCell.swift */; };
		58DC7A0F1C8CEB92007F9F5D /* RecordDetailViewController.swift in Sources */ = {isa = PBXBuildFile; fileRef = 58DC7A0E1C8CEB92007F9F5D /* RecordDetailViewController.swift */; };
		58DF62C21C83BDEE0035F608 /* AppDelegate.swift in Sources */ = {isa = PBXBuildFile; fileRef = 58DF629E1C83BDEE0035F608 /* AppDelegate.swift */; };
		58DF62C31C83BDEE0035F608 /* Assets.xcassets in Resources */ = {isa = PBXBuildFile; fileRef = 58DF629F1C83BDEE0035F608 /* Assets.xcassets */; };
		58DF62C41C83BDEE0035F608 /* LaunchScreen.storyboard in Resources */ = {isa = PBXBuildFile; fileRef = 58DF62A01C83BDEE0035F608 /* LaunchScreen.storyboard */; };
		58DF62C51C83BDEE0035F608 /* Main.storyboard in Resources */ = {isa = PBXBuildFile; fileRef = 58DF62A21C83BDEE0035F608 /* Main.storyboard */; };
		58DF62C61C83BDEE0035F608 /* HistoryTableViewCell.swift in Sources */ = {isa = PBXBuildFile; fileRef = 58DF62A61C83BDEE0035F608 /* HistoryTableViewCell.swift */; };
		58DF62C71C83BDEE0035F608 /* HistoryViewController.swift in Sources */ = {isa = PBXBuildFile; fileRef = 58DF62A71C83BDEE0035F608 /* HistoryViewController.swift */; };
		58DF62C91C83BDEE0035F608 /* StatsCell.swift in Sources */ = {isa = PBXBuildFile; fileRef = 58DF62AB1C83BDEE0035F608 /* StatsCell.swift */; };
		58DF62CA1C83BDEE0035F608 /* StatsViewController.swift in Sources */ = {isa = PBXBuildFile; fileRef = 58DF62AC1C83BDEE0035F608 /* StatsViewController.swift */; };
		58DF62CB1C83BDEE0035F608 /* InfoPlist.strings in Resources */ = {isa = PBXBuildFile; fileRef = 58DF62AD1C83BDEE0035F608 /* InfoPlist.strings */; };
		58DF62CC1C83BDEE0035F608 /* Localizable.strings in Resources */ = {isa = PBXBuildFile; fileRef = 58DF62AF1C83BDEE0035F608 /* Localizable.strings */; };
		58DF62CE1C83BDEE0035F608 /* CoreDataStack.swift in Sources */ = {isa = PBXBuildFile; fileRef = 58DF62B31C83BDEE0035F608 /* CoreDataStack.swift */; };
		58DF62CF1C83BDEE0035F608 /* AverageIntensityOperation.swift in Sources */ = {isa = PBXBuildFile; fileRef = 58DF62B51C83BDEE0035F608 /* AverageIntensityOperation.swift */; };
		58DF62D01C83BDEE0035F608 /* AveragePerDayOperation.swift in Sources */ = {isa = PBXBuildFile; fileRef = 58DF62B61C83BDEE0035F608 /* AveragePerDayOperation.swift */; };
		58DF62D11C83BDEE0035F608 /* AverageTimeInBetweenTwoTakesOperation.swift in Sources */ = {isa = PBXBuildFile; fileRef = 58DF62B71C83BDEE0035F608 /* AverageTimeInBetweenTwoTakesOperation.swift */; };
		58DF62D21C83BDEE0035F608 /* CountOperation.swift in Sources */ = {isa = PBXBuildFile; fileRef = 58DF62B81C83BDEE0035F608 /* CountOperation.swift */; };
		58DF62D31C83BDEE0035F608 /* ExportOperation.swift in Sources */ = {isa = PBXBuildFile; fileRef = 58DF62B91C83BDEE0035F608 /* ExportOperation.swift */; };
		58DF62D41C83BDEE0035F608 /* NearestSmokeOperation.swift in Sources */ = {isa = PBXBuildFile; fileRef = 58DF62BA1C83BDEE0035F608 /* NearestSmokeOperation.swift */; };
		58DF62D51C83BDEE0035F608 /* Record+Repository.swift in Sources */ = {isa = PBXBuildFile; fileRef = 58DF62BC1C83BDEE0035F608 /* Record+Repository.swift */; };
		58DF62D71C83BDEE0035F608 /* Record.swift in Sources */ = {isa = PBXBuildFile; fileRef = 58DF62BE1C83BDEE0035F608 /* Record.swift */; };
		58DF62D91C83BDEE0035F608 /* StyleSheet.swift in Sources */ = {isa = PBXBuildFile; fileRef = 58DF62C11C83BDEE0035F608 /* StyleSheet.swift */; };
		FE13DF52A68AA47D8184F97D /* Pods_Dependn.framework in Frameworks */ = {isa = PBXBuildFile; fileRef = DAE1FEA29CFCF5CB9F1B7A41 /* Pods_Dependn.framework */; };
/* End PBXBuildFile section */

/* Begin PBXCopyFilesBuildPhase section */
		5890660A1C7A489800F7F6DC /* Embed Frameworks */ = {
			isa = PBXCopyFilesBuildPhase;
			buildActionMask = 2147483647;
			dstPath = "";
			dstSubfolderSpec = 10;
			files = (
			);
			name = "Embed Frameworks";
			runOnlyForDeploymentPostprocessing = 0;
		};
		5890660E1C7A48B700F7F6DC /* CopyFiles */ = {
			isa = PBXCopyFilesBuildPhase;
			buildActionMask = 2147483647;
			dstPath = "";
			dstSubfolderSpec = 16;
			files = (
			);
			runOnlyForDeploymentPostprocessing = 0;
		};
/* End PBXCopyFilesBuildPhase section */

/* Begin PBXFileReference section */
		1B3495A2BA0FC80954921D93 /* Pods.framework */ = {isa = PBXFileReference; explicitFileType = wrapper.framework; includeInIndex = 0; path = Pods.framework; sourceTree = BUILT_PRODUCTS_DIR; };
		581DC5CF1C8B2ED0006DE551 /* Addiction+CoreDataProperties.swift */ = {isa = PBXFileReference; fileEncoding = 4; lastKnownFileType = sourcecode.swift; name = "Addiction+CoreDataProperties.swift"; path = "../Addiction+CoreDataProperties.swift"; sourceTree = "<group>"; };
		581DC5D01C8B2ED0006DE551 /* Addiction.swift */ = {isa = PBXFileReference; fileEncoding = 4; lastKnownFileType = sourcecode.swift; path = Addiction.swift; sourceTree = "<group>"; };
		581DC5D11C8B2ED0006DE551 /* Record+CoreDataProperties.swift */ = {isa = PBXFileReference; fileEncoding = 4; lastKnownFileType = sourcecode.swift; name = "Record+CoreDataProperties.swift"; path = "../Record+CoreDataProperties.swift"; sourceTree = "<group>"; };
		581DC5D61C8B3172006DE551 /* Addiction+Repository.swift */ = {isa = PBXFileReference; fileEncoding = 4; lastKnownFileType = sourcecode.swift; path = "Addiction+Repository.swift"; sourceTree = "<group>"; };
		581DC5D91C8B37F4006DE551 /* SettingsViewController.swift */ = {isa = PBXFileReference; fileEncoding = 4; lastKnownFileType = sourcecode.swift; path = SettingsViewController.swift; sourceTree = "<group>"; };
		581DC5DB1C8B38AD006DE551 /* SettingsTableViewCell.swift */ = {isa = PBXFileReference; fileEncoding = 4; lastKnownFileType = sourcecode.swift; path = SettingsTableViewCell.swift; sourceTree = "<group>"; };
		581DC5DE1C8B3C5D006DE551 /* AddictionListViewController.swift */ = {isa = PBXFileReference; fileEncoding = 4; lastKnownFileType = sourcecode.swift; path = AddictionListViewController.swift; sourceTree = "<group>"; };
		581DC5E01C8B3CE1006DE551 /* AddictionTableViewCell.swift */ = {isa = PBXFileReference; fileEncoding = 4; lastKnownFileType = sourcecode.swift; path = AddictionTableViewCell.swift; sourceTree = "<group>"; };
		581DC5E61C8B73D3006DE551 /* UserDefaults.swift */ = {isa = PBXFileReference; fileEncoding = 4; lastKnownFileType = sourcecode.swift; path = UserDefaults.swift; sourceTree = "<group>"; };
		58548BBC1C8BA33800C7C940 /* LocalAuthentication.framework */ = {isa = PBXFileReference; lastKnownFileType = wrapper.framework; name = LocalAuthentication.framework; path = System/Library/Frameworks/LocalAuthentication.framework; sourceTree = SDKROOT; };
		58548BBE1C8BA8D900C7C940 /* HidingViewController.swift */ = {isa = PBXFileReference; fileEncoding = 4; lastKnownFileType = sourcecode.swift; path = HidingViewController.swift; sourceTree = "<group>"; };
		58548BC81C8BBBCF00C7C940 /* RecordCircleTypeView.swift */ = {isa = PBXFileReference; fileEncoding = 4; lastKnownFileType = sourcecode.swift; path = RecordCircleTypeView.swift; sourceTree = "<group>"; };
		58548BD51C8BE18100C7C940 /* AddRecordViewController.swift */ = {isa = PBXFileReference; fileEncoding = 4; lastKnownFileType = sourcecode.swift; path = AddRecordViewController.swift; sourceTree = "<group>"; };
		58548BD81C8BE18100C7C940 /* NewDateTableViewCell.swift */ = {isa = PBXFileReference; fileEncoding = 4; lastKnownFileType = sourcecode.swift; path = NewDateTableViewCell.swift; sourceTree = "<group>"; };
		58548BD91C8BE18100C7C940 /* NewIntensityTableViewCell.swift */ = {isa = PBXFileReference; fileEncoding = 4; lastKnownFileType = sourcecode.swift; path = NewIntensityTableViewCell.swift; sourceTree = "<group>"; };
		58548BDA1C8BE18100C7C940 /* NewPlaceTableViewCell.swift */ = {isa = PBXFileReference; fileEncoding = 4; lastKnownFileType = sourcecode.swift; path = NewPlaceTableViewCell.swift; sourceTree = "<group>"; };
		58548BDB1C8BE18100C7C940 /* NewTextTableViewCell.swift */ = {isa = PBXFileReference; fileEncoding = 4; lastKnownFileType = sourcecode.swift; path = NewTextTableViewCell.swift; sourceTree = "<group>"; };
		58548BE81C8BE1E400C7C940 /* SearchAdditionViewController.swift */ = {isa = PBXFileReference; fileEncoding = 4; lastKnownFileType = sourcecode.swift; path = SearchAdditionViewController.swift; sourceTree = "<group>"; };
		589065D01C7A3F2F00F7F6DC /* Dependn.app */ = {isa = PBXFileReference; explicitFileType = wrapper.application; includeInIndex = 0; path = Dependn.app; sourceTree = BUILT_PRODUCTS_DIR; };
		58DC7A0A1C8C57A5007F9F5D /* AddRecordTextViewController.swift */ = {isa = PBXFileReference; fileEncoding = 4; lastKnownFileType = sourcecode.swift; path = AddRecordTextViewController.swift; sourceTree = "<group>"; };
		58DC7A0C1C8CD873007F9F5D /* NewAddictionTableViewCell.swift */ = {isa = PBXFileReference; fileEncoding = 4; lastKnownFileType = sourcecode.swift; path = NewAddictionTableViewCell.swift; sourceTree = "<group>"; };
		58DC7A0E1C8CEB92007F9F5D /* RecordDetailViewController.swift */ = {isa = PBXFileReference; fileEncoding = 4; lastKnownFileType = sourcecode.swift; name = RecordDetailViewController.swift; path = Dependn/Controllers/History/Record/RecordDetailViewController.swift; sourceTree = SOURCE_ROOT; };
		58DF629E1C83BDEE0035F608 /* AppDelegate.swift */ = {isa = PBXFileReference; fileEncoding = 4; lastKnownFileType = sourcecode.swift; path = AppDelegate.swift; sourceTree = "<group>"; };
		58DF629F1C83BDEE0035F608 /* Assets.xcassets */ = {isa = PBXFileReference; lastKnownFileType = folder.assetcatalog; path = Assets.xcassets; sourceTree = "<group>"; };
		58DF62A11C83BDEE0035F608 /* Base */ = {isa = PBXFileReference; lastKnownFileType = file.storyboard; name = Base; path = Base.lproj/LaunchScreen.storyboard; sourceTree = "<group>"; };
		58DF62A31C83BDEE0035F608 /* Base */ = {isa = PBXFileReference; lastKnownFileType = file.storyboard; name = Base; path = Base.lproj/Main.storyboard; sourceTree = "<group>"; };
		58DF62A61C83BDEE0035F608 /* HistoryTableViewCell.swift */ = {isa = PBXFileReference; fileEncoding = 4; lastKnownFileType = sourcecode.swift; path = HistoryTableViewCell.swift; sourceTree = "<group>"; };
		58DF62A71C83BDEE0035F608 /* HistoryViewController.swift */ = {isa = PBXFileReference; fileEncoding = 4; lastKnownFileType = sourcecode.swift; path = HistoryViewController.swift; sourceTree = "<group>"; };
		58DF62AB1C83BDEE0035F608 /* StatsCell.swift */ = {isa = PBXFileReference; fileEncoding = 4; lastKnownFileType = sourcecode.swift; path = StatsCell.swift; sourceTree = "<group>"; };
		58DF62AC1C83BDEE0035F608 /* StatsViewController.swift */ = {isa = PBXFileReference; fileEncoding = 4; lastKnownFileType = sourcecode.swift; path = StatsViewController.swift; sourceTree = "<group>"; };
		58DF62AE1C83BDEE0035F608 /* fr */ = {isa = PBXFileReference; lastKnownFileType = text.plist.strings; name = fr; path = fr.lproj/InfoPlist.strings; sourceTree = "<group>"; };
		58DF62B01C83BDEE0035F608 /* fr */ = {isa = PBXFileReference; lastKnownFileType = text.plist.strings; name = fr; path = fr.lproj/Localizable.strings; sourceTree = "<group>"; };
		58DF62B11C83BDEE0035F608 /* Info.plist */ = {isa = PBXFileReference; fileEncoding = 4; lastKnownFileType = text.plist.xml; path = Info.plist; sourceTree = "<group>"; };
		58DF62B31C83BDEE0035F608 /* CoreDataStack.swift */ = {isa = PBXFileReference; fileEncoding = 4; lastKnownFileType = sourcecode.swift; path = CoreDataStack.swift; sourceTree = "<group>"; };
		58DF62B51C83BDEE0035F608 /* AverageIntensityOperation.swift */ = {isa = PBXFileReference; fileEncoding = 4; lastKnownFileType = sourcecode.swift; path = AverageIntensityOperation.swift; sourceTree = "<group>"; };
		58DF62B61C83BDEE0035F608 /* AveragePerDayOperation.swift */ = {isa = PBXFileReference; fileEncoding = 4; lastKnownFileType = sourcecode.swift; path = AveragePerDayOperation.swift; sourceTree = "<group>"; };
		58DF62B71C83BDEE0035F608 /* AverageTimeInBetweenTwoTakesOperation.swift */ = {isa = PBXFileReference; fileEncoding = 4; lastKnownFileType = sourcecode.swift; path = AverageTimeInBetweenTwoTakesOperation.swift; sourceTree = "<group>"; };
		58DF62B81C83BDEE0035F608 /* CountOperation.swift */ = {isa = PBXFileReference; fileEncoding = 4; lastKnownFileType = sourcecode.swift; path = CountOperation.swift; sourceTree = "<group>"; };
		58DF62B91C83BDEE0035F608 /* ExportOperation.swift */ = {isa = PBXFileReference; fileEncoding = 4; lastKnownFileType = sourcecode.swift; path = ExportOperation.swift; sourceTree = "<group>"; };
		58DF62BA1C83BDEE0035F608 /* NearestSmokeOperation.swift */ = {isa = PBXFileReference; fileEncoding = 4; lastKnownFileType = sourcecode.swift; path = NearestSmokeOperation.swift; sourceTree = "<group>"; };
		58DF62BC1C83BDEE0035F608 /* Record+Repository.swift */ = {isa = PBXFileReference; fileEncoding = 4; lastKnownFileType = sourcecode.swift; path = "Record+Repository.swift"; sourceTree = "<group>"; };
		58DF62BE1C83BDEE0035F608 /* Record.swift */ = {isa = PBXFileReference; fileEncoding = 4; lastKnownFileType = sourcecode.swift; path = Record.swift; sourceTree = "<group>"; };
		58DF62C01C83BDEE0035F608 /* Dependn.xcdatamodel */ = {isa = PBXFileReference; lastKnownFileType = wrapper.xcdatamodel; path = Dependn.xcdatamodel; sourceTree = "<group>"; };
		58DF62C11C83BDEE0035F608 /* StyleSheet.swift */ = {isa = PBXFileReference; fileEncoding = 4; lastKnownFileType = sourcecode.swift; path = StyleSheet.swift; sourceTree = "<group>"; };
		C09CD8CFDAFA6B00C5114286 /* Pods-Dependn.release.xcconfig */ = {isa = PBXFileReference; includeInIndex = 1; lastKnownFileType = text.xcconfig; name = "Pods-Dependn.release.xcconfig"; path = "Pods/Target Support Files/Pods-Dependn/Pods-Dependn.release.xcconfig"; sourceTree = "<group>"; };
		DAE1FEA29CFCF5CB9F1B7A41 /* Pods_Dependn.framework */ = {isa = PBXFileReference; explicitFileType = wrapper.framework; includeInIndex = 0; path = Pods_Dependn.framework; sourceTree = BUILT_PRODUCTS_DIR; };
		E66218247728D8F7859EFFDF /* Pods-Dependn.debug.xcconfig */ = {isa = PBXFileReference; includeInIndex = 1; lastKnownFileType = text.xcconfig; name = "Pods-Dependn.debug.xcconfig"; path = "Pods/Target Support Files/Pods-Dependn/Pods-Dependn.debug.xcconfig"; sourceTree = "<group>"; };
/* End PBXFileReference section */

/* Begin PBXFrameworksBuildPhase section */
		589065CD1C7A3F2F00F7F6DC /* Frameworks */ = {
			isa = PBXFrameworksBuildPhase;
			buildActionMask = 2147483647;
			files = (
				58548BBD1C8BA33800C7C940 /* LocalAuthentication.framework in Frameworks */,
				FE13DF52A68AA47D8184F97D /* Pods_Dependn.framework in Frameworks */,
			);
			runOnlyForDeploymentPostprocessing = 0;
		};
/* End PBXFrameworksBuildPhase section */

/* Begin PBXGroup section */
		3CB90D88DB523D4AC4BA388F /* Pods */ = {
			isa = PBXGroup;
			children = (
				E66218247728D8F7859EFFDF /* Pods-Dependn.debug.xcconfig */,
				C09CD8CFDAFA6B00C5114286 /* Pods-Dependn.release.xcconfig */,
			);
			name = Pods;
			sourceTree = "<group>";
		};
		581DC5D51C8B2EE2006DE551 /* CoreData */ = {
			isa = PBXGroup;
			children = (
				581DC5CF1C8B2ED0006DE551 /* Addiction+CoreDataProperties.swift */,
				581DC5D11C8B2ED0006DE551 /* Record+CoreDataProperties.swift */,
			);
			path = CoreData;
			sourceTree = "<group>";
		};
		581DC5D81C8B37E5006DE551 /* Settings */ = {
			isa = PBXGroup;
			children = (
				581DC5D91C8B37F4006DE551 /* SettingsViewController.swift */,
				581DC5DB1C8B38AD006DE551 /* SettingsTableViewCell.swift */,
			);
			path = Settings;
			sourceTree = "<group>";
		};
		581DC5DD1C8B3C41006DE551 /* Addiction */ = {
			isa = PBXGroup;
			children = (
				581DC5DE1C8B3C5D006DE551 /* AddictionListViewController.swift */,
				581DC5E01C8B3CE1006DE551 /* AddictionTableViewCell.swift */,
				58DC7A0C1C8CD873007F9F5D /* NewAddictionTableViewCell.swift */,
			);
			path = Addiction;
			sourceTree = "<group>";
		};
		58548BB91C8B9A6000C7C940 /* Passcode */ = {
			isa = PBXGroup;
			children = (
				58548BBE1C8BA8D900C7C940 /* HidingViewController.swift */,
			);
			path = Passcode;
			sourceTree = "<group>";
		};
		58548BC71C8BBBB300C7C940 /* Common */ = {
			isa = PBXGroup;
			children = (
				58548BC81C8BBBCF00C7C940 /* RecordCircleTypeView.swift */,
			);
			path = Common;
			sourceTree = "<group>";
		};
		58548BD41C8BE18100C7C940 /* Record */ = {
			isa = PBXGroup;
			children = (
				58548BD51C8BE18100C7C940 /* AddRecordViewController.swift */,
				58DC7A0A1C8C57A5007F9F5D /* AddRecordTextViewController.swift */,
				58DC7A0E1C8CEB92007F9F5D /* RecordDetailViewController.swift */,
				58548BD61C8BE18100C7C940 /* Cells */,
			);
			path = Record;
			sourceTree = "<group>";
		};
		58548BD61C8BE18100C7C940 /* Cells */ = {
			isa = PBXGroup;
			children = (
				58548BD81C8BE18100C7C940 /* NewDateTableViewCell.swift */,
				58548BD91C8BE18100C7C940 /* NewIntensityTableViewCell.swift */,
				58548BDA1C8BE18100C7C940 /* NewPlaceTableViewCell.swift */,
				58548BDB1C8BE18100C7C940 /* NewTextTableViewCell.swift */,
			);
			path = Cells;
			sourceTree = "<group>";
		};
		58548BE71C8BE1E400C7C940 /* Search */ = {
			isa = PBXGroup;
			children = (
				58548BE81C8BE1E400C7C940 /* SearchAdditionViewController.swift */,
			);
			path = Search;
			sourceTree = "<group>";
		};
		589065C71C7A3F2F00F7F6DC = {
			isa = PBXGroup;
			children = (
				58DF629D1C83BDEE0035F608 /* Dependn */,
				589065D11C7A3F2F00F7F6DC /* Products */,
				66DCDB919917457AB34E771F /* Frameworks */,
				3CB90D88DB523D4AC4BA388F /* Pods */,
			);
			sourceTree = "<group>";
		};
		589065D11C7A3F2F00F7F6DC /* Products */ = {
			isa = PBXGroup;
			children = (
				589065D01C7A3F2F00F7F6DC /* Dependn.app */,
			);
			name = Products;
			sourceTree = "<group>";
		};
		58DF629D1C83BDEE0035F608 /* Dependn */ = {
			isa = PBXGroup;
			children = (
				58DF629E1C83BDEE0035F608 /* AppDelegate.swift */,
				58DF62C11C83BDEE0035F608 /* StyleSheet.swift */,
				58DF629F1C83BDEE0035F608 /* Assets.xcassets */,
				58DF62A01C83BDEE0035F608 /* LaunchScreen.storyboard */,
				58DF62A21C83BDEE0035F608 /* Main.storyboard */,
				58DF62B21C83BDEE0035F608 /* Models */,
				58DF62A41C83BDEE0035F608 /* Controllers */,
				58DF62AD1C83BDEE0035F608 /* InfoPlist.strings */,
				58DF62AF1C83BDEE0035F608 /* Localizable.strings */,
				58DF62B11C83BDEE0035F608 /* Info.plist */,
				58DF62BF1C83BDEE0035F608 /* Dependn.xcdatamodeld */,
			);
			path = Dependn;
			sourceTree = "<group>";
		};
		58DF62A41C83BDEE0035F608 /* Controllers */ = {
			isa = PBXGroup;
			children = (
				58548BE71C8BE1E400C7C940 /* Search */,
				58548BD41C8BE18100C7C940 /* Record */,
				58548BC71C8BBBB300C7C940 /* Common */,
				58DF62A51C83BDEE0035F608 /* History */,
				58DF62AA1C83BDEE0035F608 /* Stats */,
				581DC5D81C8B37E5006DE551 /* Settings */,
				581DC5DD1C8B3C41006DE551 /* Addiction */,
				58548BB91C8B9A6000C7C940 /* Passcode */,
			);
			path = Controllers;
			sourceTree = "<group>";
		};
		58DF62A51C83BDEE0035F608 /* History */ = {
			isa = PBXGroup;
			children = (
				58DF62A71C83BDEE0035F608 /* HistoryViewController.swift */,
				58DF62A61C83BDEE0035F608 /* HistoryTableViewCell.swift */,
			);
			path = History;
			sourceTree = "<group>";
		};
		58DF62AA1C83BDEE0035F608 /* Stats */ = {
			isa = PBXGroup;
			children = (
				58DF62AB1C83BDEE0035F608 /* StatsCell.swift */,
				58DF62AC1C83BDEE0035F608 /* StatsViewController.swift */,
			);
			path = Stats;
			sourceTree = "<group>";
		};
		58DF62B21C83BDEE0035F608 /* Models */ = {
			isa = PBXGroup;
			children = (
				58DF62B31C83BDEE0035F608 /* CoreDataStack.swift */,
				58DF62BE1C83BDEE0035F608 /* Record.swift */,
				581DC5D01C8B2ED0006DE551 /* Addiction.swift */,
				581DC5D51C8B2EE2006DE551 /* CoreData */,
				58DF62BB1C83BDEE0035F608 /* Repositories */,
				58DF62B41C83BDEE0035F608 /* Operations */,
				581DC5E61C8B73D3006DE551 /* UserDefaults.swift */,
			);
			path = Models;
			sourceTree = "<group>";
		};
		58DF62B41C83BDEE0035F608 /* Operations */ = {
			isa = PBXGroup;
			children = (
				58DF62B51C83BDEE0035F608 /* AverageIntensityOperation.swift */,
				58DF62B61C83BDEE0035F608 /* AveragePerDayOperation.swift */,
				58DF62B71C83BDEE0035F608 /* AverageTimeInBetweenTwoTakesOperation.swift */,
				58DF62B81C83BDEE0035F608 /* CountOperation.swift */,
				58DF62B91C83BDEE0035F608 /* ExportOperation.swift */,
				58DF62BA1C83BDEE0035F608 /* NearestSmokeOperation.swift */,
			);
			path = Operations;
			sourceTree = "<group>";
		};
		58DF62BB1C83BDEE0035F608 /* Repositories */ = {
			isa = PBXGroup;
			children = (
				58DF62BC1C83BDEE0035F608 /* Record+Repository.swift */,
				581DC5D61C8B3172006DE551 /* Addiction+Repository.swift */,
			);
			path = Repositories;
			sourceTree = "<group>";
		};
		66DCDB919917457AB34E771F /* Frameworks */ = {
			isa = PBXGroup;
			children = (
				58548BBC1C8BA33800C7C940 /* LocalAuthentication.framework */,
				1B3495A2BA0FC80954921D93 /* Pods.framework */,
				DAE1FEA29CFCF5CB9F1B7A41 /* Pods_Dependn.framework */,
			);
			name = Frameworks;
			sourceTree = "<group>";
		};
/* End PBXGroup section */

/* Begin PBXNativeTarget section */
		589065CF1C7A3F2F00F7F6DC /* Dependn */ = {
			isa = PBXNativeTarget;
			buildConfigurationList = 589065FB1C7A3F2F00F7F6DC /* Build configuration list for PBXNativeTarget "Dependn" */;
			buildPhases = (
				78D910DF7A014E8B954AE046 /* Check Pods Manifest.lock */,
				58BF267F1C83C06300263313 /* Update Build Number 1 */,
				589065CC1C7A3F2F00F7F6DC /* Sources */,
				589065CD1C7A3F2F00F7F6DC /* Frameworks */,
				589065CE1C7A3F2F00F7F6DC /* Resources */,
				5890660A1C7A489800F7F6DC /* Embed Frameworks */,
				5890660E1C7A48B700F7F6DC /* CopyFiles */,
				5888DC7B1C7B217600E01A32 /* Fabric */,
				58BF26801C83C0B400263313 /* Update Build Number 2 */,
				02752BF4BCE3D4F09066974D /* Embed Pods Frameworks */,
				CBD50F783DA64145D4A06428 /* Copy Pods Resources */,
			);
			buildRules = (
			);
			dependencies = (
			);
			name = Dependn;
			productName = SmokeReporter;
			productReference = 589065D01C7A3F2F00F7F6DC /* Dependn.app */;
			productType = "com.apple.product-type.application";
		};
/* End PBXNativeTarget section */

/* Begin PBXProject section */
		589065C81C7A3F2F00F7F6DC /* Project object */ = {
			isa = PBXProject;
			attributes = {
				LastSwiftUpdateCheck = 0720;
				LastUpgradeCheck = 0720;
				ORGANIZATIONNAME = "David Miotti";
				TargetAttributes = {
					589065CF1C7A3F2F00F7F6DC = {
						CreatedOnToolsVersion = 7.2.1;
						DevelopmentTeam = 659B2N7HE9;
					};
				};
			};
			buildConfigurationList = 589065CB1C7A3F2F00F7F6DC /* Build configuration list for PBXProject "Dependn" */;
			compatibilityVersion = "Xcode 3.2";
			developmentRegion = English;
			hasScannedForEncodings = 0;
			knownRegions = (
				fr,
				Base,
			);
			mainGroup = 589065C71C7A3F2F00F7F6DC;
			productRefGroup = 589065D11C7A3F2F00F7F6DC /* Products */;
			projectDirPath = "";
			projectRoot = "";
			targets = (
				589065CF1C7A3F2F00F7F6DC /* Dependn */,
			);
		};
/* End PBXProject section */

/* Begin PBXResourcesBuildPhase section */
		589065CE1C7A3F2F00F7F6DC /* Resources */ = {
			isa = PBXResourcesBuildPhase;
			buildActionMask = 2147483647;
			files = (
				58DF62CC1C83BDEE0035F608 /* Localizable.strings in Resources */,
				58DF62C51C83BDEE0035F608 /* Main.storyboard in Resources */,
				58DF62CB1C83BDEE0035F608 /* InfoPlist.strings in Resources */,
				58DF62C31C83BDEE0035F608 /* Assets.xcassets in Resources */,
				58DF62C41C83BDEE0035F608 /* LaunchScreen.storyboard in Resources */,
			);
			runOnlyForDeploymentPostprocessing = 0;
		};
/* End PBXResourcesBuildPhase section */

/* Begin PBXShellScriptBuildPhase section */
		02752BF4BCE3D4F09066974D /* Embed Pods Frameworks */ = {
			isa = PBXShellScriptBuildPhase;
			buildActionMask = 2147483647;
			files = (
			);
			inputPaths = (
			);
			name = "Embed Pods Frameworks";
			outputPaths = (
			);
			runOnlyForDeploymentPostprocessing = 0;
			shellPath = /bin/sh;
			shellScript = "\"${SRCROOT}/Pods/Target Support Files/Pods-Dependn/Pods-Dependn-frameworks.sh\"\n";
			showEnvVarsInLog = 0;
		};
		5888DC7B1C7B217600E01A32 /* Fabric */ = {
			isa = PBXShellScriptBuildPhase;
			buildActionMask = 2147483647;
			files = (
			);
			inputPaths = (
			);
			name = Fabric;
			outputPaths = (
			);
			runOnlyForDeploymentPostprocessing = 0;
			shellPath = /bin/sh;
			shellScript = "./Fabric.framework/run 1eae28d1e74276b776784b2e624fcafbe8be63d5 ba6ddef5d9aedbe90726d134beae9003786035d9528c15c59a784d82adc87e47";
		};
		58BF267F1C83C06300263313 /* Update Build Number 1 */ = {
			isa = PBXShellScriptBuildPhase;
			buildActionMask = 2147483647;
			files = (
			);
			inputPaths = (
			);
			name = "Update Build Number 1";
			outputPaths = (
			);
			runOnlyForDeploymentPostprocessing = 0;
			shellPath = /bin/sh;
			shellScript = "# Set the build number to the count of Git commits\nbuildNumber=$(git rev-list --count HEAD)\n/usr/libexec/PlistBuddy -c \"Set :CFBundleVersion $buildNumber\" \"${PROJECT_DIR}/${INFOPLIST_FILE}\"";
		};
		58BF26801C83C0B400263313 /* Update Build Number 2 */ = {
			isa = PBXShellScriptBuildPhase;
			buildActionMask = 2147483647;
			files = (
			);
			inputPaths = (
			);
			name = "Update Build Number 2";
			outputPaths = (
			);
			runOnlyForDeploymentPostprocessing = 0;
			shellPath = /bin/sh;
			shellScript = "# Set the build number to \"DEVELOPMENT\"\n/usr/libexec/PlistBuddy -c \"Set :CFBundleVersion DEVELOPMENT\" \"${PROJECT_DIR}/${INFOPLIST_FILE}\"";
		};
		78D910DF7A014E8B954AE046 /* Check Pods Manifest.lock */ = {
			isa = PBXShellScriptBuildPhase;
			buildActionMask = 2147483647;
			files = (
			);
			inputPaths = (
			);
			name = "Check Pods Manifest.lock";
			outputPaths = (
			);
			runOnlyForDeploymentPostprocessing = 0;
			shellPath = /bin/sh;
			shellScript = "diff \"${PODS_ROOT}/../Podfile.lock\" \"${PODS_ROOT}/Manifest.lock\" > /dev/null\nif [[ $? != 0 ]] ; then\n    cat << EOM\nerror: The sandbox is not in sync with the Podfile.lock. Run 'pod install' or update your CocoaPods installation.\nEOM\n    exit 1\nfi\n";
			showEnvVarsInLog = 0;
		};
		CBD50F783DA64145D4A06428 /* Copy Pods Resources */ = {
			isa = PBXShellScriptBuildPhase;
			buildActionMask = 2147483647;
			files = (
			);
			inputPaths = (
			);
			name = "Copy Pods Resources";
			outputPaths = (
			);
			runOnlyForDeploymentPostprocessing = 0;
			shellPath = /bin/sh;
			shellScript = "\"${SRCROOT}/Pods/Target Support Files/Pods-Dependn/Pods-Dependn-resources.sh\"\n";
			showEnvVarsInLog = 0;
		};
/* End PBXShellScriptBuildPhase section */

/* Begin PBXSourcesBuildPhase section */
		589065CC1C7A3F2F00F7F6DC /* Sources */ = {
			isa = PBXSourcesBuildPhase;
			buildActionMask = 2147483647;
			files = (
				58DC7A0F1C8CEB92007F9F5D /* RecordDetailViewController.swift in Sources */,
				581DC5D41C8B2ED0006DE551 /* Record+CoreDataProperties.swift in Sources */,
				58548BC91C8BBBCF00C7C940 /* RecordCircleTypeView.swift in Sources */,
				581DC5D31C8B2ED0006DE551 /* Addiction.swift in Sources */,
				58548BE01C8BE18100C7C940 /* NewDateTableViewCell.swift in Sources */,
				58858ADD1C84520100E8A794 /* Dependn.xcdatamodeld in Sources */,
				581DC5E71C8B73D3006DE551 /* UserDefaults.swift in Sources */,
				58DF62CE1C83BDEE0035F608 /* CoreDataStack.swift in Sources */,
				58548BE21C8BE18100C7C940 /* NewPlaceTableViewCell.swift in Sources */,
				581DC5D71C8B3172006DE551 /* Addiction+Repository.swift in Sources */,
				58DF62C71C83BDEE0035F608 /* HistoryViewController.swift in Sources */,
				58DF62D21C83BDEE0035F608 /* CountOperation.swift in Sources */,
				58DF62D11C83BDEE0035F608 /* AverageTimeInBetweenTwoTakesOperation.swift in Sources */,
				58DF62C61C83BDEE0035F608 /* HistoryTableViewCell.swift in Sources */,
				58548BBF1C8BA8D900C7C940 /* HidingViewController.swift in Sources */,
				581DC5DF1C8B3C5D006DE551 /* AddictionListViewController.swift in Sources */,
				58DF62D71C83BDEE0035F608 /* Record.swift in Sources */,
				58DF62C21C83BDEE0035F608 /* AppDelegate.swift in Sources */,
				58DF62D51C83BDEE0035F608 /* Record+Repository.swift in Sources */,
				581DC5DA1C8B37F4006DE551 /* SettingsViewController.swift in Sources */,
				58DF62D31C83BDEE0035F608 /* ExportOperation.swift in Sources */,
				58548BE11C8BE18100C7C940 /* NewIntensityTableViewCell.swift in Sources */,
				581DC5D21C8B2ED0006DE551 /* Addiction+CoreDataProperties.swift in Sources */,
				58548BE91C8BE1E400C7C940 /* SearchAdditionViewController.swift in Sources */,
				58DF62D91C83BDEE0035F608 /* StyleSheet.swift in Sources */,
				58DF62CF1C83BDEE0035F608 /* AverageIntensityOperation.swift in Sources */,
				58548BE31C8BE18100C7C940 /* NewTextTableViewCell.swift in Sources */,
				58DF62D01C83BDEE0035F608 /* AveragePerDayOperation.swift in Sources */,
				581DC5E11C8B3CE1006DE551 /* AddictionTableViewCell.swift in Sources */,
				58548BDE1C8BE18100C7C940 /* AddRecordViewController.swift in Sources */,
				58DC7A0D1C8CD873007F9F5D /* NewAddictionTableViewCell.swift in Sources */,
				58DC7A0B1C8C57A5007F9F5D /* AddRecordTextViewController.swift in Sources */,
				58DF62D41C83BDEE0035F608 /* NearestSmokeOperation.swift in Sources */,
				581DC5DC1C8B38AD006DE551 /* SettingsTableViewCell.swift in Sources */,
				58DF62CA1C83BDEE0035F608 /* StatsViewController.swift in Sources */,
				58DF62C91C83BDEE0035F608 /* StatsCell.swift in Sources */,
			);
			runOnlyForDeploymentPostprocessing = 0;
		};
/* End PBXSourcesBuildPhase section */

/* Begin PBXVariantGroup section */
		58DF62A01C83BDEE0035F608 /* LaunchScreen.storyboard */ = {
			isa = PBXVariantGroup;
			children = (
				58DF62A11C83BDEE0035F608 /* Base */,
			);
			name = LaunchScreen.storyboard;
			sourceTree = "<group>";
		};
		58DF62A21C83BDEE0035F608 /* Main.storyboard */ = {
			isa = PBXVariantGroup;
			children = (
				58DF62A31C83BDEE0035F608 /* Base */,
			);
			name = Main.storyboard;
			sourceTree = "<group>";
		};
		58DF62AD1C83BDEE0035F608 /* InfoPlist.strings */ = {
			isa = PBXVariantGroup;
			children = (
				58DF62AE1C83BDEE0035F608 /* fr */,
			);
			name = InfoPlist.strings;
			sourceTree = "<group>";
		};
		58DF62AF1C83BDEE0035F608 /* Localizable.strings */ = {
			isa = PBXVariantGroup;
			children = (
				58DF62B01C83BDEE0035F608 /* fr */,
			);
			name = Localizable.strings;
			sourceTree = "<group>";
		};
/* End PBXVariantGroup section */

/* Begin XCBuildConfiguration section */
		589065F91C7A3F2F00F7F6DC /* Debug */ = {
			isa = XCBuildConfiguration;
			buildSettings = {
				ALWAYS_SEARCH_USER_PATHS = NO;
				CLANG_CXX_LANGUAGE_STANDARD = "gnu++0x";
				CLANG_CXX_LIBRARY = "libc++";
				CLANG_ENABLE_MODULES = YES;
				CLANG_ENABLE_OBJC_ARC = YES;
				CLANG_WARN_BOOL_CONVERSION = YES;
				CLANG_WARN_CONSTANT_CONVERSION = YES;
				CLANG_WARN_DIRECT_OBJC_ISA_USAGE = YES_ERROR;
				CLANG_WARN_EMPTY_BODY = YES;
				CLANG_WARN_ENUM_CONVERSION = YES;
				CLANG_WARN_INT_CONVERSION = YES;
				CLANG_WARN_OBJC_ROOT_CLASS = YES_ERROR;
				CLANG_WARN_UNREACHABLE_CODE = YES;
				CLANG_WARN__DUPLICATE_METHOD_MATCH = YES;
				"CODE_SIGN_IDENTITY[sdk=iphoneos*]" = "iPhone Developer";
				COPY_PHASE_STRIP = NO;
				ENABLE_STRICT_OBJC_MSGSEND = YES;
				ENABLE_TESTABILITY = YES;
				GCC_C_LANGUAGE_STANDARD = gnu99;
				GCC_DYNAMIC_NO_PIC = NO;
				GCC_NO_COMMON_BLOCKS = YES;
				GCC_OPTIMIZATION_LEVEL = 0;
				GCC_PREPROCESSOR_DEFINITIONS = (
					"DEBUG=1",
					"$(inherited)",
				);
				GCC_WARN_64_TO_32_BIT_CONVERSION = YES;
				GCC_WARN_ABOUT_RETURN_TYPE = YES_ERROR;
				GCC_WARN_UNDECLARED_SELECTOR = YES;
				GCC_WARN_UNINITIALIZED_AUTOS = YES_AGGRESSIVE;
				GCC_WARN_UNUSED_FUNCTION = YES;
				GCC_WARN_UNUSED_VARIABLE = YES;
				IPHONEOS_DEPLOYMENT_TARGET = 9.0;
				MTL_ENABLE_DEBUG_INFO = YES;
				ONLY_ACTIVE_ARCH = YES;
				SDKROOT = iphoneos;
				SWIFT_OPTIMIZATION_LEVEL = "-Onone";
				TARGETED_DEVICE_FAMILY = "1,2";
			};
			name = Debug;
		};
		589065FA1C7A3F2F00F7F6DC /* Release */ = {
			isa = XCBuildConfiguration;
			buildSettings = {
				ALWAYS_SEARCH_USER_PATHS = NO;
				CLANG_CXX_LANGUAGE_STANDARD = "gnu++0x";
				CLANG_CXX_LIBRARY = "libc++";
				CLANG_ENABLE_MODULES = YES;
				CLANG_ENABLE_OBJC_ARC = YES;
				CLANG_WARN_BOOL_CONVERSION = YES;
				CLANG_WARN_CONSTANT_CONVERSION = YES;
				CLANG_WARN_DIRECT_OBJC_ISA_USAGE = YES_ERROR;
				CLANG_WARN_EMPTY_BODY = YES;
				CLANG_WARN_ENUM_CONVERSION = YES;
				CLANG_WARN_INT_CONVERSION = YES;
				CLANG_WARN_OBJC_ROOT_CLASS = YES_ERROR;
				CLANG_WARN_UNREACHABLE_CODE = YES;
				CLANG_WARN__DUPLICATE_METHOD_MATCH = YES;
				"CODE_SIGN_IDENTITY[sdk=iphoneos*]" = "iPhone Developer";
				COPY_PHASE_STRIP = NO;
				ENABLE_NS_ASSERTIONS = NO;
				ENABLE_STRICT_OBJC_MSGSEND = YES;
				GCC_C_LANGUAGE_STANDARD = gnu99;
				GCC_NO_COMMON_BLOCKS = YES;
				GCC_WARN_64_TO_32_BIT_CONVERSION = YES;
				GCC_WARN_ABOUT_RETURN_TYPE = YES_ERROR;
				GCC_WARN_UNDECLARED_SELECTOR = YES;
				GCC_WARN_UNINITIALIZED_AUTOS = YES_AGGRESSIVE;
				GCC_WARN_UNUSED_FUNCTION = YES;
				GCC_WARN_UNUSED_VARIABLE = YES;
				IPHONEOS_DEPLOYMENT_TARGET = 9.0;
				MTL_ENABLE_DEBUG_INFO = NO;
				SDKROOT = iphoneos;
				SWIFT_OPTIMIZATION_LEVEL = "-Owholemodule";
				TARGETED_DEVICE_FAMILY = "1,2";
				VALIDATE_PRODUCT = YES;
			};
			name = Release;
		};
		589065FC1C7A3F2F00F7F6DC /* Debug */ = {
			isa = XCBuildConfiguration;
			baseConfigurationReference = E66218247728D8F7859EFFDF /* Pods-Dependn.debug.xcconfig */;
			buildSettings = {
				ASSETCATALOG_COMPILER_APPICON_NAME = AppIcon;
				CODE_SIGN_IDENTITY = "iPhone Developer";
				FRAMEWORK_SEARCH_PATHS = (
					"$(inherited)",
					"$(PROJECT_DIR)",
				);
				INFOPLIST_FILE = Dependn/Info.plist;
				IPHONEOS_DEPLOYMENT_TARGET = 9.0;
				LD_RUNPATH_SEARCH_PATHS = "$(inherited) @executable_path/Frameworks";
				OTHER_LDFLAGS = "$(inherited)";
				PRODUCT_BUNDLE_IDENTIFIER = com.davidmiotti.smokereporter;
				PRODUCT_NAME = Dependn;
			};
			name = Debug;
		};
		589065FD1C7A3F2F00F7F6DC /* Release */ = {
			isa = XCBuildConfiguration;
			baseConfigurationReference = C09CD8CFDAFA6B00C5114286 /* Pods-Dependn.release.xcconfig */;
			buildSettings = {
				ASSETCATALOG_COMPILER_APPICON_NAME = AppIcon;
				CODE_SIGN_IDENTITY = "iPhone Developer";
				FRAMEWORK_SEARCH_PATHS = (
					"$(inherited)",
					"$(PROJECT_DIR)",
				);
				INFOPLIST_FILE = Dependn/Info.plist;
				IPHONEOS_DEPLOYMENT_TARGET = 9.0;
				LD_RUNPATH_SEARCH_PATHS = "$(inherited) @executable_path/Frameworks";
				OTHER_LDFLAGS = "$(inherited)";
				PRODUCT_BUNDLE_IDENTIFIER = com.davidmiotti.smokereporter;
				PRODUCT_NAME = Dependn;
			};
			name = Release;
		};
/* End XCBuildConfiguration section */

/* Begin XCConfigurationList section */
		589065CB1C7A3F2F00F7F6DC /* Build configuration list for PBXProject "Dependn" */ = {
			isa = XCConfigurationList;
			buildConfigurations = (
				589065F91C7A3F2F00F7F6DC /* Debug */,
				589065FA1C7A3F2F00F7F6DC /* Release */,
			);
			defaultConfigurationIsVisible = 0;
			defaultConfigurationName = Release;
		};
		589065FB1C7A3F2F00F7F6DC /* Build configuration list for PBXNativeTarget "Dependn" */ = {
			isa = XCConfigurationList;
			buildConfigurations = (
				589065FC1C7A3F2F00F7F6DC /* Debug */,
				589065FD1C7A3F2F00F7F6DC /* Release */,
			);
			defaultConfigurationIsVisible = 0;
			defaultConfigurationName = Release;
		};
/* End XCConfigurationList section */

/* Begin XCVersionGroup section */
		58DF62BF1C83BDEE0035F608 /* Dependn.xcdatamodeld */ = {
			isa = XCVersionGroup;
			children = (
				58DF62C01C83BDEE0035F608 /* Dependn.xcdatamodel */,
			);
			currentVersion = 58DF62C01C83BDEE0035F608 /* Dependn.xcdatamodel */;
			path = Dependn.xcdatamodeld;
			sourceTree = "<group>";
			versionGroupType = wrapper.xcdatamodel;
		};
/* End XCVersionGroup section */
	};
	rootObject = 589065C81C7A3F2F00F7F6DC /* Project object */;
}
